{
  "version": 4,
  "terraform_version": "1.3.2",
  "serial": 6,
  "lineage": "8264f8db-d38d-07f0-9582-c4121e02752e",
  "outputs": {
    "docker-vps-data": {
      "value": {
        "ip": "142.93.99.20",
        "machine_template": "s-4vcpu-8gb",
        "ssh_line": "ssh -l root 142.93.99.20",
        "volume_disk": 80,
        "vps_disk": 160
      },
      "type": [
        "object",
        {
          "ip": "string",
          "machine_template": "string",
          "ssh_line": "string",
          "volume_disk": "number",
          "vps_disk": "number"
        }
      ]
    }
  },
  "resources": [
    {
      "mode": "data",
      "type": "digitalocean_images",
      "name": "available",
      "provider": "provider[\"registry.terraform.io/digitalocean/digitalocean\"]",
      "instances": [
        {
          "schema_version": 0,
          "attributes": {
            "filter": [
              {
                "all": false,
                "key": "distribution",
                "match_by": "exact",
                "values": [
                  "Ubuntu"
                ]
              },
              {
                "all": false,
                "key": "regions",
                "match_by": "exact",
                "values": [
                  "fra1"
                ]
              }
            ],
            "id": "images/14522256858142132352",
            "images": [
              {
                "created": "2022-10-14T20:34:31Z",
                "description": "Ubuntu 22.04 (LTS) x64",
                "distribution": "Ubuntu",
                "error_message": "",
                "id": 118857366,
                "image": "118857366",
                "min_disk_size": 7,
                "name": "22.04 (LTS) x64",
                "private": false,
                "regions": [
                  "ams2",
                  "ams3",
                  "blr1",
                  "fra1",
                  "lon1",
                  "nyc1",
                  "nyc2",
                  "nyc3",
                  "sfo1",
                  "sfo2",
                  "sfo3",
                  "sgp1",
                  "syd1",
                  "tor1"
                ],
                "size_gigabytes": 0.69,
                "slug": "ubuntu-22-04-x64",
                "status": "available",
                "tags": [],
                "type": "snapshot"
              },
              {
                "created": "2022-10-12T03:52:32Z",
                "description": "OpenLiteSpeed Rails 7.0.4 on Ubuntu 22.04",
                "distribution": "Ubuntu",
                "error_message": "",
                "id": 118699135,
                "image": "118699135",
                "min_disk_size": 25,
                "name": "OpenLiteSpeed Rails 7.0.4 on Ubuntu 22.04",
                "private": false,
                "regions": [
                  "ams2",
                  "ams3",
                  "blr1",
                  "fra1",
                  "lon1",
                  "nyc1",
                  "nyc2",
                  "nyc3",
                  "sfo1",
                  "sfo2",
                  "sfo3",
                  "sgp1",
                  "syd1",
                  "tor1"
                ],
                "size_gigabytes": 2.89,
                "slug": "litespeedtechnol-openlitespeedrai-20-04",
                "status": "available",
                "tags": [],
                "type": "snapshot"
              },
              {
                "created": "2022-10-12T01:56:16Z",
                "description": "InvenTree 0.8.0 on Ubuntu 20.04",
                "distribution": "Ubuntu",
                "error_message": "",
                "id": 118690138,
                "image": "118690138",
                "min_disk_size": 25,
                "name": "InvenTree 0.8.0 on Ubuntu 20.04",
                "private": false,
                "regions": [
                  "ams2",
                  "ams3",
                  "blr1",
                  "fra1",
                  "lon1",
                  "nyc1",
                  "nyc2",
                  "nyc3",
                  "sfo1",
                  "sfo2",
                  "sfo3",
                  "sgp1",
                  "syd1",
                  "tor1"
                ],
                "size_gigabytes": 3.06,
                "slug": "mjmair-inventree",
                "status": "available",
                "tags": [],
                "type": "snapshot"
              },
              {
                "created": "2022-10-11T19:05:45Z",
                "description": "Sandfly Security 4.2.1 on Ubuntu 22.04",
                "distribution": "Ubuntu",
                "error_message": "",
                "id": 118657227,
                "image": "118657227",
                "min_disk_size": 50,
                "name": "Sandfly Security 4.2.1 on Ubuntu 22.04",
                "private": false,
                "regions": [
                  "ams2",
                  "ams3",
                  "blr1",
                  "fra1",
                  "lon1",
                  "nyc1",
                  "nyc2",
                  "nyc3",
                  "sfo1",
                  "sfo2",
                  "sfo3",
                  "sgp1",
                  "syd1",
                  "tor1"
                ],
                "size_gigabytes": 2.99,
                "slug": "sandflysecurity-20-04",
                "status": "available",
                "tags": [],
                "type": "snapshot"
              },
              {
                "created": "2022-10-11T10:19:26Z",
                "description": "Callaba Cloud Live Streaming 6.0 on Ubuntu 20.04 (LTS)",
                "distribution": "Ubuntu",
                "error_message": "",
                "id": 118649344,
                "image": "118649344",
                "min_disk_size": 60,
                "name": "Callaba Cloud Live Streaming 6.0 on Ubuntu 20.04 (LTS)",
                "private": false,
                "regions": [
                  "ams2",
                  "ams3",
                  "blr1",
                  "fra1",
                  "lon1",
                  "nyc1",
                  "nyc2",
                  "nyc3",
                  "sfo1",
                  "sfo2",
                  "sfo3",
                  "sgp1",
                  "syd1",
                  "tor1"
                ],
                "size_gigabytes": 10.66,
                "slug": "callabacloud-callabacloudlive",
                "status": "available",
                "tags": [],
                "type": "snapshot"
              },
              {
                "created": "2022-10-11T07:27:50Z",
                "description": "OpenLiteSpeed NodeJS 18.10.0 on Ubuntu 22.04",
                "distribution": "Ubuntu",
                "error_message": "",
                "id": 118645529,
                "image": "118645529",
                "min_disk_size": 25,
                "name": "OpenLiteSpeed NodeJS 18.10.0 on Ubuntu 22.04",
                "private": false,
                "regions": [
                  "ams2",
                  "ams3",
                  "blr1",
                  "fra1",
                  "lon1",
                  "nyc1",
                  "nyc2",
                  "nyc3",
                  "sfo1",
                  "sfo2",
                  "sfo3",
                  "sgp1",
                  "syd1",
                  "tor1"
                ],
                "size_gigabytes": 2.32,
                "slug": "litespeedtechnol-openlitespeednod-20-04",
                "status": "available",
                "tags": [],
                "type": "snapshot"
              },
              {
                "created": "2022-10-10T12:44:12Z",
                "description": "MeiliSearch 0.29.0 on Ubuntu 20.04 (LTS)",
                "distribution": "Ubuntu",
                "error_message": "",
                "id": 118584760,
                "image": "118584760",
                "min_disk_size": 60,
                "name": "MeiliSearch 0.29.0 on Ubuntu 20.04 (LTS)",
                "private": false,
                "regions": [
                  "ams2",
                  "ams3",
                  "blr1",
                  "fra1",
                  "lon1",
                  "nyc1",
                  "nyc2",
                  "nyc3",
                  "sfo1",
                  "sfo2",
                  "sfo3",
                  "sgp1",
                  "syd1",
                  "tor1"
                ],
                "size_gigabytes": 2.09,
                "slug": "meilisas-meilisearch-10",
                "status": "available",
                "tags": [],
                "type": "snapshot"
              },
              {
                "created": "2022-10-10T12:41:27Z",
                "description": "EmailEngine 2.26.9 on Ubuntu 20.04",
                "distribution": "Ubuntu",
                "error_message": "",
                "id": 118584710,
                "image": "118584710",
                "min_disk_size": 25,
                "name": "EmailEngine 2.26.9 on Ubuntu 20.04",
                "private": false,
                "regions": [
                  "ams2",
                  "ams3",
                  "blr1",
                  "fra1",
                  "lon1",
                  "nyc1",
                  "nyc2",
                  "nyc3",
                  "sfo1",
                  "sfo2",
                  "sfo3",
                  "sgp1",
                  "syd1",
                  "tor1"
                ],
                "size_gigabytes": 2.31,
                "slug": "postalsystemso-emailengine",
                "status": "available",
                "tags": [],
                "type": "snapshot"
              },
              {
                "created": "2022-10-04T12:51:43Z",
                "description": "Zulip 5.6 on Ubuntu 20.04",
                "distribution": "Ubuntu",
                "error_message": "",
                "id": 118189409,
                "image": "118189409",
                "min_disk_size": 50,
                "name": "Zulip 5.6 on Ubuntu 20.04",
                "private": false,
                "regions": [
                  "ams2",
                  "ams3",
                  "blr1",
                  "fra1",
                  "lon1",
                  "nyc1",
                  "nyc2",
                  "nyc3",
                  "sfo1",
                  "sfo2",
                  "sfo3",
                  "sgp1",
                  "syd1",
                  "tor1"
                ],
                "size_gigabytes": 4.48,
                "slug": "kandralabs-zulip-18-04",
                "status": "available",
                "tags": [],
                "type": "snapshot"
              },
              {
                "created": "2022-10-04T08:53:41Z",
                "description": "HollaEx Kit 2.4.2 on Ubuntu 20.04",
                "distribution": "Ubuntu",
                "error_message": "",
                "id": 118187697,
                "image": "118187697",
                "min_disk_size": 160,
                "name": "HollaEx Kit 2.4.2 on Ubuntu 20.04",
                "private": false,
                "regions": [
                  "ams2",
                  "ams3",
                  "blr1",
                  "fra1",
                  "lon1",
                  "nyc1",
                  "nyc2",
                  "nyc3",
                  "sfo1",
                  "sfo2",
                  "sfo3",
                  "sgp1",
                  "syd1",
                  "tor1"
                ],
                "size_gigabytes": 2.97,
                "slug": "hollaex-hollaexkit",
                "status": "available",
                "tags": [],
                "type": "snapshot"
              },
              {
                "created": "2022-10-03T07:57:06Z",
                "description": "ONLYOFFICE Workspace 22.09.738 on Ubuntu 20.04 LTS",
                "distribution": "Ubuntu",
                "error_message": "",
                "id": 118118318,
                "image": "118118318",
                "min_disk_size": 80,
                "name": "ONLYOFFICE Workspace 22.09.738 on Ubuntu 20.04 LTS",
                "private": false,
                "regions": [
                  "ams2",
                  "ams3",
                  "blr1",
                  "fra1",
                  "lon1",
                  "nyc1",
                  "nyc2",
                  "nyc3",
                  "sfo1",
                  "sfo2",
                  "sfo3",
                  "sgp1",
                  "syd1",
                  "tor1"
                ],
                "size_gigabytes": 18.87,
                "slug": "ascensiosystem-onlyoffice-18-04",
                "status": "available",
                "tags": [],
                "type": "snapshot"
              },
              {
                "created": "2022-10-02T08:17:54Z",
                "description": "OpenLiteSpeed Drupal 9.4.7 on Ubuntu 22.04",
                "distribution": "Ubuntu",
                "error_message": "",
                "id": 118054741,
                "image": "118054741",
                "min_disk_size": 25,
                "name": "OpenLiteSpeed Drupal 9.4.7 on Ubuntu 22.04",
                "private": false,
                "regions": [
                  "ams2",
                  "ams3",
                  "blr1",
                  "fra1",
                  "lon1",
                  "nyc1",
                  "nyc2",
                  "nyc3",
                  "sfo1",
                  "sfo2",
                  "sfo3",
                  "sgp1",
                  "syd1",
                  "tor1"
                ],
                "size_gigabytes": 2.62,
                "slug": "litespeedtechnol-openlitespeeddru",
                "status": "available",
                "tags": [],
                "type": "snapshot"
              },
              {
                "created": "2022-09-30T08:37:50Z",
                "description": "Passbolt CE 3.7.3-1 on Ubuntu 20.04",
                "distribution": "Ubuntu",
                "error_message": "",
                "id": 117923408,
                "image": "117923408",
                "min_disk_size": 25,
                "name": "Passbolt CE 3.7.3-1 on Ubuntu 20.04",
                "private": false,
                "regions": [
                  "ams2",
                  "ams3",
                  "blr1",
                  "fra1",
                  "lon1",
                  "nyc1",
                  "nyc2",
                  "nyc3",
                  "sfo1",
                  "sfo2",
                  "sfo3",
                  "sgp1",
                  "syd1",
                  "tor1"
                ],
                "size_gigabytes": 2.3,
                "slug": "passboltsa-passboltce-20-04",
                "status": "available",
                "tags": [],
                "type": "snapshot"
              },
              {
                "created": "2022-09-29T21:47:27Z",
                "description": "Intel gProfiler Crypto Demo 1.3 on Ubuntu 20.04",
                "distribution": "Ubuntu",
                "error_message": "",
                "id": 117873390,
                "image": "117873390",
                "min_disk_size": 80,
                "name": "Intel gProfiler Crypto Demo 1.3 on Ubuntu 20.04",
                "private": false,
                "regions": [
                  "ams2",
                  "ams3",
                  "blr1",
                  "fra1",
                  "lon1",
                  "nyc1",
                  "nyc2",
                  "nyc3",
                  "sfo1",
                  "sfo2",
                  "sfo3",
                  "sgp1",
                  "syd1",
                  "tor1"
                ],
                "size_gigabytes": 5.52,
                "slug": "intel-intelgprofilercr",
                "status": "available",
                "tags": [],
                "type": "snapshot"
              },
              {
                "created": "2022-09-27T14:56:10Z",
                "description": "QuestDB 6.5.3 on Ubuntu 20.04",
                "distribution": "Ubuntu",
                "error_message": "",
                "id": 117727865,
                "image": "117727865",
                "min_disk_size": 25,
                "name": "QuestDB 6.5.3 on Ubuntu 20.04",
                "private": false,
                "regions": [
                  "ams2",
                  "ams3",
                  "blr1",
                  "fra1",
                  "lon1",
                  "nyc1",
                  "nyc2",
                  "nyc3",
                  "sfo1",
                  "sfo2",
                  "sfo3",
                  "sgp1",
                  "syd1",
                  "tor1"
                ],
                "size_gigabytes": 2.12,
                "slug": "questdb-20-04",
                "status": "available",
                "tags": [],
                "type": "snapshot"
              },
              {
                "created": "2022-09-27T08:08:52Z",
                "description": "OpenLiteSpeed Joomla 4.2.2 on Ubuntu 22.04",
                "distribution": "Ubuntu",
                "error_message": "",
                "id": 117722964,
                "image": "117722964",
                "min_disk_size": 25,
                "name": "OpenLiteSpeed Joomla 4.2.2 on Ubuntu 22.04",
                "private": false,
                "regions": [
                  "ams2",
                  "ams3",
                  "blr1",
                  "fra1",
                  "lon1",
                  "nyc1",
                  "nyc2",
                  "nyc3",
                  "sfo1",
                  "sfo2",
                  "sfo3",
                  "sgp1",
                  "syd1",
                  "tor1"
                ],
                "size_gigabytes": 2.85,
                "slug": "litespeedtechnol-openlitespeedjoo-20-04",
                "status": "available",
                "tags": [],
                "type": "snapshot"
              },
              {
                "created": "2022-09-27T05:23:34Z",
                "description": "ONLYOFFICE Docs 7.2.0 on Ubuntu 20.04 LTS",
                "distribution": "Ubuntu",
                "error_message": "",
                "id": 117713441,
                "image": "117713441",
                "min_disk_size": 80,
                "name": "ONLYOFFICE Docs 7.2.0 on Ubuntu 20.04 LTS",
                "private": false,
                "regions": [
                  "ams2",
                  "ams3",
                  "blr1",
                  "fra1",
                  "lon1",
                  "nyc1",
                  "nyc2",
                  "nyc3",
                  "sfo1",
                  "sfo2",
                  "sfo3",
                  "sgp1",
                  "syd1",
                  "tor1"
                ],
                "size_gigabytes": 12.39,
                "slug": "ascensiosystemsi-onlyofficeeditor-18-04-4",
                "status": "available",
                "tags": [],
                "type": "snapshot"
              },
              {
                "created": "2022-09-27T02:33:55Z",
                "description": "OpenLiteSpeed Django 4.1 on Ubuntu 22.04",
                "distribution": "Ubuntu",
                "error_message": "",
                "id": 117702092,
                "image": "117702092",
                "min_disk_size": 25,
                "name": "OpenLiteSpeed Django 4.1 on Ubuntu 22.04",
                "private": false,
                "regions": [
                  "ams2",
                  "ams3",
                  "blr1",
                  "fra1",
                  "lon1",
                  "nyc1",
                  "nyc2",
                  "nyc3",
                  "sfo1",
                  "sfo2",
                  "sfo3",
                  "sgp1",
                  "syd1",
                  "tor1"
                ],
                "size_gigabytes": 2.54,
                "slug": "litespeedtechnol-openlitespeeddja-20-04",
                "status": "available",
                "tags": [],
                "type": "snapshot"
              },
              {
                "created": "2022-09-26T17:30:53Z",
                "description": "EdgeDB 2.3 on Ubuntu 20.04",
                "distribution": "Ubuntu",
                "error_message": "",
                "id": 117665030,
                "image": "117665030",
                "min_disk_size": 25,
                "name": "EdgeDB 2.3 on Ubuntu 20.04",
                "private": false,
                "regions": [
                  "ams2",
                  "ams3",
                  "blr1",
                  "fra1",
                  "lon1",
                  "nyc1",
                  "nyc2",
                  "nyc3",
                  "sfo1",
                  "sfo2",
                  "sfo3",
                  "sgp1",
                  "syd1",
                  "tor1"
                ],
                "size_gigabytes": 2.05,
                "slug": "edgedb",
                "status": "available",
                "tags": [],
                "type": "snapshot"
              },
              {
                "created": "2022-09-26T09:35:10Z",
                "description": "NirvaShare 2.3.2 on Ubuntu 20.04 (LTS)",
                "distribution": "Ubuntu",
                "error_message": "",
                "id": 117657417,
                "image": "117657417",
                "min_disk_size": 25,
                "name": "NirvaShare 2.3.2 on Ubuntu 20.04 (LTS)",
                "private": false,
                "regions": [
                  "ams2",
                  "ams3",
                  "blr1",
                  "fra1",
                  "lon1",
                  "nyc1",
                  "nyc2",
                  "nyc3",
                  "sfo1",
                  "sfo2",
                  "sfo3",
                  "sgp1",
                  "syd1",
                  "tor1"
                ],
                "size_gigabytes": 3.42,
                "slug": "nirvatosoftware-nirvashare-20-04",
                "status": "available",
                "tags": [],
                "type": "snapshot"
              },
              {
                "created": "2022-09-20T16:27:03Z",
                "description": "Bitwarden 2202.9.0 on Ubuntu 20.04",
                "distribution": "Ubuntu",
                "error_message": "",
                "id": 117260370,
                "image": "117260370",
                "min_disk_size": 25,
                "name": "Bitwarden 2202.9.0 on Ubuntu 20.04",
                "private": false,
                "regions": [
                  "ams2",
                  "ams3",
                  "blr1",
                  "fra1",
                  "lon1",
                  "nyc1",
                  "nyc2",
                  "nyc3",
                  "sfo1",
                  "sfo2",
                  "sfo3",
                  "sgp1",
                  "syd1",
                  "tor1"
                ],
                "size_gigabytes": 2.3,
                "slug": "bitwarden",
                "status": "available",
                "tags": [],
                "type": "snapshot"
              },
              {
                "created": "2022-09-20T09:18:27Z",
                "description": "titra 0.80.0 on Ubuntu 22.04",
                "distribution": "Ubuntu",
                "error_message": "",
                "id": 117254784,
                "image": "117254784",
                "min_disk_size": 25,
                "name": "titra 0.80.0 on Ubuntu 22.04",
                "private": false,
                "regions": [
                  "ams2",
                  "ams3",
                  "blr1",
                  "fra1",
                  "lon1",
                  "nyc1",
                  "nyc2",
                  "nyc3",
                  "sfo1",
                  "sfo2",
                  "sfo3",
                  "sgp1",
                  "syd1",
                  "tor1"
                ],
                "size_gigabytes": 5.93,
                "slug": "kromit-titra-20-04",
                "status": "available",
                "tags": [],
                "type": "snapshot"
              },
              {
                "created": "2022-09-15T18:14:36Z",
                "description": "Appwrite 1.0.1 on Ubuntu 20.04",
                "distribution": "Ubuntu",
                "error_message": "",
                "id": 116932791,
                "image": "116932791",
                "min_disk_size": 25,
                "name": "Appwrite 1.0.1 on Ubuntu 20.04",
                "private": false,
                "regions": [
                  "ams2",
                  "ams3",
                  "blr1",
                  "fra1",
                  "lon1",
                  "nyc1",
                  "nyc2",
                  "nyc3",
                  "sfo1",
                  "sfo2",
                  "sfo3",
                  "sgp1",
                  "syd1",
                  "tor1"
                ],
                "size_gigabytes": 6.26,
                "slug": "appwrite-20-04",
                "status": "available",
                "tags": [],
                "type": "snapshot"
              },
              {
                "created": "2022-09-14T18:35:46Z",
                "description": "Rocket.Chat 5.0.7 on Ubuntu 20.04",
                "distribution": "Ubuntu",
                "error_message": "",
                "id": 116869484,
                "image": "116869484",
                "min_disk_size": 25,
                "name": "Rocket.Chat 5.0.7 on Ubuntu 20.04",
                "private": false,
                "regions": [
                  "ams2",
                  "ams3",
                  "blr1",
                  "fra1",
                  "lon1",
                  "nyc1",
                  "nyc2",
                  "nyc3",
                  "sfo1",
                  "sfo2",
                  "sfo3",
                  "sgp1",
                  "syd1",
                  "tor1"
                ],
                "size_gigabytes": 5.12,
                "slug": "rocketchat-20-04",
                "status": "available",
                "tags": [],
                "type": "snapshot"
              },
              {
                "created": "2022-09-12T07:50:00Z",
                "description": "CloudPanel 2 - Ubuntu 22.04 2.0.4 on Ubuntu 22.04",
                "distribution": "Ubuntu",
                "error_message": "",
                "id": 116730319,
                "image": "116730319",
                "min_disk_size": 25,
                "name": "CloudPanel 2 - Ubuntu 22.04 2.0.4 on Ubuntu 22.04",
                "private": false,
                "regions": [
                  "ams2",
                  "ams3",
                  "blr1",
                  "fra1",
                  "lon1",
                  "nyc1",
                  "nyc2",
                  "nyc3",
                  "sfo1",
                  "sfo2",
                  "sfo3",
                  "sgp1",
                  "syd1",
                  "tor1"
                ],
                "size_gigabytes": 7.59,
                "slug": "mgtcommercegmbh-cloudpanel2ubunt",
                "status": "available",
                "tags": [],
                "type": "snapshot"
              },
              {
                "created": "2022-09-09T17:13:50Z",
                "description": "Django 4.1.1 on Ubuntu 22.04",
                "distribution": "Ubuntu",
                "error_message": "",
                "id": 116544220,
                "image": "116544220",
                "min_disk_size": 25,
                "name": "Django 4.1.1 on Ubuntu 22.04",
                "private": false,
                "regions": [
                  "ams2",
                  "ams3",
                  "blr1",
                  "fra1",
                  "lon1",
                  "nyc1",
                  "nyc2",
                  "nyc3",
                  "sfo1",
                  "sfo2",
                  "sfo3",
                  "sgp1",
                  "syd1",
                  "tor1"
                ],
                "size_gigabytes": 2.49,
                "slug": "django-20-04",
                "status": "available",
                "tags": [],
                "type": "snapshot"
              },
              {
                "created": "2022-09-08T20:27:50Z",
                "description": "Easypanel 1.10.3 on Ubuntu 22.04",
                "distribution": "Ubuntu",
                "error_message": "",
                "id": 116480962,
                "image": "116480962",
                "min_disk_size": 25,
                "name": "Easypanel 1.10.3 on Ubuntu 22.04",
                "private": false,
                "regions": [
                  "ams2",
                  "ams3",
                  "blr1",
                  "fra1",
                  "lon1",
                  "nyc1",
                  "nyc2",
                  "nyc3",
                  "sfo1",
                  "sfo2",
                  "sfo3",
                  "sgp1",
                  "syd1",
                  "tor1"
                ],
                "size_gigabytes": 5.04,
                "slug": "easypanel",
                "status": "available",
                "tags": [],
                "type": "snapshot"
              },
              {
                "created": "2022-09-08T08:33:25Z",
                "description": "nPool 1.8 on Ubuntu 20.04",
                "distribution": "Ubuntu",
                "error_message": "",
                "id": 116470971,
                "image": "116470971",
                "min_disk_size": 25,
                "name": "nPool 1.8 on Ubuntu 20.04",
                "private": false,
                "regions": [
                  "ams2",
                  "ams3",
                  "blr1",
                  "fra1",
                  "lon1",
                  "nyc1",
                  "nyc2",
                  "nyc3",
                  "sfo1",
                  "sfo2",
                  "sfo3",
                  "sgp1",
                  "syd1",
                  "tor1"
                ],
                "size_gigabytes": 9.68,
                "slug": "npool",
                "status": "available",
                "tags": [],
                "type": "snapshot"
              },
              {
                "created": "2022-09-07T19:14:45Z",
                "description": "NGINX 1.0 on Ubuntu 22.04",
                "distribution": "Ubuntu",
                "error_message": "",
                "id": 116413579,
                "image": "116413579",
                "min_disk_size": 25,
                "name": "NGINX 1.0 on Ubuntu 22.04",
                "private": false,
                "regions": [
                  "ams2",
                  "ams3",
                  "blr1",
                  "fra1",
                  "lon1",
                  "nyc1",
                  "nyc2",
                  "nyc3",
                  "sfo1",
                  "sfo2",
                  "sfo3",
                  "sgp1",
                  "syd1",
                  "tor1"
                ],
                "size_gigabytes": 1.68,
                "slug": "nginx",
                "status": "available",
                "tags": [],
                "type": "snapshot"
              },
              {
                "created": "2022-09-07T07:22:13Z",
                "description": "Appsmith 1.7 on Ubuntu 20.04",
                "distribution": "Ubuntu",
                "error_message": "",
                "id": 116403190,
                "image": "116403190",
                "min_disk_size": 25,
                "name": "Appsmith 1.7 on Ubuntu 20.04",
                "private": false,
                "regions": [
                  "ams2",
                  "ams3",
                  "blr1",
                  "fra1",
                  "lon1",
                  "nyc1",
                  "nyc2",
                  "nyc3",
                  "sfo1",
                  "sfo2",
                  "sfo3",
                  "sgp1",
                  "syd1",
                  "tor1"
                ],
                "size_gigabytes": 2.19,
                "slug": "appsmith-18-04",
                "status": "available",
                "tags": [],
                "type": "snapshot"
              },
              {
                "created": "2022-08-30T14:01:19Z",
                "description": "Ghost on Ubuntu 22.04",
                "distribution": "Ubuntu",
                "error_message": "",
                "id": 115876965,
                "image": "115876965",
                "min_disk_size": 25,
                "name": "Ghost on Ubuntu 22.04",
                "private": false,
                "regions": [
                  "ams2",
                  "ams3",
                  "blr1",
                  "fra1",
                  "lon1",
                  "nyc1",
                  "nyc2",
                  "nyc3",
                  "sfo1",
                  "sfo2",
                  "sfo3",
                  "sgp1",
                  "syd1",
                  "tor1"
                ],
                "size_gigabytes": 3.4,
                "slug": "ghost-20-04",
                "status": "available",
                "tags": [],
                "type": "snapshot"
              },
              {
                "created": "2022-08-25T11:45:52Z",
                "description": "VictoriaMetrics Single 1.80.0 on Ubuntu 20.04",
                "distribution": "Ubuntu",
                "error_message": "",
                "id": 115538822,
                "image": "115538822",
                "min_disk_size": 25,
                "name": "VictoriaMetrics Single 1.80.0 on Ubuntu 20.04",
                "private": false,
                "regions": [
                  "ams2",
                  "ams3",
                  "blr1",
                  "fra1",
                  "lon1",
                  "nyc1",
                  "nyc2",
                  "nyc3",
                  "sfo1",
                  "sfo2",
                  "sfo3",
                  "sgp1",
                  "syd1",
                  "tor1"
                ],
                "size_gigabytes": 1.9,
                "slug": "victoriametrics-victoriametricss",
                "status": "available",
                "tags": [],
                "type": "snapshot"
              },
              {
                "created": "2022-08-23T12:59:58Z",
                "description": "FASTPANEL 1.10-ubuntu20.04p123 on Ubuntu 20.04",
                "distribution": "Ubuntu",
                "error_message": "",
                "id": 115403898,
                "image": "115403898",
                "min_disk_size": 25,
                "name": "FASTPANEL 1.10-ubuntu20.04p123 on Ubuntu 20.04",
                "private": false,
                "regions": [
                  "ams2",
                  "ams3",
                  "blr1",
                  "fra1",
                  "lon1",
                  "nyc1",
                  "nyc2",
                  "nyc3",
                  "sfo1",
                  "sfo2",
                  "sfo3",
                  "sgp1",
                  "syd1",
                  "tor1"
                ],
                "size_gigabytes": 2.58,
                "slug": "fastpanel-deb-9",
                "status": "available",
                "tags": [],
                "type": "snapshot"
              },
              {
                "created": "2022-08-15T19:53:56Z",
                "description": "Gramps Web 1.0 on Ubuntu 20.04",
                "distribution": "Ubuntu",
                "error_message": "",
                "id": 114879304,
                "image": "114879304",
                "min_disk_size": 25,
                "name": "Gramps Web 1.0 on Ubuntu 20.04",
                "private": false,
                "regions": [
                  "ams2",
                  "ams3",
                  "blr1",
                  "fra1",
                  "lon1",
                  "nyc1",
                  "nyc2",
                  "nyc3",
                  "sfo1",
                  "sfo2",
                  "sfo3",
                  "sgp1",
                  "syd1",
                  "tor1"
                ],
                "size_gigabytes": 1.88,
                "slug": "thegrampsproject-grampsweb",
                "status": "available",
                "tags": [],
                "type": "snapshot"
              },
              {
                "created": "2022-08-15T09:17:48Z",
                "description": "WordPress 5.8 on Ubuntu 20.04",
                "distribution": "Ubuntu",
                "error_message": "",
                "id": 114870594,
                "image": "114870594",
                "min_disk_size": 25,
                "name": "WordPress 5.8 on Ubuntu 20.04",
                "private": false,
                "regions": [
                  "ams2",
                  "ams3",
                  "blr1",
                  "fra1",
                  "lon1",
                  "nyc1",
                  "nyc2",
                  "nyc3",
                  "sfo1",
                  "sfo2",
                  "sfo3",
                  "sgp1",
                  "syd1",
                  "tor1"
                ],
                "size_gigabytes": 2.61,
                "slug": "wordpress-20-04",
                "status": "available",
                "tags": [],
                "type": "snapshot"
              },
              {
                "created": "2022-08-13T13:40:31Z",
                "description": "AresMUSH 1.0 on Ubuntu 20.04",
                "distribution": "Ubuntu",
                "error_message": "",
                "id": 114740552,
                "image": "114740552",
                "min_disk_size": 25,
                "name": "AresMUSH 1.0 on Ubuntu 20.04",
                "private": false,
                "regions": [
                  "ams2",
                  "ams3",
                  "blr1",
                  "fra1",
                  "lon1",
                  "nyc1",
                  "nyc2",
                  "nyc3",
                  "sfo1",
                  "sfo2",
                  "sfo3",
                  "sgp1",
                  "syd1",
                  "tor1"
                ],
                "size_gigabytes": 2.42,
                "slug": "wordsmythcreatio-aresmush",
                "status": "available",
                "tags": [],
                "type": "snapshot"
              },
              {
                "created": "2022-08-12T13:00:10Z",
                "description": "Microweber 1.3.1 on Ubuntu 20.04",
                "distribution": "Ubuntu",
                "error_message": "",
                "id": 114672793,
                "image": "114672793",
                "min_disk_size": 25,
                "name": "Microweber 1.3.1 on Ubuntu 20.04",
                "private": false,
                "regions": [
                  "ams2",
                  "ams3",
                  "blr1",
                  "fra1",
                  "lon1",
                  "nyc1",
                  "nyc2",
                  "nyc3",
                  "sfo1",
                  "sfo2",
                  "sfo3",
                  "sgp1",
                  "syd1",
                  "tor1"
                ],
                "size_gigabytes": 2.69,
                "slug": "microwebercms-microweber-20-04",
                "status": "available",
                "tags": [],
                "type": "snapshot"
              },
              {
                "created": "2022-08-12T06:57:36Z",
                "description": "OpenLiteSpeed WordPress 6.0.1 on Ubuntu 22.04",
                "distribution": "Ubuntu",
                "error_message": "",
                "id": 114665215,
                "image": "114665215",
                "min_disk_size": 25,
                "name": "OpenLiteSpeed WordPress 6.0.1 on Ubuntu 22.04",
                "private": false,
                "regions": [
                  "ams2",
                  "ams3",
                  "blr1",
                  "fra1",
                  "lon1",
                  "nyc1",
                  "nyc2",
                  "nyc3",
                  "sfo1",
                  "sfo2",
                  "sfo3",
                  "sgp1",
                  "syd1",
                  "tor1"
                ],
                "size_gigabytes": 2.94,
                "slug": "litespeedtechnol-openlitespeedwor-20-04",
                "status": "available",
                "tags": [],
                "type": "snapshot"
              },
              {
                "created": "2022-08-10T11:07:23Z",
                "description": "Invoice Ninja 5 on Ubuntu 20.0.4",
                "distribution": "Ubuntu",
                "error_message": "",
                "id": 114537960,
                "image": "114537960",
                "min_disk_size": 25,
                "name": "Invoice Ninja 5 on Ubuntu 20.0.4",
                "private": false,
                "regions": [
                  "ams2",
                  "ams3",
                  "blr1",
                  "fra1",
                  "lon1",
                  "nyc1",
                  "nyc2",
                  "nyc3",
                  "sfo1",
                  "sfo2",
                  "sfo3",
                  "sgp1",
                  "syd1",
                  "tor1"
                ],
                "size_gigabytes": 2.8,
                "slug": "invoiceninja-20-0-4",
                "status": "available",
                "tags": [],
                "type": "snapshot"
              },
              {
                "created": "2022-08-09T12:41:57Z",
                "description": "Akaunting on Ubuntu 20.04",
                "distribution": "Ubuntu",
                "error_message": "",
                "id": 114471255,
                "image": "114471255",
                "min_disk_size": 25,
                "name": "Akaunting on Ubuntu 20.04",
                "private": false,
                "regions": [
                  "ams2",
                  "ams3",
                  "blr1",
                  "fra1",
                  "lon1",
                  "nyc1",
                  "nyc2",
                  "nyc3",
                  "sfo1",
                  "sfo2",
                  "sfo3",
                  "sgp1",
                  "syd1",
                  "tor1"
                ],
                "size_gigabytes": 2.46,
                "slug": "akaunting-20-04",
                "status": "available",
                "tags": [],
                "type": "snapshot"
              },
              {
                "created": "2022-08-09T02:09:10Z",
                "description": "RStudio 2021.09.2+382 on Ubuntu 20.04",
                "distribution": "Ubuntu",
                "error_message": "",
                "id": 114445163,
                "image": "114445163",
                "min_disk_size": 25,
                "name": "RStudio 2021.09.2+382 on Ubuntu 20.04",
                "private": false,
                "regions": [
                  "ams2",
                  "ams3",
                  "blr1",
                  "fra1",
                  "lon1",
                  "nyc1",
                  "nyc2",
                  "nyc3",
                  "sfo1",
                  "sfo2",
                  "sfo3",
                  "sgp1",
                  "syd1",
                  "tor1"
                ],
                "size_gigabytes": 6.18,
                "slug": "rstudio-20-04",
                "status": "available",
                "tags": [],
                "type": "snapshot"
              },
              {
                "created": "2022-08-06T19:27:46Z",
                "description": "Wiki.js 2.5.286 on Ubuntu 20.04 (LTS)",
                "distribution": "Ubuntu",
                "error_message": "",
                "id": 114278569,
                "image": "114278569",
                "min_disk_size": 25,
                "name": "Wiki.js 2.5.286 on Ubuntu 20.04 (LTS)",
                "private": false,
                "regions": [
                  "ams2",
                  "ams3",
                  "blr1",
                  "fra1",
                  "lon1",
                  "nyc1",
                  "nyc2",
                  "nyc3",
                  "sfo1",
                  "sfo2",
                  "sfo3",
                  "sgp1",
                  "syd1",
                  "tor1"
                ],
                "size_gigabytes": 4.06,
                "slug": "wikijs-18-04",
                "status": "available",
                "tags": [],
                "type": "snapshot"
              },
              {
                "created": "2022-08-04T16:12:54Z",
                "description": "Odoo 14 on Ubuntu 20.04",
                "distribution": "Ubuntu",
                "error_message": "",
                "id": 114133748,
                "image": "114133748",
                "min_disk_size": 25,
                "name": "Odoo 14 on Ubuntu 20.04",
                "private": false,
                "regions": [
                  "ams2",
                  "ams3",
                  "blr1",
                  "fra1",
                  "lon1",
                  "nyc1",
                  "nyc2",
                  "nyc3",
                  "sfo1",
                  "sfo2",
                  "sfo3",
                  "sgp1",
                  "syd1",
                  "tor1"
                ],
                "size_gigabytes": 4.32,
                "slug": "bigcloud-odoo",
                "status": "available",
                "tags": [],
                "type": "snapshot"
              },
              {
                "created": "2022-08-01T09:46:17Z",
                "description": "Teleport 10-latest on Ubuntu 20.04",
                "distribution": "Ubuntu",
                "error_message": "",
                "id": 113911800,
                "image": "113911800",
                "min_disk_size": 25,
                "name": "Teleport 10-latest on Ubuntu 20.04",
                "private": false,
                "regions": [
                  "ams2",
                  "ams3",
                  "blr1",
                  "fra1",
                  "lon1",
                  "nyc1",
                  "nyc2",
                  "nyc3",
                  "sfo1",
                  "sfo2",
                  "sfo3",
                  "sgp1",
                  "syd1",
                  "tor1"
                ],
                "size_gigabytes": 2.14,
                "slug": "devrel-teleport-20-04",
                "status": "available",
                "tags": [],
                "type": "snapshot"
              },
              {
                "created": "2022-07-29T17:26:23Z",
                "description": "LAMP on Ubuntu 20.04",
                "distribution": "Ubuntu",
                "error_message": "",
                "id": 113709224,
                "image": "113709224",
                "min_disk_size": 25,
                "name": "LAMP on Ubuntu 20.04",
                "private": false,
                "regions": [
                  "ams2",
                  "ams3",
                  "blr1",
                  "fra1",
                  "lon1",
                  "nyc1",
                  "nyc2",
                  "nyc3",
                  "sfo1",
                  "sfo2",
                  "sfo3",
                  "sgp1",
                  "syd1",
                  "tor1"
                ],
                "size_gigabytes": 2.24,
                "slug": "lamp-20-04",
                "status": "available",
                "tags": [],
                "type": "snapshot"
              },
              {
                "created": "2022-07-29T12:32:02Z",
                "description": "WPCloudDeploy 4.20.0 on Ubuntu 20.04",
                "distribution": "Ubuntu",
                "error_message": "",
                "id": 113702446,
                "image": "113702446",
                "min_disk_size": 25,
                "name": "WPCloudDeploy 4.20.0 on Ubuntu 20.04",
                "private": false,
                "regions": [
                  "ams2",
                  "ams3",
                  "blr1",
                  "fra1",
                  "lon1",
                  "nyc1",
                  "nyc2",
                  "nyc3",
                  "sfo1",
                  "sfo2",
                  "sfo3",
                  "sgp1",
                  "syd1",
                  "tor1"
                ],
                "size_gigabytes": 3.64,
                "slug": "wpclouddeploy",
                "status": "available",
                "tags": [],
                "type": "snapshot"
              },
              {
                "created": "2022-07-29T12:06:22Z",
                "description": "NodeJS 18.7.0 on Ubuntu 20.04",
                "distribution": "Ubuntu",
                "error_message": "",
                "id": 113702336,
                "image": "113702336",
                "min_disk_size": 25,
                "name": "NodeJS 18.7.0 on Ubuntu 20.04",
                "private": false,
                "regions": [
                  "ams2",
                  "ams3",
                  "blr1",
                  "fra1",
                  "lon1",
                  "nyc1",
                  "nyc2",
                  "nyc3",
                  "sfo1",
                  "sfo2",
                  "sfo3",
                  "sgp1",
                  "syd1",
                  "tor1"
                ],
                "size_gigabytes": 1.9,
                "slug": "nodejs-20-04",
                "status": "available",
                "tags": [],
                "type": "snapshot"
              },
              {
                "created": "2022-07-28T20:56:04Z",
                "description": "Netmaker 0.14.6 on Ubuntu 20.04",
                "distribution": "Ubuntu",
                "error_message": "",
                "id": 113642998,
                "image": "113642998",
                "min_disk_size": 25,
                "name": "Netmaker 0.14.6 on Ubuntu 20.04",
                "private": false,
                "regions": [
                  "ams2",
                  "ams3",
                  "blr1",
                  "fra1",
                  "lon1",
                  "nyc1",
                  "nyc2",
                  "nyc3",
                  "sfo1",
                  "sfo2",
                  "sfo3",
                  "sgp1",
                  "syd1",
                  "tor1"
                ],
                "size_gigabytes": 2.92,
                "slug": "gravitl-netmaker",
                "status": "available",
                "tags": [],
                "type": "snapshot"
              },
              {
                "created": "2022-07-28T15:58:39Z",
                "description": "SOOS DAST Droplet 0.2 on Ubuntu 20.04",
                "distribution": "Ubuntu",
                "error_message": "",
                "id": 113635966,
                "image": "113635966",
                "min_disk_size": 25,
                "name": "SOOS DAST Droplet 0.2 on Ubuntu 20.04",
                "private": false,
                "regions": [
                  "ams2",
                  "ams3",
                  "blr1",
                  "fra1",
                  "lon1",
                  "nyc1",
                  "nyc2",
                  "nyc3",
                  "sfo1",
                  "sfo2",
                  "sfo3",
                  "sgp1",
                  "syd1",
                  "tor1"
                ],
                "size_gigabytes": 4.43,
                "slug": "soos-soosdastdroplet",
                "status": "available",
                "tags": [],
                "type": "snapshot"
              },
              {
                "created": "2022-07-21T14:55:08Z",
                "description": "Nakama 3.12.0 on Ubuntu 18.04",
                "distribution": "Ubuntu",
                "error_message": "",
                "id": 113137715,
                "image": "113137715",
                "min_disk_size": 25,
                "name": "Nakama 3.12.0 on Ubuntu 18.04",
                "private": false,
                "regions": [
                  "ams2",
                  "ams3",
                  "blr1",
                  "fra1",
                  "lon1",
                  "nyc1",
                  "nyc2",
                  "nyc3",
                  "sfo1",
                  "sfo2",
                  "sfo3",
                  "sgp1",
                  "syd1",
                  "tor1"
                ],
                "size_gigabytes": 1.93,
                "slug": "nakama-18-04",
                "status": "available",
                "tags": [],
                "type": "snapshot"
              },
              {
                "created": "2022-07-19T14:56:41Z",
                "description": "ShellHub 0.9.4 on Ubuntu 22.04",
                "distribution": "Ubuntu",
                "error_message": "",
                "id": 112994399,
                "image": "112994399",
                "min_disk_size": 25,
                "name": "ShellHub 0.9.4 on Ubuntu 22.04",
                "private": false,
                "regions": [
                  "ams2",
                  "ams3",
                  "blr1",
                  "fra1",
                  "lon1",
                  "nyc1",
                  "nyc2",
                  "nyc3",
                  "sfo1",
                  "sfo2",
                  "sfo3",
                  "sgp1",
                  "syd1",
                  "tor1"
                ],
                "size_gigabytes": 1.94,
                "slug": "shellhub",
                "status": "available",
                "tags": [],
                "type": "snapshot"
              },
              {
                "created": "2022-07-18T19:42:42Z",
                "description": "Ubuntu 18.04 x86 image",
                "distribution": "Ubuntu",
                "error_message": "",
                "id": 112929540,
                "image": "112929540",
                "min_disk_size": 7,
                "name": "18.04 (LTS) x64",
                "private": false,
                "regions": [
                  "ams2",
                  "ams3",
                  "blr1",
                  "fra1",
                  "lon1",
                  "nyc1",
                  "nyc2",
                  "nyc3",
                  "sfo1",
                  "sfo2",
                  "sfo3",
                  "sgp1",
                  "syd1",
                  "tor1"
                ],
                "size_gigabytes": 0.43,
                "slug": "ubuntu-18-04-x64",
                "status": "available",
                "tags": [],
                "type": "snapshot"
              },
              {
                "created": "2022-07-18T19:40:04Z",
                "description": "Ubuntu 20.04 x86",
                "distribution": "Ubuntu",
                "error_message": "",
                "id": 112929454,
                "image": "112929454",
                "min_disk_size": 7,
                "name": "20.04 (LTS) x64",
                "private": false,
                "regions": [
                  "ams2",
                  "ams3",
                  "blr1",
                  "fra1",
                  "lon1",
                  "nyc1",
                  "nyc2",
                  "nyc3",
                  "sfo1",
                  "sfo2",
                  "sfo3",
                  "sgp1",
                  "syd1",
                  "tor1"
                ],
                "size_gigabytes": 0.63,
                "slug": "ubuntu-20-04-x64",
                "status": "available",
                "tags": [],
                "type": "snapshot"
              },
              {
                "created": "2022-07-17T06:40:24Z",
                "description": "Cloudron 7.2.5 on Ubuntu 22.04",
                "distribution": "Ubuntu",
                "error_message": "",
                "id": 112841165,
                "image": "112841165",
                "min_disk_size": 25,
                "name": "Cloudron 7.2.5 on Ubuntu 22.04",
                "private": false,
                "regions": [
                  "ams2",
                  "ams3",
                  "blr1",
                  "fra1",
                  "lon1",
                  "nyc1",
                  "nyc2",
                  "nyc3",
                  "sfo1",
                  "sfo2",
                  "sfo3",
                  "sgp1",
                  "syd1",
                  "tor1"
                ],
                "size_gigabytes": 10.18,
                "slug": "cloudron-20-04",
                "status": "available",
                "tags": [],
                "type": "snapshot"
              },
              {
                "created": "2022-07-11T09:54:32Z",
                "description": "Convoy 0.6.0 on Ubuntu 20.04",
                "distribution": "Ubuntu",
                "error_message": "",
                "id": 112379295,
                "image": "112379295",
                "min_disk_size": 25,
                "name": "Convoy 0.6.0 on Ubuntu 20.04",
                "private": false,
                "regions": [
                  "ams2",
                  "ams3",
                  "blr1",
                  "fra1",
                  "lon1",
                  "nyc1",
                  "nyc2",
                  "nyc3",
                  "sfo1",
                  "sfo2",
                  "sfo3",
                  "sgp1",
                  "syd1",
                  "tor1"
                ],
                "size_gigabytes": 4.95,
                "slug": "convoy",
                "status": "available",
                "tags": [],
                "type": "snapshot"
              },
              {
                "created": "2022-06-21T17:48:38Z",
                "description": "FileCloud 21.3.5 on Ubuntu 20.04",
                "distribution": "Ubuntu",
                "error_message": "",
                "id": 110980152,
                "image": "110980152",
                "min_disk_size": 80,
                "name": "FileCloud 21.3.5 on Ubuntu 20.04",
                "private": false,
                "regions": [
                  "ams2",
                  "ams3",
                  "blr1",
                  "fra1",
                  "lon1",
                  "nyc1",
                  "nyc2",
                  "nyc3",
                  "sfo1",
                  "sfo2",
                  "sfo3",
                  "sgp1",
                  "syd1",
                  "tor1"
                ],
                "size_gigabytes": 4.31,
                "slug": "codelathe-filecloud-20-04",
                "status": "available",
                "tags": [],
                "type": "snapshot"
              },
              {
                "created": "2022-06-16T18:59:41Z",
                "description": "PyboxTech-Med 1.76.1 on Ubuntu 20.04",
                "distribution": "Ubuntu",
                "error_message": "",
                "id": 110628054,
                "image": "110628054",
                "min_disk_size": 25,
                "name": "PyboxTech-Med 1.76.1 on Ubuntu 20.04",
                "private": false,
                "regions": [
                  "ams2",
                  "ams3",
                  "blr1",
                  "fra1",
                  "lon1",
                  "nyc1",
                  "nyc2",
                  "nyc3",
                  "sfo1",
                  "sfo2",
                  "sfo3",
                  "sgp1",
                  "syd1",
                  "tor1"
                ],
                "size_gigabytes": 6.31,
                "slug": "pyboxtechnologie-pyboxtechmed-20-04",
                "status": "available",
                "tags": [],
                "type": "snapshot"
              },
              {
                "created": "2022-06-14T17:25:18Z",
                "description": "Deskpro on Ubuntu 20.04",
                "distribution": "Ubuntu",
                "error_message": "",
                "id": 110480561,
                "image": "110480561",
                "min_disk_size": 80,
                "name": "Deskpro on Ubuntu 20.04",
                "private": false,
                "regions": [
                  "ams2",
                  "ams3",
                  "blr1",
                  "fra1",
                  "lon1",
                  "nyc1",
                  "nyc2",
                  "nyc3",
                  "sfo1",
                  "sfo2",
                  "sfo3",
                  "sgp1",
                  "syd1",
                  "tor1"
                ],
                "size_gigabytes": 2.41,
                "slug": "deskpro",
                "status": "available",
                "tags": [],
                "type": "snapshot"
              },
              {
                "created": "2022-05-27T01:59:44Z",
                "description": "WarpSpeed VPN 202226192416 on Ubuntu 20.04",
                "distribution": "Ubuntu",
                "error_message": "",
                "id": 109141069,
                "image": "109141069",
                "min_disk_size": 25,
                "name": "WarpSpeed VPN 202226192416 on Ubuntu 20.04",
                "private": false,
                "regions": [
                  "ams2",
                  "ams3",
                  "blr1",
                  "fra1",
                  "lon1",
                  "nyc1",
                  "nyc2",
                  "nyc3",
                  "sfo1",
                  "sfo2",
                  "sfo3",
                  "sgp1",
                  "syd1",
                  "tor1"
                ],
                "size_gigabytes": 1.87,
                "slug": "bunkercloudservi-warpspeedvpn-18-04",
                "status": "available",
                "tags": [],
                "type": "snapshot"
              },
              {
                "created": "2022-05-18T08:23:04Z",
                "description": "Magento 2 Open Source 1.6.2 on Ubuntu 20.04 (LTS)",
                "distribution": "Ubuntu",
                "error_message": "",
                "id": 108527231,
                "image": "108527231",
                "min_disk_size": 160,
                "name": "Magento 2 Open Source 1.6.2 on Ubuntu 20.04 (LTS)",
                "private": false,
                "regions": [
                  "ams2",
                  "ams3",
                  "blr1",
                  "fra1",
                  "lon1",
                  "nyc1",
                  "nyc2",
                  "nyc3",
                  "sfo1",
                  "sfo2",
                  "sfo3",
                  "sgp1",
                  "syd1",
                  "tor1"
                ],
                "size_gigabytes": 15.16,
                "slug": "eltrino-magento2opensour-20-04",
                "status": "available",
                "tags": [],
                "type": "snapshot"
              },
              {
                "created": "2022-05-17T18:46:05Z",
                "description": "OriginTrail node 6 on Ubuntu 20.04",
                "distribution": "Ubuntu",
                "error_message": "",
                "id": 108470209,
                "image": "108470209",
                "min_disk_size": 25,
                "name": "OriginTrail node 6 on Ubuntu 20.04",
                "private": false,
                "regions": [
                  "ams2",
                  "ams3",
                  "blr1",
                  "fra1",
                  "lon1",
                  "nyc1",
                  "nyc2",
                  "nyc3",
                  "sfo1",
                  "sfo2",
                  "sfo3",
                  "sgp1",
                  "syd1",
                  "tor1"
                ],
                "size_gigabytes": 3.35,
                "slug": "origintrail-origintrailnode",
                "status": "available",
                "tags": [],
                "type": "snapshot"
              },
              {
                "created": "2022-05-16T17:48:10Z",
                "description": "Laravel 9.12.2 on Ubuntu 20.04",
                "distribution": "Ubuntu",
                "error_message": "",
                "id": 108396749,
                "image": "108396749",
                "min_disk_size": 25,
                "name": "Laravel 9.12.2 on Ubuntu 20.04",
                "private": false,
                "regions": [
                  "ams2",
                  "ams3",
                  "blr1",
                  "fra1",
                  "lon1",
                  "nyc1",
                  "nyc2",
                  "nyc3",
                  "sfo1",
                  "sfo2",
                  "sfo3",
                  "sgp1",
                  "syd1",
                  "tor1"
                ],
                "size_gigabytes": 4.11,
                "slug": "devdojo-laravel-20-04",
                "status": "available",
                "tags": [],
                "type": "snapshot"
              },
              {
                "created": "2022-05-12T23:08:04Z",
                "description": "Apache Kafka 3.1.0 on Ubuntu 20.04",
                "distribution": "Ubuntu",
                "error_message": "",
                "id": 108133533,
                "image": "108133533",
                "min_disk_size": 25,
                "name": "Apache Kafka 3.1.0 on Ubuntu 20.04",
                "private": false,
                "regions": [
                  "ams2",
                  "ams3",
                  "blr1",
                  "fra1",
                  "lon1",
                  "nyc1",
                  "nyc2",
                  "nyc3",
                  "sfo1",
                  "sfo2",
                  "sfo3",
                  "sgp1",
                  "syd1",
                  "tor1"
                ],
                "size_gigabytes": 2.72,
                "slug": "sharklabs-apachekafka",
                "status": "available",
                "tags": [],
                "type": "snapshot"
              },
              {
                "created": "2022-05-10T17:46:28Z",
                "description": "Wireguardian VPN Access Server 2205.0 on Ubuntu 20.04",
                "distribution": "Ubuntu",
                "error_message": "",
                "id": 107971569,
                "image": "107971569",
                "min_disk_size": 25,
                "name": "Wireguardian VPN Access Server 2205.0 on Ubuntu 20.04",
                "private": false,
                "regions": [
                  "ams2",
                  "ams3",
                  "blr1",
                  "fra1",
                  "lon1",
                  "nyc1",
                  "nyc2",
                  "nyc3",
                  "sfo1",
                  "sfo2",
                  "sfo3",
                  "sgp1",
                  "syd1",
                  "tor1"
                ],
                "size_gigabytes": 2.61,
                "slug": "kuyio-wireguardianvpna",
                "status": "available",
                "tags": [],
                "type": "snapshot"
              },
              {
                "created": "2022-05-09T14:01:03Z",
                "description": "Nextcloud 1.0.1 on Ubuntu 20.04 (LTS)",
                "distribution": "Ubuntu",
                "error_message": "",
                "id": 107896044,
                "image": "107896044",
                "min_disk_size": 25,
                "name": "Nextcloud 1.0.1 on Ubuntu 20.04 (LTS)",
                "private": false,
                "regions": [
                  "ams2",
                  "ams3",
                  "blr1",
                  "fra1",
                  "lon1",
                  "nyc1",
                  "nyc2",
                  "nyc3",
                  "sfo1",
                  "sfo2",
                  "sfo3",
                  "sgp1",
                  "syd1",
                  "tor1"
                ],
                "size_gigabytes": 3.16,
                "slug": "nextcloudgmbh-nextcloud",
                "status": "available",
                "tags": [],
                "type": "snapshot"
              },
              {
                "created": "2022-05-03T14:04:31Z",
                "description": "cPanel \u0026 WHM® for Ubuntu RELEASE on Ubuntu 20.04 (LTS)",
                "distribution": "Ubuntu",
                "error_message": "",
                "id": 107472904,
                "image": "107472904",
                "min_disk_size": 25,
                "name": "cPanel \u0026 WHM® for Ubuntu RELEASE on Ubuntu 20.04 (LTS)",
                "private": false,
                "regions": [
                  "ams2",
                  "ams3",
                  "blr1",
                  "fra1",
                  "lon1",
                  "nyc1",
                  "nyc2",
                  "nyc3",
                  "sfo1",
                  "sfo2",
                  "sfo3",
                  "sgp1",
                  "syd1",
                  "tor1"
                ],
                "size_gigabytes": 1.85,
                "slug": "cpanel-cpanelwhmforubun",
                "status": "available",
                "tags": [],
                "type": "snapshot"
              },
              {
                "created": "2022-04-29T18:54:25Z",
                "description": "OpenSearch 1.3.1 on Ubuntu 20.04",
                "distribution": "Ubuntu",
                "error_message": "",
                "id": 107198492,
                "image": "107198492",
                "min_disk_size": 160,
                "name": "OpenSearch 1.3.1 on Ubuntu 20.04",
                "private": false,
                "regions": [
                  "ams2",
                  "ams3",
                  "blr1",
                  "fra1",
                  "lon1",
                  "nyc1",
                  "nyc2",
                  "nyc3",
                  "sfo1",
                  "sfo2",
                  "sfo3",
                  "sgp1",
                  "syd1",
                  "tor1"
                ],
                "size_gigabytes": 4.09,
                "slug": "sharklabs-opensearch",
                "status": "available",
                "tags": [],
                "type": "snapshot"
              },
              {
                "created": "2022-04-29T13:20:01Z",
                "description": "Ant Media Server Enterprise Edition 2.4.3 on Ubuntu 20.04",
                "distribution": "Ubuntu",
                "error_message": "",
                "id": 107189758,
                "image": "107189758",
                "min_disk_size": 25,
                "name": "Ant Media Server Enterprise Edition 2.4.3 on Ubuntu 20.04",
                "private": false,
                "regions": [
                  "ams2",
                  "ams3",
                  "blr1",
                  "fra1",
                  "lon1",
                  "nyc1",
                  "nyc2",
                  "nyc3",
                  "sfo1",
                  "sfo2",
                  "sfo3",
                  "sgp1",
                  "syd1",
                  "tor1"
                ],
                "size_gigabytes": 3.24,
                "slug": "antmedia-antmediaserveren-18-04",
                "status": "available",
                "tags": [],
                "type": "snapshot"
              },
              {
                "created": "2022-04-29T12:55:43Z",
                "description": "Ant Media Server Community Edition 2.4.3 on Ubuntu 20.04",
                "distribution": "Ubuntu",
                "error_message": "",
                "id": 107188737,
                "image": "107188737",
                "min_disk_size": 25,
                "name": "Ant Media Server Community Edition 2.4.3 on Ubuntu 20.04",
                "private": false,
                "regions": [
                  "ams2",
                  "ams3",
                  "blr1",
                  "fra1",
                  "lon1",
                  "nyc1",
                  "nyc2",
                  "nyc3",
                  "sfo1",
                  "sfo2",
                  "sfo3",
                  "sgp1",
                  "syd1",
                  "tor1"
                ],
                "size_gigabytes": 3.18,
                "slug": "antmedia-antmediaserverco-18-04",
                "status": "available",
                "tags": [],
                "type": "snapshot"
              },
              {
                "created": "2022-04-29T06:49:55Z",
                "description": "CyberPanel 2.3.1 on Ubuntu 20.04",
                "distribution": "Ubuntu",
                "error_message": "",
                "id": 107183589,
                "image": "107183589",
                "min_disk_size": 25,
                "name": "CyberPanel 2.3.1 on Ubuntu 20.04",
                "private": false,
                "regions": [
                  "ams2",
                  "ams3",
                  "blr1",
                  "fra1",
                  "lon1",
                  "nyc1",
                  "nyc2",
                  "nyc3",
                  "sfo1",
                  "sfo2",
                  "sfo3",
                  "sgp1",
                  "syd1",
                  "tor1"
                ],
                "size_gigabytes": 6.23,
                "slug": "litespeedtechnol-cyberpanel-20-04",
                "status": "available",
                "tags": [],
                "type": "snapshot"
              },
              {
                "created": "2022-04-29T03:25:07Z",
                "description": "Plesk 18.0.43 on Ubuntu 20.04",
                "distribution": "Ubuntu",
                "error_message": "",
                "id": 107171136,
                "image": "107171136",
                "min_disk_size": 25,
                "name": "Plesk 18.0.43 on Ubuntu 20.04",
                "private": false,
                "regions": [
                  "ams2",
                  "ams3",
                  "blr1",
                  "fra1",
                  "lon1",
                  "nyc1",
                  "nyc2",
                  "nyc3",
                  "sfo1",
                  "sfo2",
                  "sfo3",
                  "sgp1",
                  "syd1",
                  "tor1"
                ],
                "size_gigabytes": 3.62,
                "slug": "plesk-20-04",
                "status": "available",
                "tags": [],
                "type": "snapshot"
              },
              {
                "created": "2022-04-29T00:19:36Z",
                "description": "Lume Web DNS Relay 0.1.0 on Ubuntu 18.04",
                "distribution": "Ubuntu",
                "error_message": "",
                "id": 107151286,
                "image": "107151286",
                "min_disk_size": 25,
                "name": "Lume Web DNS Relay 0.1.0 on Ubuntu 18.04",
                "private": false,
                "regions": [
                  "ams2",
                  "ams3",
                  "blr1",
                  "fra1",
                  "lon1",
                  "nyc1",
                  "nyc2",
                  "nyc3",
                  "sfo1",
                  "sfo2",
                  "sfo3",
                  "sgp1",
                  "syd1",
                  "tor1"
                ],
                "size_gigabytes": 9.22,
                "slug": "hammertechnologi-lumewebdnsrelay",
                "status": "available",
                "tags": [],
                "type": "snapshot"
              },
              {
                "created": "2022-04-17T21:16:10Z",
                "description": "authentik 2022.4.1 on Ubuntu 20.04",
                "distribution": "Ubuntu",
                "error_message": "",
                "id": 106359426,
                "image": "106359426",
                "min_disk_size": 50,
                "name": "authentik 2022.4.1 on Ubuntu 20.04",
                "private": false,
                "regions": [
                  "ams2",
                  "ams3",
                  "blr1",
                  "fra1",
                  "lon1",
                  "nyc1",
                  "nyc2",
                  "nyc3",
                  "sfo1",
                  "sfo2",
                  "sfo3",
                  "sgp1",
                  "syd1",
                  "tor1"
                ],
                "size_gigabytes": 3.56,
                "slug": "goauthentikio-authentik",
                "status": "available",
                "tags": [],
                "type": "snapshot"
              },
              {
                "created": "2022-04-15T11:12:09Z",
                "description": "MonetDB 11.43.13 on Ubuntu 20.04",
                "distribution": "Ubuntu",
                "error_message": "",
                "id": 106199620,
                "image": "106199620",
                "min_disk_size": 25,
                "name": "MonetDB 11.43.13 on Ubuntu 20.04",
                "private": false,
                "regions": [
                  "ams2",
                  "ams3",
                  "blr1",
                  "fra1",
                  "lon1",
                  "nyc1",
                  "nyc2",
                  "nyc3",
                  "sfo1",
                  "sfo2",
                  "sfo3",
                  "sgp1",
                  "syd1",
                  "tor1"
                ],
                "size_gigabytes": 1.88,
                "slug": "monetdbsolutions-monetdb",
                "status": "available",
                "tags": [],
                "type": "snapshot"
              },
              {
                "created": "2022-04-11T01:16:58Z",
                "description": "Osmosis 7.1.0 on Ubuntu 20.04",
                "distribution": "Ubuntu",
                "error_message": "",
                "id": 105885383,
                "image": "105885383",
                "min_disk_size": 25,
                "name": "Osmosis 7.1.0 on Ubuntu 20.04",
                "private": false,
                "regions": [
                  "ams2",
                  "ams3",
                  "blr1",
                  "fra1",
                  "lon1",
                  "nyc1",
                  "nyc2",
                  "nyc3",
                  "sfo1",
                  "sfo2",
                  "sfo3",
                  "sgp1",
                  "syd1",
                  "tor1"
                ],
                "size_gigabytes": 4.05,
                "slug": "osmosislabs-osmosis",
                "status": "available",
                "tags": [],
                "type": "snapshot"
              },
              {
                "created": "2022-04-07T20:30:04Z",
                "description": "filecoin-lotus 1.15.0 on Ubuntu 20.04 (LTS)",
                "distribution": "Ubuntu",
                "error_message": "",
                "id": 105653912,
                "image": "105653912",
                "min_disk_size": 25,
                "name": "filecoin-lotus 1.15.0 on Ubuntu 20.04 (LTS)",
                "private": false,
                "regions": [
                  "ams2",
                  "ams3",
                  "blr1",
                  "fra1",
                  "lon1",
                  "nyc1",
                  "nyc2",
                  "nyc3",
                  "sfo1",
                  "sfo2",
                  "sfo3",
                  "sgp1",
                  "syd1",
                  "tor1"
                ],
                "size_gigabytes": 1.8,
                "slug": "protocollabs-filecoinlotus-20-04",
                "status": "available",
                "tags": [],
                "type": "snapshot"
              },
              {
                "created": "2022-04-05T19:29:57Z",
                "description": "Frankenstein Testnet Fullnode 0.18.13 on Ubuntu 20.04",
                "distribution": "Ubuntu",
                "error_message": "",
                "id": 105506463,
                "image": "105506463",
                "min_disk_size": 25,
                "name": "Frankenstein Testnet Fullnode 0.18.13 on Ubuntu 20.04",
                "private": false,
                "regions": [
                  "ams2",
                  "ams3",
                  "blr1",
                  "fra1",
                  "lon1",
                  "nyc1",
                  "nyc2",
                  "nyc3",
                  "sfo1",
                  "sfo2",
                  "sfo3",
                  "sgp1",
                  "syd1",
                  "tor1"
                ],
                "size_gigabytes": 2.48,
                "slug": "oneledger-frankensteintest",
                "status": "available",
                "tags": [],
                "type": "snapshot"
              },
              {
                "created": "2022-04-01T19:55:20Z",
                "description": "LiveSwitch Server 1.14.5.12846 on Ubuntu 20.04",
                "distribution": "Ubuntu",
                "error_message": "",
                "id": 105227812,
                "image": "105227812",
                "min_disk_size": 60,
                "name": "LiveSwitch Server 1.14.5.12846 on Ubuntu 20.04",
                "private": false,
                "regions": [
                  "ams2",
                  "ams3",
                  "blr1",
                  "fra1",
                  "lon1",
                  "nyc1",
                  "nyc2",
                  "nyc3",
                  "sfo1",
                  "sfo2",
                  "sfo3",
                  "sgp1",
                  "syd1",
                  "tor1"
                ],
                "size_gigabytes": 3.05,
                "slug": "liveswitch-liveswitchserver",
                "status": "available",
                "tags": [],
                "type": "snapshot"
              },
              {
                "created": "2022-03-28T03:53:35Z",
                "description": "SRS 4.3 on Ubuntu 20.04",
                "distribution": "Ubuntu",
                "error_message": "",
                "id": 104916642,
                "image": "104916642",
                "min_disk_size": 25,
                "name": "SRS 4.3 on Ubuntu 20.04",
                "private": false,
                "regions": [
                  "ams2",
                  "ams3",
                  "blr1",
                  "fra1",
                  "lon1",
                  "nyc1",
                  "nyc2",
                  "nyc3",
                  "sfo1",
                  "sfo2",
                  "sfo3",
                  "sgp1",
                  "syd1",
                  "tor1"
                ],
                "size_gigabytes": 5.5,
                "slug": "ossrs-srs",
                "status": "available",
                "tags": [],
                "type": "snapshot"
              },
              {
                "created": "2022-03-24T12:56:37Z",
                "description": "Bitwarden 1.47.1 on Ubuntu 20.04",
                "distribution": "Ubuntu",
                "error_message": "",
                "id": 104657754,
                "image": "104657754",
                "min_disk_size": 25,
                "name": "Bitwarden 1.47.1 on Ubuntu 20.04",
                "private": false,
                "regions": [
                  "ams2",
                  "ams3",
                  "blr1",
                  "fra1",
                  "lon1",
                  "nyc1",
                  "nyc2",
                  "nyc3",
                  "sfo1",
                  "sfo2",
                  "sfo3",
                  "sgp1",
                  "syd1",
                  "tor1"
                ],
                "size_gigabytes": 2.28,
                "slug": "bitwarden-18-04",
                "status": "available",
                "tags": [],
                "type": "snapshot"
              },
              {
                "created": "2022-03-20T06:42:39Z",
                "description": "Flipstarter 1.1.5 on Ubuntu 20.04",
                "distribution": "Ubuntu",
                "error_message": "",
                "id": 104372211,
                "image": "104372211",
                "min_disk_size": 25,
                "name": "Flipstarter 1.1.5 on Ubuntu 20.04",
                "private": false,
                "regions": [
                  "ams2",
                  "ams3",
                  "blr1",
                  "fra1",
                  "lon1",
                  "nyc1",
                  "nyc2",
                  "nyc3",
                  "sfo1",
                  "sfo2",
                  "sfo3",
                  "sgp1",
                  "syd1",
                  "tor1"
                ],
                "size_gigabytes": 2.79,
                "slug": "flipstarter-18-04",
                "status": "available",
                "tags": [],
                "type": "snapshot"
              },
              {
                "created": "2022-03-15T15:52:59Z",
                "description": "Coin Collector by PowerTrader.net 1.3.1 on Ubuntu 20.04",
                "distribution": "Ubuntu",
                "error_message": "",
                "id": 104033341,
                "image": "104033341",
                "min_disk_size": 25,
                "name": "Coin Collector by PowerTrader.net 1.3.1 on Ubuntu 20.04",
                "private": false,
                "regions": [
                  "ams2",
                  "ams3",
                  "blr1",
                  "fra1",
                  "lon1",
                  "nyc1",
                  "nyc2",
                  "nyc3",
                  "sfo1",
                  "sfo2",
                  "sfo3",
                  "sgp1",
                  "syd1",
                  "tor1"
                ],
                "size_gigabytes": 4.7,
                "slug": "powertrader-coincollectorbyp",
                "status": "available",
                "tags": [],
                "type": "snapshot"
              },
              {
                "created": "2022-03-10T09:16:09Z",
                "description": "Bugfender 2022.1.0 on Ubuntu 20.04",
                "distribution": "Ubuntu",
                "error_message": "",
                "id": 103677771,
                "image": "103677771",
                "min_disk_size": 80,
                "name": "Bugfender 2022.1.0 on Ubuntu 20.04",
                "private": false,
                "regions": [
                  "ams2",
                  "ams3",
                  "blr1",
                  "fra1",
                  "lon1",
                  "nyc1",
                  "nyc2",
                  "nyc3",
                  "sfo1",
                  "sfo2",
                  "sfo3",
                  "sgp1",
                  "syd1",
                  "tor1"
                ],
                "size_gigabytes": 8.48,
                "slug": "bugfender-20-04",
                "status": "available",
                "tags": [],
                "type": "snapshot"
              },
              {
                "created": "2022-03-04T19:12:33Z",
                "description": "Coder 1.28.1a on Ubuntu 20.04",
                "distribution": "Ubuntu",
                "error_message": "",
                "id": 103272884,
                "image": "103272884",
                "min_disk_size": 80,
                "name": "Coder 1.28.1a on Ubuntu 20.04",
                "private": false,
                "regions": [
                  "ams2",
                  "ams3",
                  "blr1",
                  "fra1",
                  "lon1",
                  "nyc1",
                  "nyc2",
                  "nyc3",
                  "sfo1",
                  "sfo2",
                  "sfo3",
                  "sgp1",
                  "syd1",
                  "tor1"
                ],
                "size_gigabytes": 4.32,
                "slug": "coder",
                "status": "available",
                "tags": [],
                "type": "snapshot"
              },
              {
                "created": "2022-02-17T05:58:35Z",
                "description": "ClusterControl 1.9.2 on Ubuntu 20.04",
                "distribution": "Ubuntu",
                "error_message": "",
                "id": 102208557,
                "image": "102208557",
                "min_disk_size": 80,
                "name": "ClusterControl 1.9.2 on Ubuntu 20.04",
                "private": false,
                "regions": [
                  "ams2",
                  "ams3",
                  "blr1",
                  "fra1",
                  "lon1",
                  "nyc1",
                  "nyc2",
                  "nyc3",
                  "sfo1",
                  "sfo2",
                  "sfo3",
                  "sgp1",
                  "syd1",
                  "tor1"
                ],
                "size_gigabytes": 4.01,
                "slug": "severalnines-clustercontrol-20-04",
                "status": "available",
                "tags": [],
                "type": "snapshot"
              },
              {
                "created": "2022-02-11T07:16:48Z",
                "description": "Mainnet Fullnode 0.18.13 on Ubuntu 20.04",
                "distribution": "Ubuntu",
                "error_message": "",
                "id": 101794926,
                "image": "101794926",
                "min_disk_size": 25,
                "name": "Mainnet Fullnode 0.18.13 on Ubuntu 20.04",
                "private": false,
                "regions": [
                  "ams2",
                  "ams3",
                  "blr1",
                  "fra1",
                  "lon1",
                  "nyc1",
                  "nyc2",
                  "nyc3",
                  "sfo1",
                  "sfo2",
                  "sfo3",
                  "sgp1",
                  "syd1",
                  "tor1"
                ],
                "size_gigabytes": 2.23,
                "slug": "oneledger-mainnetfullnode",
                "status": "available",
                "tags": [],
                "type": "snapshot"
              },
              {
                "created": "2022-02-07T09:52:02Z",
                "description": "Restyaboard 1.7.1 on Ubuntu 20.04",
                "distribution": "Ubuntu",
                "error_message": "",
                "id": 101517161,
                "image": "101517161",
                "min_disk_size": 25,
                "name": "Restyaboard 1.7.1 on Ubuntu 20.04",
                "private": false,
                "regions": [
                  "ams2",
                  "ams3",
                  "blr1",
                  "fra1",
                  "lon1",
                  "nyc1",
                  "nyc2",
                  "nyc3",
                  "sfo1",
                  "sfo2",
                  "sfo3",
                  "sgp1",
                  "syd1",
                  "tor1"
                ],
                "size_gigabytes": 2.26,
                "slug": "restya-restyaboard-20-04",
                "status": "available",
                "tags": [],
                "type": "snapshot"
              },
              {
                "created": "2022-02-05T18:05:19Z",
                "description": "AzuraCast 0.15.0 on Ubuntu 20.04",
                "distribution": "Ubuntu",
                "error_message": "",
                "id": 101390962,
                "image": "101390962",
                "min_disk_size": 50,
                "name": "AzuraCast 0.15.0 on Ubuntu 20.04",
                "private": false,
                "regions": [
                  "ams2",
                  "ams3",
                  "blr1",
                  "fra1",
                  "lon1",
                  "nyc1",
                  "nyc2",
                  "nyc3",
                  "sfo1",
                  "sfo2",
                  "sfo3",
                  "sgp1",
                  "syd1",
                  "tor1"
                ],
                "size_gigabytes": 6.03,
                "slug": "azuracast-20-04",
                "status": "available",
                "tags": [],
                "type": "snapshot"
              },
              {
                "created": "2022-01-29T15:40:05Z",
                "description": "Chevereto-Free 1.6.2 on Ubuntu 20.04",
                "distribution": "Ubuntu",
                "error_message": "",
                "id": 100903121,
                "image": "100903121",
                "min_disk_size": 25,
                "name": "Chevereto-Free 1.6.2 on Ubuntu 20.04",
                "private": false,
                "regions": [
                  "ams2",
                  "ams3",
                  "blr1",
                  "fra1",
                  "lon1",
                  "nyc1",
                  "nyc2",
                  "nyc3",
                  "sfo1",
                  "sfo2",
                  "sfo3",
                  "sgp1",
                  "syd1",
                  "tor1"
                ],
                "size_gigabytes": 2.5,
                "slug": "chevereto-cheveretofree",
                "status": "available",
                "tags": [],
                "type": "snapshot"
              },
              {
                "created": "2022-01-26T18:58:07Z",
                "description": "Metabase 0.41.6 on Ubuntu 18.04",
                "distribution": "Ubuntu",
                "error_message": "",
                "id": 100701107,
                "image": "100701107",
                "min_disk_size": 25,
                "name": "Metabase 0.41.6 on Ubuntu 18.04",
                "private": false,
                "regions": [
                  "ams2",
                  "ams3",
                  "blr1",
                  "fra1",
                  "lon1",
                  "nyc1",
                  "nyc2",
                  "nyc3",
                  "sfo1",
                  "sfo2",
                  "sfo3",
                  "sgp1",
                  "syd1",
                  "tor1"
                ],
                "size_gigabytes": 2.79,
                "slug": "metabase-18-04",
                "status": "available",
                "tags": [],
                "type": "snapshot"
              },
              {
                "created": "2022-01-25T12:24:43Z",
                "description": "Flexify.IO Multi-cloud / Migration 2.12.8 on Ubuntu 20.04 LTS",
                "distribution": "Ubuntu",
                "error_message": "",
                "id": 100621975,
                "image": "100621975",
                "min_disk_size": 50,
                "name": "Flexify.IO Multi-cloud / Migration 2.12.8 on Ubuntu 20.04 LTS",
                "private": false,
                "regions": [
                  "ams2",
                  "ams3",
                  "blr1",
                  "fra1",
                  "lon1",
                  "nyc1",
                  "nyc2",
                  "nyc3",
                  "sfo1",
                  "sfo2",
                  "sfo3",
                  "sgp1",
                  "syd1",
                  "tor1"
                ],
                "size_gigabytes": 3.21,
                "slug": "flexifyio-flexifyiomulticl-20-04",
                "status": "available",
                "tags": [],
                "type": "snapshot"
              },
              {
                "created": "2022-01-25T11:54:21Z",
                "description": "Varnish Cache 6.0.10 on Ubuntu 18.04",
                "distribution": "Ubuntu",
                "error_message": "",
                "id": 100620736,
                "image": "100620736",
                "min_disk_size": 25,
                "name": "Varnish Cache 6.0.10 on Ubuntu 18.04",
                "private": false,
                "regions": [
                  "ams2",
                  "ams3",
                  "blr1",
                  "fra1",
                  "lon1",
                  "nyc1",
                  "nyc2",
                  "nyc3",
                  "sfo1",
                  "sfo2",
                  "sfo3",
                  "sgp1",
                  "syd1",
                  "tor1"
                ],
                "size_gigabytes": 1.82,
                "slug": "varnishsoftware-varnishcache-18-04",
                "status": "available",
                "tags": [],
                "type": "snapshot"
              },
              {
                "created": "2022-01-11T17:01:47Z",
                "description": "WebMaker Server 10.6 on Ubuntu 20.04",
                "distribution": "Ubuntu",
                "error_message": "",
                "id": 99669022,
                "image": "99669022",
                "min_disk_size": 25,
                "name": "WebMaker Server 10.6 on Ubuntu 20.04",
                "private": false,
                "regions": [
                  "ams2",
                  "ams3",
                  "blr1",
                  "fra1",
                  "lon1",
                  "nyc1",
                  "nyc2",
                  "nyc3",
                  "sfo1",
                  "sfo2",
                  "sfo3",
                  "sgp1",
                  "syd1",
                  "tor1"
                ],
                "size_gigabytes": 2.13,
                "slug": "hyfinity-webmakerserver-20-04",
                "status": "available",
                "tags": [],
                "type": "snapshot"
              },
              {
                "created": "2022-01-10T13:28:22Z",
                "description": "ThePlanMinder PostgreSQL 1.03 on Ubuntu 20.04",
                "distribution": "Ubuntu",
                "error_message": "",
                "id": 99594631,
                "image": "99594631",
                "min_disk_size": 25,
                "name": "ThePlanMinder PostgreSQL 1.03 on Ubuntu 20.04",
                "private": false,
                "regions": [
                  "ams2",
                  "ams3",
                  "blr1",
                  "fra1",
                  "lon1",
                  "nyc1",
                  "nyc2",
                  "nyc3",
                  "sfo1",
                  "sfo2",
                  "sfo3",
                  "sgp1",
                  "syd1",
                  "tor1"
                ],
                "size_gigabytes": 2.01,
                "slug": "auspiciaab-theplanminderpos-20-04",
                "status": "available",
                "tags": [],
                "type": "snapshot"
              },
              {
                "created": "2021-12-23T02:52:24Z",
                "description": "CyberPanel Joomla 3.0.10 on Ubuntu 20.04",
                "distribution": "Ubuntu",
                "error_message": "",
                "id": 98354302,
                "image": "98354302",
                "min_disk_size": 25,
                "name": "CyberPanel Joomla 3.0.10 on Ubuntu 20.04",
                "private": false,
                "regions": [
                  "ams2",
                  "ams3",
                  "blr1",
                  "fra1",
                  "lon1",
                  "nyc1",
                  "nyc2",
                  "nyc3",
                  "sfo1",
                  "sfo2",
                  "sfo3",
                  "sgp1",
                  "syd1",
                  "tor1"
                ],
                "size_gigabytes": 5.94,
                "slug": "litespeedtechnol-cyberpaneljoomla",
                "status": "available",
                "tags": [],
                "type": "snapshot"
              },
              {
                "created": "2021-12-21T10:05:25Z",
                "description": "Mist 4.6.2 on Ubuntu 20.04",
                "distribution": "Ubuntu",
                "error_message": "",
                "id": 98236710,
                "image": "98236710",
                "min_disk_size": 100,
                "name": "Mist 4.6.2 on Ubuntu 20.04",
                "private": false,
                "regions": [
                  "ams2",
                  "ams3",
                  "blr1",
                  "fra1",
                  "lon1",
                  "nyc1",
                  "nyc2",
                  "nyc3",
                  "sfo1",
                  "sfo2",
                  "sfo3",
                  "sgp1",
                  "syd1",
                  "tor1"
                ],
                "size_gigabytes": 13.45,
                "slug": "mistio-mist-20-04",
                "status": "available",
                "tags": [],
                "type": "snapshot"
              },
              {
                "created": "2021-12-19T23:05:33Z",
                "description": "Jitsi Server 2.0.6726 on Ubuntu 20.04",
                "distribution": "Ubuntu",
                "error_message": "",
                "id": 98130371,
                "image": "98130371",
                "min_disk_size": 25,
                "name": "Jitsi Server 2.0.6726 on Ubuntu 20.04",
                "private": false,
                "regions": [
                  "ams2",
                  "ams3",
                  "blr1",
                  "fra1",
                  "lon1",
                  "nyc1",
                  "nyc2",
                  "nyc3",
                  "sfo1",
                  "sfo2",
                  "sfo3",
                  "sgp1",
                  "syd1",
                  "tor1"
                ],
                "size_gigabytes": 1.94,
                "slug": "jitsiserver-20-04",
                "status": "available",
                "tags": [],
                "type": "snapshot"
              },
              {
                "created": "2021-12-15T16:44:44Z",
                "description": "Kasm Workspaces 1.10.0 on Ubuntu 18.04",
                "distribution": "Ubuntu",
                "error_message": "",
                "id": 97837831,
                "image": "97837831",
                "min_disk_size": 80,
                "name": "Kasm Workspaces 1.10.0 on Ubuntu 18.04",
                "private": false,
                "regions": [
                  "ams2",
                  "ams3",
                  "blr1",
                  "fra1",
                  "lon1",
                  "nyc1",
                  "nyc2",
                  "nyc3",
                  "sfo1",
                  "sfo2",
                  "sfo3",
                  "sgp1",
                  "syd1",
                  "tor1"
                ],
                "size_gigabytes": 21.2,
                "slug": "kasmtechnologies-kasmworkspaces-18-04",
                "status": "available",
                "tags": [],
                "type": "snapshot"
              },
              {
                "created": "2021-12-13T12:51:00Z",
                "description": "GrandNode 2.0 1.1.0 on Ubuntu 18.04",
                "distribution": "Ubuntu",
                "error_message": "",
                "id": 97691195,
                "image": "97691195",
                "min_disk_size": 25,
                "name": "GrandNode 2.0 1.1.0 on Ubuntu 18.04",
                "private": false,
                "regions": [
                  "ams2",
                  "ams3",
                  "blr1",
                  "fra1",
                  "lon1",
                  "nyc1",
                  "nyc2",
                  "nyc3",
                  "sfo1",
                  "sfo2",
                  "sfo3",
                  "sgp1",
                  "syd1",
                  "tor1"
                ],
                "size_gigabytes": 2.42,
                "slug": "grandnode-grandnode20-18-04",
                "status": "available",
                "tags": [],
                "type": "snapshot"
              },
              {
                "created": "2021-12-09T21:42:12Z",
                "description": "node-army 3.0 on Ubuntu 20.04",
                "distribution": "Ubuntu",
                "error_message": "",
                "id": 97443875,
                "image": "97443875",
                "min_disk_size": 160,
                "name": "node-army 3.0 on Ubuntu 20.04",
                "private": false,
                "regions": [
                  "ams2",
                  "ams3",
                  "blr1",
                  "fra1",
                  "lon1",
                  "nyc1",
                  "nyc2",
                  "nyc3",
                  "sfo1",
                  "sfo2",
                  "sfo3",
                  "sgp1",
                  "syd1",
                  "tor1"
                ],
                "size_gigabytes": 1.82,
                "slug": "nodearmy",
                "status": "available",
                "tags": [],
                "type": "snapshot"
              },
              {
                "created": "2021-12-09T14:29:18Z",
                "description": "node-army-3.0 3.0 on Ubuntu 20.04 (LTS)",
                "distribution": "Ubuntu",
                "error_message": "",
                "id": 97423900,
                "image": "97423900",
                "min_disk_size": 160,
                "name": "node-army-3.0 3.0 on Ubuntu 20.04 (LTS)",
                "private": false,
                "regions": [
                  "ams2",
                  "ams3",
                  "blr1",
                  "fra1",
                  "lon1",
                  "nyc1",
                  "nyc2",
                  "nyc3",
                  "sfo1",
                  "sfo2",
                  "sfo3",
                  "sgp1",
                  "syd1",
                  "tor1"
                ],
                "size_gigabytes": 1.82,
                "slug": "nodearmy-nodearmy30",
                "status": "available",
                "tags": [],
                "type": "snapshot"
              },
              {
                "created": "2021-12-01T20:00:22Z",
                "description": "Budibase 1.0.0 on Ubuntu 20.04",
                "distribution": "Ubuntu",
                "error_message": "",
                "id": 96892285,
                "image": "96892285",
                "min_disk_size": 25,
                "name": "Budibase 1.0.0 on Ubuntu 20.04",
                "private": false,
                "regions": [
                  "ams2",
                  "ams3",
                  "blr1",
                  "fra1",
                  "lon1",
                  "nyc1",
                  "nyc2",
                  "nyc3",
                  "sfo1",
                  "sfo2",
                  "sfo3",
                  "sgp1",
                  "syd1",
                  "tor1"
                ],
                "size_gigabytes": 3.61,
                "slug": "budibase-20-04",
                "status": "available",
                "tags": [],
                "type": "snapshot"
              },
              {
                "created": "2021-11-27T16:13:21Z",
                "description": "Plone In A Box™ 5.2.2 on Ubuntu 20.04 (LTS)",
                "distribution": "Ubuntu",
                "error_message": "",
                "id": 96612479,
                "image": "96612479",
                "min_disk_size": 25,
                "name": "Plone In A Box™ 5.2.2 on Ubuntu 20.04 (LTS)",
                "private": false,
                "regions": [
                  "ams2",
                  "ams3",
                  "blr1",
                  "fra1",
                  "lon1",
                  "nyc1",
                  "nyc2",
                  "nyc3",
                  "sfo1",
                  "sfo2",
                  "sfo3",
                  "sgp1",
                  "syd1",
                  "tor1"
                ],
                "size_gigabytes": 4.73,
                "slug": "plone-ploneinabox",
                "status": "available",
                "tags": [],
                "type": "snapshot"
              },
              {
                "created": "2021-11-22T13:28:54Z",
                "description": "NodeGame 7.1.0 on Ubuntu 18.04",
                "distribution": "Ubuntu",
                "error_message": "",
                "id": 96267526,
                "image": "96267526",
                "min_disk_size": 25,
                "name": "NodeGame 7.1.0 on Ubuntu 18.04",
                "private": false,
                "regions": [
                  "ams2",
                  "ams3",
                  "blr1",
                  "fra1",
                  "lon1",
                  "nyc1",
                  "nyc2",
                  "nyc3",
                  "sfo1",
                  "sfo2",
                  "sfo3",
                  "sgp1",
                  "syd1",
                  "tor1"
                ],
                "size_gigabytes": 2.8,
                "slug": "nodegame-18-04",
                "status": "available",
                "tags": [],
                "type": "snapshot"
              },
              {
                "created": "2021-11-10T19:05:12Z",
                "description": "Airbyte 0.30.25 on 20.04",
                "distribution": "Ubuntu",
                "error_message": "",
                "id": 95451155,
                "image": "95451155",
                "min_disk_size": 25,
                "name": "Airbyte 0.30.25 on 20.04",
                "private": false,
                "regions": [
                  "ams2",
                  "ams3",
                  "blr1",
                  "fra1",
                  "lon1",
                  "nyc1",
                  "nyc2",
                  "nyc3",
                  "sfo1",
                  "sfo2",
                  "sfo3",
                  "sgp1",
                  "syd1",
                  "tor1"
                ],
                "size_gigabytes": 5.12,
                "slug": "airbyte",
                "status": "available",
                "tags": [],
                "type": "snapshot"
              },
              {
                "created": "2021-11-10T05:37:30Z",
                "description": "ShinyProxy 2.6.0.1 on Ubuntu 20.04",
                "distribution": "Ubuntu",
                "error_message": "",
                "id": 95434160,
                "image": "95434160",
                "min_disk_size": 25,
                "name": "ShinyProxy 2.6.0.1 on Ubuntu 20.04",
                "private": false,
                "regions": [
                  "ams2",
                  "ams3",
                  "blr1",
                  "fra1",
                  "lon1",
                  "nyc1",
                  "nyc2",
                  "nyc3",
                  "sfo1",
                  "sfo2",
                  "sfo3",
                  "sgp1",
                  "syd1",
                  "tor1"
                ],
                "size_gigabytes": 5.28,
                "slug": "analythium-shinyproxy-20-04",
                "status": "available",
                "tags": [],
                "type": "snapshot"
              },
              {
                "created": "2021-11-01T11:41:27Z",
                "description": "UTunnel VPN 1.0.0 on Ubuntu 20.04",
                "distribution": "Ubuntu",
                "error_message": "",
                "id": 94835736,
                "image": "94835736",
                "min_disk_size": 25,
                "name": "UTunnel VPN 1.0.0 on Ubuntu 20.04",
                "private": false,
                "regions": [
                  "ams2",
                  "ams3",
                  "blr1",
                  "fra1",
                  "lon1",
                  "nyc1",
                  "nyc2",
                  "nyc3",
                  "sfo1",
                  "sfo2",
                  "sfo3",
                  "sgp1",
                  "syd1",
                  "tor1"
                ],
                "size_gigabytes": 3.48,
                "slug": "utnadmins-utunnelvpn",
                "status": "available",
                "tags": [],
                "type": "snapshot"
              },
              {
                "created": "2021-10-22T15:44:21Z",
                "description": "Saltcorn 0.6.0 on Ubuntu 20.04",
                "distribution": "Ubuntu",
                "error_message": "",
                "id": 94173273,
                "image": "94173273",
                "min_disk_size": 25,
                "name": "Saltcorn 0.6.0 on Ubuntu 20.04",
                "private": false,
                "regions": [
                  "ams2",
                  "ams3",
                  "blr1",
                  "fra1",
                  "lon1",
                  "nyc1",
                  "nyc2",
                  "nyc3",
                  "sfo1",
                  "sfo2",
                  "sfo3",
                  "sgp1",
                  "syd1",
                  "tor1"
                ],
                "size_gigabytes": 2.87,
                "slug": "saltcorn-20-04",
                "status": "available",
                "tags": [],
                "type": "snapshot"
              },
              {
                "created": "2021-10-12T17:11:57Z",
                "description": "Open Source Social Network 6.1.0 on Ubuntu 18.04",
                "distribution": "Ubuntu",
                "error_message": "",
                "id": 93507929,
                "image": "93507929",
                "min_disk_size": 25,
                "name": "Open Source Social Network 6.1.0 on Ubuntu 18.04",
                "private": false,
                "regions": [
                  "ams2",
                  "ams3",
                  "blr1",
                  "fra1",
                  "lon1",
                  "nyc1",
                  "nyc2",
                  "nyc3",
                  "sfo1",
                  "sfo2",
                  "sfo3",
                  "sgp1",
                  "syd1",
                  "tor1"
                ],
                "size_gigabytes": 2.26,
                "slug": "softlab24-opensourcesocial-18-04",
                "status": "available",
                "tags": [],
                "type": "snapshot"
              },
              {
                "created": "2021-10-10T19:20:10Z",
                "description": "CapRover 1.10.1 on Ubuntu 18.04",
                "distribution": "Ubuntu",
                "error_message": "",
                "id": 93379849,
                "image": "93379849",
                "min_disk_size": 25,
                "name": "CapRover 1.10.1 on Ubuntu 18.04",
                "private": false,
                "regions": [
                  "ams2",
                  "ams3",
                  "blr1",
                  "fra1",
                  "lon1",
                  "nyc1",
                  "nyc2",
                  "nyc3",
                  "sfo1",
                  "sfo2",
                  "sfo3",
                  "sgp1",
                  "syd1",
                  "tor1"
                ],
                "size_gigabytes": 4.82,
                "slug": "caprover-18-04",
                "status": "available",
                "tags": [],
                "type": "snapshot"
              },
              {
                "created": "2021-10-09T01:11:53Z",
                "description": "CUBITE lilac on Ubuntu 20.04",
                "distribution": "Ubuntu",
                "error_message": "",
                "id": 93275894,
                "image": "93275894",
                "min_disk_size": 160,
                "name": "CUBITE lilac on Ubuntu 20.04",
                "private": false,
                "regions": [
                  "ams2",
                  "ams3",
                  "blr1",
                  "fra1",
                  "lon1",
                  "nyc1",
                  "nyc2",
                  "nyc3",
                  "sfo1",
                  "sfo2",
                  "sfo3",
                  "sgp1",
                  "syd1",
                  "tor1"
                ],
                "size_gigabytes": 19.92,
                "slug": "cubitetechnologi-cubite-20-04",
                "status": "available",
                "tags": [],
                "type": "snapshot"
              },
              {
                "created": "2021-09-12T07:27:05Z",
                "description": "SimpleX server 0.4.1 on Ubuntu 20.04",
                "distribution": "Ubuntu",
                "error_message": "",
                "id": 91647310,
                "image": "91647310",
                "min_disk_size": 25,
                "name": "SimpleX server 0.4.1 on Ubuntu 20.04",
                "private": false,
                "regions": [
                  "ams2",
                  "ams3",
                  "blr1",
                  "fra1",
                  "lon1",
                  "nyc1",
                  "nyc2",
                  "nyc3",
                  "sfo1",
                  "sfo2",
                  "sfo3",
                  "sgp1",
                  "syd1",
                  "tor1"
                ],
                "size_gigabytes": 1.6,
                "slug": "simplex-simplexserver-20-04",
                "status": "available",
                "tags": [],
                "type": "snapshot"
              },
              {
                "created": "2021-09-07T16:24:49Z",
                "description": "Helpy Pro 3.2.7.1 on Ubuntu 18.04",
                "distribution": "Ubuntu",
                "error_message": "",
                "id": 91338268,
                "image": "91338268",
                "min_disk_size": 25,
                "name": "Helpy Pro 3.2.7.1 on Ubuntu 18.04",
                "private": false,
                "regions": [
                  "ams2",
                  "ams3",
                  "blr1",
                  "fra1",
                  "lon1",
                  "nyc1",
                  "nyc2",
                  "nyc3",
                  "sfo1",
                  "sfo2",
                  "sfo3",
                  "sgp1",
                  "syd1",
                  "tor1"
                ],
                "size_gigabytes": 2.37,
                "slug": "helpyio-helpypro-18-04",
                "status": "available",
                "tags": [],
                "type": "snapshot"
              },
              {
                "created": "2021-09-03T12:22:58Z",
                "description": "Hyperledger Fabric Cloud Lab 1.4.2 on Ubuntu 18.04",
                "distribution": "Ubuntu",
                "error_message": "",
                "id": 91078400,
                "image": "91078400",
                "min_disk_size": 80,
                "name": "Hyperledger Fabric Cloud Lab 1.4.2 on Ubuntu 18.04",
                "private": false,
                "regions": [
                  "ams2",
                  "ams3",
                  "blr1",
                  "fra1",
                  "lon1",
                  "nyc1",
                  "nyc2",
                  "nyc3",
                  "sfo1",
                  "sfo2",
                  "sfo3",
                  "sgp1",
                  "syd1",
                  "tor1"
                ],
                "size_gigabytes": 2.62,
                "slug": "konnectedmindzte-hyperledgerfabri-18-04",
                "status": "available",
                "tags": [],
                "type": "snapshot"
              },
              {
                "created": "2021-08-16T17:18:44Z",
                "description": "MySQL 8.0.21 on Ubuntu 20.04",
                "distribution": "Ubuntu",
                "error_message": "",
                "id": 89941171,
                "image": "89941171",
                "min_disk_size": 25,
                "name": "MySQL 8.0.21 on Ubuntu 20.04",
                "private": false,
                "regions": [
                  "ams2",
                  "ams3",
                  "blr1",
                  "fra1",
                  "lon1",
                  "nyc1",
                  "nyc2",
                  "nyc3",
                  "sfo1",
                  "sfo2",
                  "sfo3",
                  "sgp1",
                  "syd1",
                  "tor1"
                ],
                "size_gigabytes": 2.5,
                "slug": "mysql-20-04",
                "status": "available",
                "tags": [],
                "type": "snapshot"
              },
              {
                "created": "2021-08-13T05:19:00Z",
                "description": "OpenCPU 2.2.4 on Ubuntu 20.04",
                "distribution": "Ubuntu",
                "error_message": "",
                "id": 89735378,
                "image": "89735378",
                "min_disk_size": 25,
                "name": "OpenCPU 2.2.4 on Ubuntu 20.04",
                "private": false,
                "regions": [
                  "ams2",
                  "ams3",
                  "blr1",
                  "fra1",
                  "lon1",
                  "nyc1",
                  "nyc2",
                  "nyc3",
                  "sfo1",
                  "sfo2",
                  "sfo3",
                  "sgp1",
                  "syd1",
                  "tor1"
                ],
                "size_gigabytes": 3.42,
                "slug": "analythium-opencpu-20-04",
                "status": "available",
                "tags": [],
                "type": "snapshot"
              },
              {
                "created": "2021-08-08T10:55:54Z",
                "description": "PhotoPrism on Ubuntu 20.04",
                "distribution": "Ubuntu",
                "error_message": "",
                "id": 89427598,
                "image": "89427598",
                "min_disk_size": 25,
                "name": "PhotoPrism on Ubuntu 20.04",
                "private": false,
                "regions": [
                  "ams2",
                  "ams3",
                  "blr1",
                  "fra1",
                  "lon1",
                  "nyc1",
                  "nyc2",
                  "nyc3",
                  "sfo1",
                  "sfo2",
                  "sfo3",
                  "sgp1",
                  "syd1",
                  "tor1"
                ],
                "size_gigabytes": 1.77,
                "slug": "photoprism-20-04",
                "status": "available",
                "tags": [],
                "type": "snapshot"
              },
              {
                "created": "2021-08-06T20:39:49Z",
                "description": "filecoin-lotus 1.11.0 on Ubuntu 20.04 (LTS)",
                "distribution": "Ubuntu",
                "error_message": "",
                "id": 89318075,
                "image": "89318075",
                "min_disk_size": 25,
                "name": "filecoin-lotus 1.11.0 on Ubuntu 20.04 (LTS)",
                "private": false,
                "regions": [
                  "ams2",
                  "ams3",
                  "blr1",
                  "fra1",
                  "lon1",
                  "nyc1",
                  "nyc2",
                  "nyc3",
                  "sfo1",
                  "sfo2",
                  "sfo3",
                  "sgp1",
                  "syd1",
                  "tor1"
                ],
                "size_gigabytes": 1.81,
                "slug": "",
                "status": "available",
                "tags": [],
                "type": "snapshot"
              },
              {
                "created": "2021-08-06T15:31:41Z",
                "description": "flussonic 21.08.1 on Ubuntu 20.04",
                "distribution": "Ubuntu",
                "error_message": "",
                "id": 89307756,
                "image": "89307756",
                "min_disk_size": 25,
                "name": "flussonic 21.08.1 on Ubuntu 20.04",
                "private": false,
                "regions": [
                  "ams2",
                  "ams3",
                  "blr1",
                  "fra1",
                  "lon1",
                  "nyc1",
                  "nyc2",
                  "nyc3",
                  "sfo1",
                  "sfo2",
                  "sfo3",
                  "sgp1",
                  "syd1",
                  "tor1"
                ],
                "size_gigabytes": 1.75,
                "slug": "flussonic-20-04",
                "status": "available",
                "tags": [],
                "type": "snapshot"
              },
              {
                "created": "2021-07-13T14:10:01Z",
                "description": "Docker 19.03.12 on Ubuntu 20.04",
                "distribution": "Ubuntu",
                "error_message": "",
                "id": 87786318,
                "image": "87786318",
                "min_disk_size": 25,
                "name": "Docker 19.03.12 on Ubuntu 20.04",
                "private": false,
                "regions": [
                  "ams2",
                  "ams3",
                  "blr1",
                  "fra1",
                  "lon1",
                  "nyc1",
                  "nyc2",
                  "nyc3",
                  "sfo1",
                  "sfo2",
                  "sfo3",
                  "sgp1",
                  "syd1",
                  "tor1"
                ],
                "size_gigabytes": 3.21,
                "slug": "docker-20-04",
                "status": "available",
                "tags": [],
                "type": "snapshot"
              },
              {
                "created": "2021-07-09T17:34:32Z",
                "description": "gutiumtestapp333 1 on Ubuntu 20.04",
                "distribution": "Ubuntu",
                "error_message": "",
                "id": 87540499,
                "image": "87540499",
                "min_disk_size": 25,
                "name": "gutiumtestapp333 1 on Ubuntu 20.04",
                "private": false,
                "regions": [
                  "ams2",
                  "ams3",
                  "blr1",
                  "fra1",
                  "lon1",
                  "nyc1",
                  "nyc2",
                  "nyc3",
                  "sfo1",
                  "sfo2",
                  "sfo3",
                  "sgp1",
                  "syd1",
                  "tor1"
                ],
                "size_gigabytes": 1.77,
                "slug": "mpdev-gutiumtestapp-20-04",
                "status": "available",
                "tags": [],
                "type": "snapshot"
              },
              {
                "created": "2021-07-08T15:04:43Z",
                "description": "gutiumtestapp_new_test 2 on Ubuntu 20.04",
                "distribution": "Ubuntu",
                "error_message": "",
                "id": 87473669,
                "image": "87473669",
                "min_disk_size": 25,
                "name": "gutiumtestapp_new_test 2 on Ubuntu 20.04",
                "private": false,
                "regions": [
                  "ams2",
                  "ams3",
                  "blr1",
                  "fra1",
                  "lon1",
                  "nyc1",
                  "nyc2",
                  "nyc3",
                  "sfo1",
                  "sfo2",
                  "sfo3",
                  "sgp1",
                  "syd1",
                  "tor1"
                ],
                "size_gigabytes": 1.91,
                "slug": "mpdev-gutiumtestappnew-20-04",
                "status": "available",
                "tags": [],
                "type": "snapshot"
              },
              {
                "created": "2021-07-08T14:45:03Z",
                "description": "LEMP 42 on Ubuntu 20.04",
                "distribution": "Ubuntu",
                "error_message": "",
                "id": 87473165,
                "image": "87473165",
                "min_disk_size": 25,
                "name": "LEMP 42 on Ubuntu 20.04",
                "private": false,
                "regions": [
                  "ams2",
                  "ams3",
                  "blr1",
                  "fra1",
                  "lon1",
                  "nyc1",
                  "nyc2",
                  "nyc3",
                  "sfo1",
                  "sfo2",
                  "sfo3",
                  "sgp1",
                  "syd1",
                  "tor1"
                ],
                "size_gigabytes": 2.37,
                "slug": "lemp-20-04",
                "status": "available",
                "tags": [],
                "type": "snapshot"
              },
              {
                "created": "2021-07-06T09:26:30Z",
                "description": "Free Cost Management 1-1-326707216-master on Ubuntu 20.04",
                "distribution": "Ubuntu",
                "error_message": "",
                "id": 87342480,
                "image": "87342480",
                "min_disk_size": 160,
                "name": "Free Cost Management 1-1-326707216-master on Ubuntu 20.04",
                "private": false,
                "regions": [
                  "ams2",
                  "ams3",
                  "blr1",
                  "fra1",
                  "lon1",
                  "nyc1",
                  "nyc2",
                  "nyc3",
                  "sfo1",
                  "sfo2",
                  "sfo3",
                  "sgp1",
                  "syd1",
                  "tor1"
                ],
                "size_gigabytes": 14.24,
                "slug": "hystax-freecostmanageme-20-04",
                "status": "available",
                "tags": [],
                "type": "snapshot"
              },
              {
                "created": "2021-06-11T14:24:27Z",
                "description": "GitLab Enterprise Edition on Ubuntu 20.04",
                "distribution": "Ubuntu",
                "error_message": "",
                "id": 85777484,
                "image": "85777484",
                "min_disk_size": 50,
                "name": "GitLab Enterprise Edition on Ubuntu 20.04",
                "private": false,
                "regions": [
                  "ams2",
                  "ams3",
                  "blr1",
                  "fra1",
                  "lon1",
                  "nyc1",
                  "nyc2",
                  "nyc3",
                  "sfo1",
                  "sfo2",
                  "sfo3",
                  "sgp1",
                  "syd1",
                  "tor1"
                ],
                "size_gigabytes": 1.77,
                "slug": "gitlab-gitlabenterprise-20-04",
                "status": "available",
                "tags": [],
                "type": "snapshot"
              },
              {
                "created": "2021-06-11T05:58:33Z",
                "description": "Django 3.2 LTS 3.2.4 on Ubuntu 20.04",
                "distribution": "Ubuntu",
                "error_message": "",
                "id": 85765857,
                "image": "85765857",
                "min_disk_size": 25,
                "name": "Django 3.2 LTS 3.2.4 on Ubuntu 20.04",
                "private": false,
                "regions": [
                  "ams2",
                  "ams3",
                  "blr1",
                  "fra1",
                  "lon1",
                  "nyc1",
                  "nyc2",
                  "nyc3",
                  "sfo1",
                  "sfo2",
                  "sfo3",
                  "sgp1",
                  "syd1",
                  "tor1"
                ],
                "size_gigabytes": 2.17,
                "slug": "greendeployhq-django32lts-20-04",
                "status": "available",
                "tags": [],
                "type": "snapshot"
              },
              {
                "created": "2021-06-10T18:27:53Z",
                "description": "GitLab Enterprise Edition on Ubuntu 20.04",
                "distribution": "Ubuntu",
                "error_message": "",
                "id": 85720088,
                "image": "85720088",
                "min_disk_size": 80,
                "name": "GitLab Enterprise Edition on Ubuntu 20.04",
                "private": false,
                "regions": [
                  "ams2",
                  "ams3",
                  "blr1",
                  "fra1",
                  "lon1",
                  "nyc1",
                  "nyc2",
                  "nyc3",
                  "sfo1",
                  "sfo2",
                  "sfo3",
                  "sgp1",
                  "syd1",
                  "tor1"
                ],
                "size_gigabytes": 1.77,
                "slug": "gitlab-gitlabenterprise-18-04",
                "status": "available",
                "tags": [],
                "type": "snapshot"
              },
              {
                "created": "2021-06-08T19:32:22Z",
                "description": "Dokos 2.0.0 on Ubuntu 18.04",
                "distribution": "Ubuntu",
                "error_message": "",
                "id": 85595038,
                "image": "85595038",
                "min_disk_size": 80,
                "name": "Dokos 2.0.0 on Ubuntu 18.04",
                "private": false,
                "regions": [
                  "ams2",
                  "ams3",
                  "blr1",
                  "fra1",
                  "lon1",
                  "nyc1",
                  "nyc2",
                  "nyc3",
                  "sfo1",
                  "sfo2",
                  "sfo3",
                  "sgp1",
                  "syd1",
                  "tor1"
                ],
                "size_gigabytes": 7.23,
                "slug": "dokos-18-04",
                "status": "available",
                "tags": [],
                "type": "snapshot"
              },
              {
                "created": "2021-06-08T00:05:55Z",
                "description": "Gitea 1.14.2 on Ubuntu 20.04",
                "distribution": "Ubuntu",
                "error_message": "",
                "id": 85548027,
                "image": "85548027",
                "min_disk_size": 25,
                "name": "Gitea 1.14.2 on Ubuntu 20.04",
                "private": false,
                "regions": [
                  "ams2",
                  "ams3",
                  "blr1",
                  "fra1",
                  "lon1",
                  "nyc1",
                  "nyc2",
                  "nyc3",
                  "sfo1",
                  "sfo2",
                  "sfo3",
                  "sgp1",
                  "syd1",
                  "tor1"
                ],
                "size_gigabytes": 1.55,
                "slug": "gitea-20-04",
                "status": "available",
                "tags": [],
                "type": "snapshot"
              },
              {
                "created": "2021-06-04T18:11:25Z",
                "description": "WireSpeed VPN 1.1.5 on Ubuntu 18.04",
                "distribution": "Ubuntu",
                "error_message": "",
                "id": 85344051,
                "image": "85344051",
                "min_disk_size": 25,
                "name": "WireSpeed VPN 1.1.5 on Ubuntu 18.04",
                "private": false,
                "regions": [
                  "ams2",
                  "ams3",
                  "blr1",
                  "fra1",
                  "lon1",
                  "nyc1",
                  "nyc2",
                  "nyc3",
                  "sfo1",
                  "sfo2",
                  "sfo3",
                  "sgp1",
                  "syd1",
                  "tor1"
                ],
                "size_gigabytes": 1.53,
                "slug": "portalcloud-wirespeedvpnbybu-18-04",
                "status": "available",
                "tags": [],
                "type": "snapshot"
              },
              {
                "created": "2021-06-04T00:12:30Z",
                "description": "Chevereto 1.3.0 on Ubuntu 20.04",
                "distribution": "Ubuntu",
                "error_message": "",
                "id": 85299422,
                "image": "85299422",
                "min_disk_size": 25,
                "name": "Chevereto 1.3.0 on Ubuntu 20.04",
                "private": false,
                "regions": [
                  "ams2",
                  "ams3",
                  "blr1",
                  "fra1",
                  "lon1",
                  "nyc1",
                  "nyc2",
                  "nyc3",
                  "sfo1",
                  "sfo2",
                  "sfo3",
                  "sgp1",
                  "syd1",
                  "tor1"
                ],
                "size_gigabytes": 2.44,
                "slug": "chevereto-20-04",
                "status": "available",
                "tags": [],
                "type": "snapshot"
              },
              {
                "created": "2021-05-10T10:43:27Z",
                "description": "Speckle Server 2 on Ubuntu 20.04",
                "distribution": "Ubuntu",
                "error_message": "",
                "id": 83794590,
                "image": "83794590",
                "min_disk_size": 80,
                "name": "Speckle Server 2 on Ubuntu 20.04",
                "private": false,
                "regions": [
                  "ams2",
                  "ams3",
                  "blr1",
                  "fra1",
                  "lon1",
                  "nyc1",
                  "nyc2",
                  "nyc3",
                  "sfo1",
                  "sfo2",
                  "sfo3",
                  "sgp1",
                  "syd1",
                  "tor1"
                ],
                "size_gigabytes": 5.45,
                "slug": "aecsystems-speckleserver-20-04",
                "status": "available",
                "tags": [],
                "type": "snapshot"
              },
              {
                "created": "2021-05-06T07:43:40Z",
                "description": "AutoPanel - Wordpress Automation 1 on Ubuntu 20.04.2 LTS",
                "distribution": "Ubuntu",
                "error_message": "",
                "id": 83552241,
                "image": "83552241",
                "min_disk_size": 25,
                "name": "AutoPanel - Wordpress Automation 1 on Ubuntu 20.04.2 LTS",
                "private": false,
                "regions": [
                  "ams2",
                  "ams3",
                  "blr1",
                  "fra1",
                  "lon1",
                  "nyc1",
                  "nyc2",
                  "nyc3",
                  "sfo1",
                  "sfo2",
                  "sfo3",
                  "sgp1",
                  "syd1",
                  "tor1"
                ],
                "size_gigabytes": 2.79,
                "slug": "autopanel-autopanelwordpre-20-04-2",
                "status": "available",
                "tags": [],
                "type": "snapshot"
              },
              {
                "created": "2021-04-20T08:29:13Z",
                "description": "GrandNode 4.90.0 on Ubuntu 18.04",
                "distribution": "Ubuntu",
                "error_message": "",
                "id": 82584759,
                "image": "82584759",
                "min_disk_size": 25,
                "name": "GrandNode 4.90.0 on Ubuntu 18.04",
                "private": false,
                "regions": [
                  "ams2",
                  "ams3",
                  "blr1",
                  "fra1",
                  "lon1",
                  "nyc1",
                  "nyc2",
                  "nyc3",
                  "sfo1",
                  "sfo2",
                  "sfo3",
                  "sgp1",
                  "syd1",
                  "tor1"
                ],
                "size_gigabytes": 2.21,
                "slug": "grandnode-18-04",
                "status": "available",
                "tags": [],
                "type": "snapshot"
              },
              {
                "created": "2021-04-16T23:39:39Z",
                "description": "Gigantum Client 1.5.2 on Ubuntu 20.04",
                "distribution": "Ubuntu",
                "error_message": "",
                "id": 82368171,
                "image": "82368171",
                "min_disk_size": 25,
                "name": "Gigantum Client 1.5.2 on Ubuntu 20.04",
                "private": false,
                "regions": [
                  "ams2",
                  "ams3",
                  "blr1",
                  "fra1",
                  "lon1",
                  "nyc1",
                  "nyc2",
                  "nyc3",
                  "sfo1",
                  "sfo2",
                  "sfo3",
                  "sgp1",
                  "syd1",
                  "tor1"
                ],
                "size_gigabytes": 4.79,
                "slug": "gigantum-gigantumclient-20-04",
                "status": "available",
                "tags": [],
                "type": "snapshot"
              },
              {
                "created": "2021-03-31T10:23:39Z",
                "description": "Supabase Postgres 0.15.0 on Ubuntu 18.04",
                "distribution": "Ubuntu",
                "error_message": "",
                "id": 81378706,
                "image": "81378706",
                "min_disk_size": 25,
                "name": "Supabase Postgres 0.15.0 on Ubuntu 18.04",
                "private": false,
                "regions": [
                  "ams2",
                  "ams3",
                  "blr1",
                  "fra1",
                  "lon1",
                  "nyc1",
                  "nyc2",
                  "nyc3",
                  "sfo1",
                  "sfo2",
                  "sfo3",
                  "sgp1",
                  "syd1",
                  "tor1"
                ],
                "size_gigabytes": 5.97,
                "slug": "supabase-supabasepostgres-18-04",
                "status": "available",
                "tags": [],
                "type": "snapshot"
              },
              {
                "created": "2021-03-26T06:14:09Z",
                "description": "Web-WordPress 5.7 on 20.04",
                "distribution": "Ubuntu",
                "error_message": "",
                "id": 81075482,
                "image": "81075482",
                "min_disk_size": 25,
                "name": "Web-WordPress 5.7 on 20.04",
                "private": false,
                "regions": [
                  "ams2",
                  "ams3",
                  "blr1",
                  "fra1",
                  "lon1",
                  "nyc1",
                  "nyc2",
                  "nyc3",
                  "sfo1",
                  "sfo2",
                  "sfo3",
                  "sgp1",
                  "syd1",
                  "tor1"
                ],
                "size_gigabytes": 2.37,
                "slug": "cloudup-webwordpress-20-04",
                "status": "available",
                "tags": [],
                "type": "snapshot"
              },
              {
                "created": "2021-03-24T13:43:47Z",
                "description": "Mailcoach 4.0 on Ubuntu 20.04",
                "distribution": "Ubuntu",
                "error_message": "",
                "id": 80961989,
                "image": "80961989",
                "min_disk_size": 25,
                "name": "Mailcoach 4.0 on Ubuntu 20.04",
                "private": false,
                "regions": [
                  "ams2",
                  "ams3",
                  "blr1",
                  "fra1",
                  "lon1",
                  "nyc1",
                  "nyc2",
                  "nyc3",
                  "sfo1",
                  "sfo2",
                  "sfo3",
                  "sgp1",
                  "syd1",
                  "tor1"
                ],
                "size_gigabytes": 4.83,
                "slug": "spatie-mailcoach-20-04",
                "status": "available",
                "tags": [],
                "type": "snapshot"
              },
              {
                "created": "2021-03-12T20:08:57Z",
                "description": "twigs 1.0.1 on Ubuntu 20.04 LTS",
                "distribution": "Ubuntu",
                "error_message": "",
                "id": 80259222,
                "image": "80259222",
                "min_disk_size": 25,
                "name": "twigs 1.0.1 on Ubuntu 20.04 LTS",
                "private": false,
                "regions": [
                  "ams2",
                  "ams3",
                  "blr1",
                  "fra1",
                  "lon1",
                  "nyc1",
                  "nyc2",
                  "nyc3",
                  "sfo1",
                  "sfo2",
                  "sfo3",
                  "sgp1",
                  "syd1",
                  "tor1"
                ],
                "size_gigabytes": 3.93,
                "slug": "threatwatch-twigs-20-04",
                "status": "available",
                "tags": [],
                "type": "snapshot"
              },
              {
                "created": "2021-02-24T23:35:25Z",
                "description": "uzERP 1.26.6 on Ubuntu 18.04",
                "distribution": "Ubuntu",
                "error_message": "",
                "id": 79325374,
                "image": "79325374",
                "min_disk_size": 25,
                "name": "uzERP 1.26.6 on Ubuntu 18.04",
                "private": false,
                "regions": [
                  "ams2",
                  "ams3",
                  "blr1",
                  "fra1",
                  "lon1",
                  "nyc1",
                  "nyc2",
                  "nyc3",
                  "sfo1",
                  "sfo2",
                  "sfo3",
                  "sgp1",
                  "syd1",
                  "tor1"
                ],
                "size_gigabytes": 2.17,
                "slug": "uzerpllp-uzerp-18-04",
                "status": "available",
                "tags": [],
                "type": "snapshot"
              },
              {
                "created": "2021-02-22T18:57:35Z",
                "description": "WireSpeed VPN 1.1.3 on Ubuntu 18.04",
                "distribution": "Ubuntu",
                "error_message": "",
                "id": 79192925,
                "image": "79192925",
                "min_disk_size": 25,
                "name": "WireSpeed VPN 1.1.3 on Ubuntu 18.04",
                "private": false,
                "regions": [
                  "ams2",
                  "ams3",
                  "blr1",
                  "fra1",
                  "lon1",
                  "nyc1",
                  "nyc2",
                  "nyc3",
                  "sfo1",
                  "sfo2",
                  "sfo3",
                  "sgp1",
                  "syd1",
                  "tor1"
                ],
                "size_gigabytes": 1.5,
                "slug": "portalcloud-wirespeedvpn-18-04",
                "status": "available",
                "tags": [],
                "type": "snapshot"
              },
              {
                "created": "2021-02-21T04:23:39Z",
                "description": "WireSpeed VPN 1.1.2 on Ubuntu 18.04",
                "distribution": "Ubuntu",
                "error_message": "",
                "id": 79112725,
                "image": "79112725",
                "min_disk_size": 25,
                "name": "WireSpeed VPN 1.1.2 on Ubuntu 18.04",
                "private": false,
                "regions": [
                  "ams2",
                  "ams3",
                  "blr1",
                  "fra1",
                  "lon1",
                  "nyc1",
                  "nyc2",
                  "nyc3",
                  "sfo1",
                  "sfo2",
                  "sfo3",
                  "sgp1",
                  "syd1",
                  "tor1"
                ],
                "size_gigabytes": 1.5,
                "slug": "wirespeedvpn-18-04",
                "status": "available",
                "tags": [],
                "type": "snapshot"
              },
              {
                "created": "2021-02-18T07:39:36Z",
                "description": "QloApps 1.5.0 on Ubuntu 18.04",
                "distribution": "Ubuntu",
                "error_message": "",
                "id": 78946779,
                "image": "78946779",
                "min_disk_size": 25,
                "name": "QloApps 1.5.0 on Ubuntu 18.04",
                "private": false,
                "regions": [
                  "ams2",
                  "ams3",
                  "blr1",
                  "fra1",
                  "lon1",
                  "nyc1",
                  "nyc2",
                  "nyc3",
                  "sfo1",
                  "sfo2",
                  "sfo3",
                  "sgp1",
                  "syd1",
                  "tor1"
                ],
                "size_gigabytes": 6.75,
                "slug": "webkul-qloapps-18-04",
                "status": "available",
                "tags": [],
                "type": "snapshot"
              },
              {
                "created": "2021-02-11T09:15:17Z",
                "description": "Appwrite 0.7.0 on Ubuntu 18.04",
                "distribution": "Ubuntu",
                "error_message": "",
                "id": 78539719,
                "image": "78539719",
                "min_disk_size": 50,
                "name": "Appwrite 0.7.0 on Ubuntu 18.04",
                "private": false,
                "regions": [
                  "ams2",
                  "ams3",
                  "blr1",
                  "fra1",
                  "lon1",
                  "nyc1",
                  "nyc2",
                  "nyc3",
                  "sfo1",
                  "sfo2",
                  "sfo3",
                  "sgp1",
                  "syd1",
                  "tor1"
                ],
                "size_gigabytes": 2.03,
                "slug": "appwrite-18-04",
                "status": "available",
                "tags": [],
                "type": "snapshot"
              },
              {
                "created": "2021-02-08T18:11:41Z",
                "description": "OpenBoxes 0.8.14 on Ubuntu 20.04",
                "distribution": "Ubuntu",
                "error_message": "",
                "id": 78373210,
                "image": "78373210",
                "min_disk_size": 50,
                "name": "OpenBoxes 0.8.14 on Ubuntu 20.04",
                "private": false,
                "regions": [
                  "ams2",
                  "ams3",
                  "blr1",
                  "fra1",
                  "lon1",
                  "nyc1",
                  "nyc2",
                  "nyc3",
                  "sfo1",
                  "sfo2",
                  "sfo3",
                  "sgp1",
                  "syd1",
                  "tor1"
                ],
                "size_gigabytes": 3.21,
                "slug": "openboxes-20-04",
                "status": "available",
                "tags": [],
                "type": "snapshot"
              },
              {
                "created": "2021-02-05T02:08:56Z",
                "description": "Decentralized Internet 5.3.5 on Ubuntu 18.04",
                "distribution": "Ubuntu",
                "error_message": "",
                "id": 78169498,
                "image": "78169498",
                "min_disk_size": 25,
                "name": "Decentralized Internet 5.3.5 on Ubuntu 18.04",
                "private": false,
                "regions": [
                  "ams2",
                  "ams3",
                  "blr1",
                  "fra1",
                  "lon1",
                  "nyc1",
                  "nyc2",
                  "nyc3",
                  "sfo1",
                  "sfo2",
                  "sfo3",
                  "sgp1",
                  "syd1",
                  "tor1"
                ],
                "size_gigabytes": 6.97,
                "slug": "starkdrones-decentralizedint-18-04",
                "status": "available",
                "tags": [],
                "type": "snapshot"
              },
              {
                "created": "2021-02-03T20:19:29Z",
                "description": "Doppler 1.0 on Ubuntu 20.04 (LTS)",
                "distribution": "Ubuntu",
                "error_message": "",
                "id": 78088685,
                "image": "78088685",
                "min_disk_size": 25,
                "name": "Doppler 1.0 on Ubuntu 20.04 (LTS)",
                "private": false,
                "regions": [
                  "ams2",
                  "ams3",
                  "blr1",
                  "fra1",
                  "lon1",
                  "nyc1",
                  "nyc2",
                  "nyc3",
                  "sfo1",
                  "sfo2",
                  "sfo3",
                  "sgp1",
                  "syd1",
                  "tor1"
                ],
                "size_gigabytes": 1.56,
                "slug": "doppler-20-04",
                "status": "available",
                "tags": [],
                "type": "snapshot"
              },
              {
                "created": "2021-01-27T18:29:36Z",
                "description": "NetBox 2.10.4 on Ubuntu 20.04",
                "distribution": "Ubuntu",
                "error_message": "",
                "id": 77675906,
                "image": "77675906",
                "min_disk_size": 25,
                "name": "NetBox 2.10.4 on Ubuntu 20.04",
                "private": false,
                "regions": [
                  "ams2",
                  "ams3",
                  "blr1",
                  "fra1",
                  "lon1",
                  "nyc1",
                  "nyc2",
                  "nyc3",
                  "sfo1",
                  "sfo2",
                  "sfo3",
                  "sgp1",
                  "syd1",
                  "tor1"
                ],
                "size_gigabytes": 2.7,
                "slug": "netverity-netbox-20-04",
                "status": "available",
                "tags": [],
                "type": "snapshot"
              },
              {
                "created": "2021-01-26T10:21:17Z",
                "description": "Kubernetes 1.19 1.19.7-001 on Ubuntu 20.04",
                "distribution": "Ubuntu",
                "error_message": "",
                "id": 77609844,
                "image": "77609844",
                "min_disk_size": 25,
                "name": "Kubernetes 1.19 1.19.7-001 on Ubuntu 20.04",
                "private": false,
                "regions": [
                  "ams2",
                  "ams3",
                  "blr1",
                  "fra1",
                  "lon1",
                  "nyc1",
                  "nyc2",
                  "nyc3",
                  "sfo1",
                  "sfo2",
                  "sfo3",
                  "sgp1",
                  "syd1",
                  "tor1"
                ],
                "size_gigabytes": 2.67,
                "slug": "castai-kubernetes119-20-04",
                "status": "available",
                "tags": [],
                "type": "snapshot"
              },
              {
                "created": "2021-01-20T13:03:17Z",
                "description": "Directus 9 on Ubuntu 18.04",
                "distribution": "Ubuntu",
                "error_message": "",
                "id": 77264003,
                "image": "77264003",
                "min_disk_size": 25,
                "name": "Directus 9 on Ubuntu 18.04",
                "private": false,
                "regions": [
                  "ams2",
                  "ams3",
                  "blr1",
                  "fra1",
                  "lon1",
                  "nyc1",
                  "nyc2",
                  "nyc3",
                  "sfo1",
                  "sfo2",
                  "sfo3",
                  "sgp1",
                  "syd1",
                  "tor1"
                ],
                "size_gigabytes": 2.46,
                "slug": "directus-18-04",
                "status": "available",
                "tags": [],
                "type": "snapshot"
              },
              {
                "created": "2021-01-19T22:18:23Z",
                "description": "Gitea 1.13.1 on Ubuntu 20.04",
                "distribution": "Ubuntu",
                "error_message": "",
                "id": 77222386,
                "image": "77222386",
                "min_disk_size": 25,
                "name": "Gitea 1.13.1 on Ubuntu 20.04",
                "private": false,
                "regions": [
                  "ams2",
                  "ams3",
                  "blr1",
                  "fra1",
                  "lon1",
                  "nyc1",
                  "nyc2",
                  "nyc3",
                  "sfo1",
                  "sfo2",
                  "sfo3",
                  "sgp1",
                  "syd1",
                  "tor1"
                ],
                "size_gigabytes": 1.53,
                "slug": "gitea-18-04",
                "status": "available",
                "tags": [],
                "type": "snapshot"
              },
              {
                "created": "2021-01-19T11:20:03Z",
                "description": "WebDNA Server 8.6.4 8.6.4 on Ubuntu 18.04",
                "distribution": "Ubuntu",
                "error_message": "",
                "id": 77204749,
                "image": "77204749",
                "min_disk_size": 25,
                "name": "WebDNA Server 8.6.4 8.6.4 on Ubuntu 18.04",
                "private": false,
                "regions": [
                  "ams2",
                  "ams3",
                  "blr1",
                  "fra1",
                  "lon1",
                  "nyc1",
                  "nyc2",
                  "nyc3",
                  "sfo1",
                  "sfo2",
                  "sfo3",
                  "sgp1",
                  "syd1",
                  "tor1"
                ],
                "size_gigabytes": 1.53,
                "slug": "pharoahlanesoftw-webdnaserver864-18-04",
                "status": "available",
                "tags": [],
                "type": "snapshot"
              },
              {
                "created": "2021-01-13T08:06:58Z",
                "description": "CAST AI Kubernetes 1.18 1.18.6-7 on Ubuntu 20.04",
                "distribution": "Ubuntu",
                "error_message": "",
                "id": 76859157,
                "image": "76859157",
                "min_disk_size": 25,
                "name": "CAST AI Kubernetes 1.18 1.18.6-7 on Ubuntu 20.04",
                "private": false,
                "regions": [
                  "ams2",
                  "ams3",
                  "blr1",
                  "fra1",
                  "lon1",
                  "nyc1",
                  "nyc2",
                  "nyc3",
                  "sfo1",
                  "sfo2",
                  "sfo3",
                  "sgp1",
                  "syd1",
                  "tor1"
                ],
                "size_gigabytes": 2.67,
                "slug": "castai-castaikubernetes-20-04",
                "status": "available",
                "tags": [],
                "type": "snapshot"
              },
              {
                "created": "2021-01-07T15:22:42Z",
                "description": "CSMM 1.20.2 on Ubuntu 20.04",
                "distribution": "Ubuntu",
                "error_message": "",
                "id": 76520760,
                "image": "76520760",
                "min_disk_size": 25,
                "name": "CSMM 1.20.2 on Ubuntu 20.04",
                "private": false,
                "regions": [
                  "ams2",
                  "ams3",
                  "blr1",
                  "fra1",
                  "lon1",
                  "nyc1",
                  "nyc2",
                  "nyc3",
                  "sfo1",
                  "sfo2",
                  "sfo3",
                  "sgp1",
                  "syd1",
                  "tor1"
                ],
                "size_gigabytes": 2.5,
                "slug": "csmm-20-04",
                "status": "available",
                "tags": [],
                "type": "snapshot"
              },
              {
                "created": "2021-01-06T15:14:00Z",
                "description": "Microweber 1.2.0 on Ubuntu 20.04",
                "distribution": "Ubuntu",
                "error_message": "",
                "id": 76463559,
                "image": "76463559",
                "min_disk_size": 25,
                "name": "Microweber 1.2.0 on Ubuntu 20.04",
                "private": false,
                "regions": [
                  "ams2",
                  "ams3",
                  "blr1",
                  "fra1",
                  "lon1",
                  "nyc1",
                  "nyc2",
                  "nyc3",
                  "sfo1",
                  "sfo2",
                  "sfo3",
                  "sgp1",
                  "syd1",
                  "tor1"
                ],
                "size_gigabytes": 3.61,
                "slug": "microweber-18-04",
                "status": "available",
                "tags": [],
                "type": "snapshot"
              },
              {
                "created": "2021-01-05T07:21:25Z",
                "description": "Plesk 18.0 on Ubuntu 20.04",
                "distribution": "Ubuntu",
                "error_message": "",
                "id": 76400437,
                "image": "76400437",
                "min_disk_size": 25,
                "name": "Plesk 18.0 on Ubuntu 20.04",
                "private": false,
                "regions": [
                  "ams2",
                  "ams3",
                  "blr1",
                  "fra1",
                  "lon1",
                  "nyc1",
                  "nyc2",
                  "nyc3",
                  "sfo1",
                  "sfo2",
                  "sfo3",
                  "sgp1",
                  "syd1",
                  "tor1"
                ],
                "size_gigabytes": 3.66,
                "slug": "plesk-18-04",
                "status": "available",
                "tags": [],
                "type": "snapshot"
              },
              {
                "created": "2020-12-18T01:51:59Z",
                "description": "OpenLiteSpeed WordPress 5.6 on Ubuntu 20.04",
                "distribution": "Ubuntu",
                "error_message": "",
                "id": 75356228,
                "image": "75356228",
                "min_disk_size": 25,
                "name": "OpenLiteSpeed WordPress 5.6 on Ubuntu 20.04",
                "private": false,
                "regions": [
                  "ams2",
                  "ams3",
                  "blr1",
                  "fra1",
                  "lon1",
                  "nyc1",
                  "nyc2",
                  "nyc3",
                  "sfo1",
                  "sfo2",
                  "sfo3",
                  "sgp1",
                  "syd1",
                  "tor1"
                ],
                "size_gigabytes": 2.68,
                "slug": "litespeedtechnol-openlitespeedwor-18-04",
                "status": "available",
                "tags": [],
                "type": "snapshot"
              },
              {
                "created": "2020-12-14T06:22:35Z",
                "description": "Cloudron 6.0.1 on Ubuntu 20.04",
                "distribution": "Ubuntu",
                "error_message": "",
                "id": 75147617,
                "image": "75147617",
                "min_disk_size": 25,
                "name": "Cloudron 6.0.1 on Ubuntu 20.04",
                "private": false,
                "regions": [
                  "ams2",
                  "ams3",
                  "blr1",
                  "fra1",
                  "lon1",
                  "nyc1",
                  "nyc2",
                  "nyc3",
                  "sfo1",
                  "sfo2",
                  "sfo3",
                  "sgp1",
                  "syd1",
                  "tor1"
                ],
                "size_gigabytes": 9.59,
                "slug": "cloudron-18-04",
                "status": "available",
                "tags": [],
                "type": "snapshot"
              },
              {
                "created": "2020-12-12T00:55:16Z",
                "description": "AzuraCast 0.11.2 on Ubuntu 20.04",
                "distribution": "Ubuntu",
                "error_message": "",
                "id": 75012291,
                "image": "75012291",
                "min_disk_size": 50,
                "name": "AzuraCast 0.11.2 on Ubuntu 20.04",
                "private": false,
                "regions": [
                  "ams2",
                  "ams3",
                  "blr1",
                  "fra1",
                  "lon1",
                  "nyc1",
                  "nyc2",
                  "nyc3",
                  "sfo1",
                  "sfo2",
                  "sfo3",
                  "sgp1",
                  "syd1",
                  "tor1"
                ],
                "size_gigabytes": 5.11,
                "slug": "azuracast-18-04",
                "status": "available",
                "tags": [],
                "type": "snapshot"
              },
              {
                "created": "2020-12-11T17:33:01Z",
                "description": "HarperDB 2.3.0 on Ubuntu 18.04",
                "distribution": "Ubuntu",
                "error_message": "",
                "id": 74990084,
                "image": "74990084",
                "min_disk_size": 25,
                "name": "HarperDB 2.3.0 on Ubuntu 18.04",
                "private": false,
                "regions": [
                  "ams2",
                  "ams3",
                  "blr1",
                  "fra1",
                  "lon1",
                  "nyc1",
                  "nyc2",
                  "nyc3",
                  "sfo1",
                  "sfo2",
                  "sfo3",
                  "sgp1",
                  "syd1",
                  "tor1"
                ],
                "size_gigabytes": 1.76,
                "slug": "harperdb-18-04",
                "status": "available",
                "tags": [],
                "type": "snapshot"
              },
              {
                "created": "2020-11-25T15:36:56Z",
                "description": "Flexify.IO Multi-cloud / Migration 2.12.0 on Ubuntu 20.04 LTS",
                "distribution": "Ubuntu",
                "error_message": "",
                "id": 74078670,
                "image": "74078670",
                "min_disk_size": 50,
                "name": "Flexify.IO Multi-cloud / Migration 2.12.0 on Ubuntu 20.04 LTS",
                "private": false,
                "regions": [
                  "ams2",
                  "ams3",
                  "blr1",
                  "fra1",
                  "lon1",
                  "nyc1",
                  "nyc2",
                  "nyc3",
                  "sfo1",
                  "sfo2",
                  "sfo3",
                  "sgp1",
                  "syd1",
                  "tor1"
                ],
                "size_gigabytes": 3.33,
                "slug": "flexify-18-04",
                "status": "available",
                "tags": [],
                "type": "snapshot"
              },
              {
                "created": "2020-11-25T14:59:40Z",
                "description": "Yacht 0.0.5-alpha on Ubuntu 20.04",
                "distribution": "Ubuntu",
                "error_message": "",
                "id": 74077950,
                "image": "74077950",
                "min_disk_size": 25,
                "name": "Yacht 0.0.5-alpha on Ubuntu 20.04",
                "private": false,
                "regions": [
                  "ams2",
                  "ams3",
                  "blr1",
                  "fra1",
                  "lon1",
                  "nyc1",
                  "nyc2",
                  "nyc3",
                  "sfo1",
                  "sfo2",
                  "sfo3",
                  "sgp1",
                  "syd1",
                  "tor1"
                ],
                "size_gigabytes": 3.04,
                "slug": "selfhostedpro-yacht-20-04",
                "status": "available",
                "tags": [],
                "type": "snapshot"
              },
              {
                "created": "2020-11-20T06:17:42Z",
                "description": "CyberPanel 2.0.3 on Ubuntu 20.04",
                "distribution": "Ubuntu",
                "error_message": "",
                "id": 73787891,
                "image": "73787891",
                "min_disk_size": 25,
                "name": "CyberPanel 2.0.3 on Ubuntu 20.04",
                "private": false,
                "regions": [
                  "ams2",
                  "ams3",
                  "blr1",
                  "fra1",
                  "lon1",
                  "nyc1",
                  "nyc2",
                  "nyc3",
                  "sfo1",
                  "sfo2",
                  "sfo3",
                  "sgp1",
                  "syd1",
                  "tor1"
                ],
                "size_gigabytes": 5.42,
                "slug": "cyberpanel-18-04",
                "status": "available",
                "tags": [],
                "type": "snapshot"
              },
              {
                "created": "2020-11-05T23:40:06Z",
                "description": "Ant Media Server Enterprise Edition 2.2.1 on Ubuntu 18.04",
                "distribution": "Ubuntu",
                "error_message": "",
                "id": 72973416,
                "image": "72973416",
                "min_disk_size": 25,
                "name": "Ant Media Server Enterprise Edition 2.2.1 on Ubuntu 18.04",
                "private": false,
                "regions": [
                  "ams2",
                  "ams3",
                  "blr1",
                  "fra1",
                  "lon1",
                  "nyc1",
                  "nyc2",
                  "nyc3",
                  "sfo1",
                  "sfo2",
                  "sfo3",
                  "sgp1",
                  "syd1",
                  "tor1"
                ],
                "size_gigabytes": 3.35,
                "slug": "antmedia-antmediaserveren-16-04",
                "status": "available",
                "tags": [],
                "type": "snapshot"
              },
              {
                "created": "2020-11-04T15:54:43Z",
                "description": "Magento 2 Open Source 1.3.1 on Ubuntu 20.04 (LTS)",
                "distribution": "Ubuntu",
                "error_message": "",
                "id": 72899914,
                "image": "72899914",
                "min_disk_size": 80,
                "name": "Magento 2 Open Source 1.3.1 on Ubuntu 20.04 (LTS)",
                "private": false,
                "regions": [
                  "ams2",
                  "ams3",
                  "blr1",
                  "fra1",
                  "lon1",
                  "nyc1",
                  "nyc2",
                  "nyc3",
                  "sfo1",
                  "sfo2",
                  "sfo3",
                  "sgp1",
                  "syd1",
                  "tor1"
                ],
                "size_gigabytes": 5.52,
                "slug": "eltrino-magento2opensour-18-04",
                "status": "available",
                "tags": [],
                "type": "snapshot"
              },
              {
                "created": "2020-11-03T15:28:48Z",
                "description": "TRASA 1.1.2 on Ubuntu 20.04",
                "distribution": "Ubuntu",
                "error_message": "",
                "id": 72843498,
                "image": "72843498",
                "min_disk_size": 25,
                "name": "TRASA 1.1.2 on Ubuntu 20.04",
                "private": false,
                "regions": [
                  "ams2",
                  "ams3",
                  "blr1",
                  "fra1",
                  "lon1",
                  "nyc1",
                  "nyc2",
                  "nyc3",
                  "sfo1",
                  "sfo2",
                  "sfo3",
                  "sgp1",
                  "syd1",
                  "tor1"
                ],
                "size_gigabytes": 2.35,
                "slug": "seknox-trasa-20-04",
                "status": "available",
                "tags": [],
                "type": "snapshot"
              },
              {
                "created": "2020-10-30T05:30:25Z",
                "description": "Traccar 4.10 on Ubuntu 20.04",
                "distribution": "Ubuntu",
                "error_message": "",
                "id": 72610555,
                "image": "72610555",
                "min_disk_size": 25,
                "name": "Traccar 4.10 on Ubuntu 20.04",
                "private": false,
                "regions": [
                  "ams2",
                  "ams3",
                  "blr1",
                  "fra1",
                  "lon1",
                  "nyc1",
                  "nyc2",
                  "nyc3",
                  "sfo1",
                  "sfo2",
                  "sfo3",
                  "sgp1",
                  "syd1",
                  "tor1"
                ],
                "size_gigabytes": 2.21,
                "slug": "traccar-20-04",
                "status": "available",
                "tags": [],
                "type": "snapshot"
              },
              {
                "created": "2020-10-27T21:01:05Z",
                "description": "NKN Commercial 2.0 on Ubuntu 18.04",
                "distribution": "Ubuntu",
                "error_message": "",
                "id": 72463240,
                "image": "72463240",
                "min_disk_size": 25,
                "name": "NKN Commercial 2.0 on Ubuntu 18.04",
                "private": false,
                "regions": [
                  "ams2",
                  "ams3",
                  "blr1",
                  "fra1",
                  "lon1",
                  "nyc1",
                  "nyc2",
                  "nyc3",
                  "sfo1",
                  "sfo2",
                  "sfo3",
                  "sgp1",
                  "syd1",
                  "tor1"
                ],
                "size_gigabytes": 11.76,
                "slug": "nknfullnode-18-04",
                "status": "available",
                "tags": [],
                "type": "snapshot"
              },
              {
                "created": "2020-10-26T18:46:00Z",
                "description": "Dokku 0.21.4 on Ubuntu 20.04",
                "distribution": "Ubuntu",
                "error_message": "",
                "id": 72401867,
                "image": "72401867",
                "min_disk_size": 25,
                "name": "Dokku 0.21.4 on Ubuntu 20.04",
                "private": false,
                "regions": [
                  "ams2",
                  "ams3",
                  "blr1",
                  "fra1",
                  "lon1",
                  "nyc1",
                  "nyc2",
                  "nyc3",
                  "sfo1",
                  "sfo2",
                  "sfo3",
                  "sgp1",
                  "syd1",
                  "tor1"
                ],
                "size_gigabytes": 3.89,
                "slug": "dokku-20-04",
                "status": "available",
                "tags": [],
                "type": "snapshot"
              },
              {
                "created": "2020-10-26T18:44:23Z",
                "description": "Docker 19.03.12 on Ubuntu 18.04",
                "distribution": "Ubuntu",
                "error_message": "",
                "id": 72401836,
                "image": "72401836",
                "min_disk_size": 25,
                "name": "Docker 19.03.12 on Ubuntu 18.04",
                "private": false,
                "regions": [
                  "ams2",
                  "ams3",
                  "blr1",
                  "fra1",
                  "lon1",
                  "nyc1",
                  "nyc2",
                  "nyc3",
                  "sfo1",
                  "sfo2",
                  "sfo3",
                  "sgp1",
                  "syd1",
                  "tor1"
                ],
                "size_gigabytes": 2.58,
                "slug": "docker-18-04",
                "status": "available",
                "tags": [],
                "type": "snapshot"
              },
              {
                "created": "2020-10-22T06:26:44Z",
                "description": "ShinyProxy 2.4.0 on Ubuntu 20.04",
                "distribution": "Ubuntu",
                "error_message": "",
                "id": 72169560,
                "image": "72169560",
                "min_disk_size": 25,
                "name": "ShinyProxy 2.4.0 on Ubuntu 20.04",
                "private": false,
                "regions": [
                  "ams2",
                  "ams3",
                  "blr1",
                  "fra1",
                  "lon1",
                  "nyc1",
                  "nyc2",
                  "nyc3",
                  "sfo1",
                  "sfo2",
                  "sfo3",
                  "sgp1",
                  "syd1",
                  "tor1"
                ],
                "size_gigabytes": 4.9,
                "slug": "analythium-shinyproxy-18-04",
                "status": "available",
                "tags": [],
                "type": "snapshot"
              },
              {
                "created": "2020-10-14T22:03:59Z",
                "description": "MongoDB 4.0.3 on Ubuntu 18.04",
                "distribution": "Ubuntu",
                "error_message": "",
                "id": 71748278,
                "image": "71748278",
                "min_disk_size": 25,
                "name": "MongoDB 4.0.3 on Ubuntu 18.04",
                "private": false,
                "regions": [
                  "ams2",
                  "ams3",
                  "blr1",
                  "fra1",
                  "lon1",
                  "nyc1",
                  "nyc2",
                  "nyc3",
                  "sfo1",
                  "sfo2",
                  "sfo3",
                  "sgp1",
                  "syd1",
                  "tor1"
                ],
                "size_gigabytes": 1.73,
                "slug": "mongodb-18-04",
                "status": "available",
                "tags": [],
                "type": "snapshot"
              },
              {
                "created": "2020-10-13T19:04:56Z",
                "description": "Caddy 2.2.1 on Ubuntu 18.04",
                "distribution": "Ubuntu",
                "error_message": "",
                "id": 71684158,
                "image": "71684158",
                "min_disk_size": 25,
                "name": "Caddy 2.2.1 on Ubuntu 18.04",
                "private": false,
                "regions": [
                  "ams2",
                  "ams3",
                  "blr1",
                  "fra1",
                  "lon1",
                  "nyc1",
                  "nyc2",
                  "nyc3",
                  "sfo1",
                  "sfo2",
                  "sfo3",
                  "sgp1",
                  "syd1",
                  "tor1"
                ],
                "size_gigabytes": 1.62,
                "slug": "caddy-18-04",
                "status": "available",
                "tags": [],
                "type": "snapshot"
              },
              {
                "created": "2020-10-13T14:44:27Z",
                "description": "Ruby on Rails 6.0.3.4 on Ubuntu 20.04",
                "distribution": "Ubuntu",
                "error_message": "",
                "id": 71678054,
                "image": "71678054",
                "min_disk_size": 25,
                "name": "Ruby on Rails 6.0.3.4 on Ubuntu 20.04",
                "private": false,
                "regions": [
                  "ams2",
                  "ams3",
                  "blr1",
                  "fra1",
                  "lon1",
                  "nyc1",
                  "nyc2",
                  "nyc3",
                  "sfo1",
                  "sfo2",
                  "sfo3",
                  "sgp1",
                  "syd1",
                  "tor1"
                ],
                "size_gigabytes": 3.02,
                "slug": "rubyonrails-20-04",
                "status": "available",
                "tags": [],
                "type": "snapshot"
              },
              {
                "created": "2020-10-12T20:11:45Z",
                "description": "MongoDB 4.4.1 on Ubuntu 20.04",
                "distribution": "Ubuntu",
                "error_message": "",
                "id": 71630964,
                "image": "71630964",
                "min_disk_size": 25,
                "name": "MongoDB 4.4.1 on Ubuntu 20.04",
                "private": false,
                "regions": [
                  "ams2",
                  "ams3",
                  "blr1",
                  "fra1",
                  "lon1",
                  "nyc1",
                  "nyc2",
                  "nyc3",
                  "sfo1",
                  "sfo2",
                  "sfo3",
                  "sgp1",
                  "syd1",
                  "tor1"
                ],
                "size_gigabytes": 2.12,
                "slug": "mongodb-20-04",
                "status": "available",
                "tags": [],
                "type": "snapshot"
              },
              {
                "created": "2020-10-12T18:57:09Z",
                "description": "PhpMyAdmin 5.0.3 on Ubuntu 20.04",
                "distribution": "Ubuntu",
                "error_message": "",
                "id": 71628256,
                "image": "71628256",
                "min_disk_size": 25,
                "name": "PhpMyAdmin 5.0.3 on Ubuntu 20.04",
                "private": false,
                "regions": [
                  "ams2",
                  "ams3",
                  "blr1",
                  "fra1",
                  "lon1",
                  "nyc1",
                  "nyc2",
                  "nyc3",
                  "sfo1",
                  "sfo2",
                  "sfo3",
                  "sgp1",
                  "syd1",
                  "tor1"
                ],
                "size_gigabytes": 2.42,
                "slug": "phpmyadmin-20-04",
                "status": "available",
                "tags": [],
                "type": "snapshot"
              },
              {
                "created": "2020-10-12T15:12:17Z",
                "description": "Discourse on Ubuntu 20.04",
                "distribution": "Ubuntu",
                "error_message": "",
                "id": 71623206,
                "image": "71623206",
                "min_disk_size": 25,
                "name": "Discourse on Ubuntu 20.04",
                "private": false,
                "regions": [
                  "ams2",
                  "ams3",
                  "blr1",
                  "fra1",
                  "lon1",
                  "nyc1",
                  "nyc2",
                  "nyc3",
                  "sfo1",
                  "sfo2",
                  "sfo3",
                  "sgp1",
                  "syd1",
                  "tor1"
                ],
                "size_gigabytes": 3.04,
                "slug": "discourse-20-04",
                "status": "available",
                "tags": [],
                "type": "snapshot"
              },
              {
                "created": "2020-10-09T17:00:57Z",
                "description": "WordPress 5.5.1 on Ubuntu 18.04",
                "distribution": "Ubuntu",
                "error_message": "",
                "id": 71462359,
                "image": "71462359",
                "min_disk_size": 25,
                "name": "WordPress 5.5.1 on Ubuntu 18.04",
                "private": false,
                "regions": [
                  "ams2",
                  "ams3",
                  "blr1",
                  "fra1",
                  "lon1",
                  "nyc1",
                  "nyc2",
                  "nyc3",
                  "sfo1",
                  "sfo2",
                  "sfo3",
                  "sgp1",
                  "syd1",
                  "tor1"
                ],
                "size_gigabytes": 1.96,
                "slug": "wordpress-18-04",
                "status": "available",
                "tags": [],
                "type": "snapshot"
              },
              {
                "created": "2020-10-08T00:50:36Z",
                "description": "Gluu Server CE 4.2.1 on Ubuntu 20.04 (LTS)",
                "distribution": "Ubuntu",
                "error_message": "",
                "id": 71372451,
                "image": "71372451",
                "min_disk_size": 160,
                "name": "Gluu Server CE 4.2.1 on Ubuntu 20.04 (LTS)",
                "private": false,
                "regions": [
                  "ams2",
                  "ams3",
                  "blr1",
                  "fra1",
                  "lon1",
                  "nyc1",
                  "nyc2",
                  "nyc3",
                  "sfo1",
                  "sfo2",
                  "sfo3",
                  "sgp1",
                  "syd1",
                  "tor1"
                ],
                "size_gigabytes": 3.92,
                "slug": "gluu-gluuserverce-18-04-3",
                "status": "available",
                "tags": [],
                "type": "snapshot"
              },
              {
                "created": "2020-10-07T11:23:15Z",
                "description": "UH VPN 1.2.0 on Ubuntu 20.04",
                "distribution": "Ubuntu",
                "error_message": "",
                "id": 71345668,
                "image": "71345668",
                "min_disk_size": 25,
                "name": "UH VPN 1.2.0 on Ubuntu 20.04",
                "private": false,
                "regions": [
                  "ams2",
                  "ams3",
                  "blr1",
                  "fra1",
                  "lon1",
                  "nyc1",
                  "nyc2",
                  "nyc3",
                  "sfo1",
                  "sfo2",
                  "sfo3",
                  "sgp1",
                  "syd1",
                  "tor1"
                ],
                "size_gigabytes": 2.07,
                "slug": "ultrahorizon-uhvpn-18-04",
                "status": "available",
                "tags": [],
                "type": "snapshot"
              },
              {
                "created": "2020-10-07T07:40:50Z",
                "description": "ServerWand 1.0 on Ubuntu 18.04",
                "distribution": "Ubuntu",
                "error_message": "",
                "id": 71344049,
                "image": "71344049",
                "min_disk_size": 25,
                "name": "ServerWand 1.0 on Ubuntu 18.04",
                "private": false,
                "regions": [
                  "ams2",
                  "ams3",
                  "blr1",
                  "fra1",
                  "lon1",
                  "nyc1",
                  "nyc2",
                  "nyc3",
                  "sfo1",
                  "sfo2",
                  "sfo3",
                  "sgp1",
                  "syd1",
                  "tor1"
                ],
                "size_gigabytes": 2.06,
                "slug": "shiftedit-serverwand-18-04",
                "status": "available",
                "tags": [],
                "type": "snapshot"
              },
              {
                "created": "2020-10-01T01:00:41Z",
                "description": "BigBlueButton Server 2.2 on Ubuntu 16.04",
                "distribution": "Ubuntu",
                "error_message": "",
                "id": 70987172,
                "image": "70987172",
                "min_disk_size": 25,
                "name": "BigBlueButton Server 2.2 on Ubuntu 16.04",
                "private": false,
                "regions": [
                  "ams2",
                  "ams3",
                  "blr1",
                  "fra1",
                  "lon1",
                  "nyc1",
                  "nyc2",
                  "nyc3",
                  "sfo1",
                  "sfo2",
                  "sfo3",
                  "sgp1",
                  "syd1",
                  "tor1"
                ],
                "size_gigabytes": 4,
                "slug": "opentradestatist-bigbluebuttonser-16-04",
                "status": "available",
                "tags": [],
                "type": "snapshot"
              },
              {
                "created": "2020-09-29T14:25:28Z",
                "description": "Grafana 7.2.0 on Ubuntu 18.04",
                "distribution": "Ubuntu",
                "error_message": "",
                "id": 70906592,
                "image": "70906592",
                "min_disk_size": 20,
                "name": "Grafana 7.2.0 on Ubuntu 18.04",
                "private": false,
                "regions": [
                  "ams2",
                  "ams3",
                  "blr1",
                  "fra1",
                  "lon1",
                  "nyc1",
                  "nyc2",
                  "nyc3",
                  "sfo1",
                  "sfo2",
                  "sfo3",
                  "sgp1",
                  "syd1",
                  "tor1"
                ],
                "size_gigabytes": 1.72,
                "slug": "grafana-18-04",
                "status": "available",
                "tags": [],
                "type": "snapshot"
              },
              {
                "created": "2020-09-28T14:03:05Z",
                "description": "Mailcoach 3.0 on Ubuntu 18.04",
                "distribution": "Ubuntu",
                "error_message": "",
                "id": 70850700,
                "image": "70850700",
                "min_disk_size": 25,
                "name": "Mailcoach 3.0 on Ubuntu 18.04",
                "private": false,
                "regions": [
                  "ams2",
                  "ams3",
                  "blr1",
                  "fra1",
                  "lon1",
                  "nyc1",
                  "nyc2",
                  "nyc3",
                  "sfo1",
                  "sfo2",
                  "sfo3",
                  "sgp1",
                  "syd1",
                  "tor1"
                ],
                "size_gigabytes": 4.3,
                "slug": "spatie-mailcoach-18-04",
                "status": "available",
                "tags": [],
                "type": "snapshot"
              },
              {
                "created": "2020-09-28T09:58:52Z",
                "description": "Countly Analytics 20.04.1 on Ubuntu 18.04",
                "distribution": "Ubuntu",
                "error_message": "",
                "id": 70847966,
                "image": "70847966",
                "min_disk_size": 80,
                "name": "Countly Analytics 20.04.1 on Ubuntu 18.04",
                "private": false,
                "regions": [
                  "ams2",
                  "ams3",
                  "blr1",
                  "fra1",
                  "lon1",
                  "nyc1",
                  "nyc2",
                  "nyc3",
                  "sfo1",
                  "sfo2",
                  "sfo3",
                  "sgp1",
                  "syd1",
                  "tor1"
                ],
                "size_gigabytes": 4.93,
                "slug": "countly-18-04",
                "status": "available",
                "tags": [],
                "type": "snapshot"
              },
              {
                "created": "2020-09-22T09:24:36Z",
                "description": "Curiosity 0.12549 on Ubuntu 16.04",
                "distribution": "Ubuntu",
                "error_message": "",
                "id": 70517637,
                "image": "70517637",
                "min_disk_size": 160,
                "name": "Curiosity 0.12549 on Ubuntu 16.04",
                "private": false,
                "regions": [
                  "ams2",
                  "ams3",
                  "blr1",
                  "fra1",
                  "lon1",
                  "nyc1",
                  "nyc2",
                  "nyc3",
                  "sfo1",
                  "sfo2",
                  "sfo3",
                  "sgp1",
                  "syd1",
                  "tor1"
                ],
                "size_gigabytes": 3.6,
                "slug": "curiositygmbh-curiosity-16-04",
                "status": "available",
                "tags": [],
                "type": "snapshot"
              },
              {
                "created": "2020-09-22T03:44:02Z",
                "description": "OpenLiteSpeed ClassicPress 1.2.0 on Ubuntu 20.04",
                "distribution": "Ubuntu",
                "error_message": "",
                "id": 70503312,
                "image": "70503312",
                "min_disk_size": 25,
                "name": "OpenLiteSpeed ClassicPress 1.2.0 on Ubuntu 20.04",
                "private": false,
                "regions": [
                  "ams2",
                  "ams3",
                  "blr1",
                  "fra1",
                  "lon1",
                  "nyc1",
                  "nyc2",
                  "nyc3",
                  "sfo1",
                  "sfo2",
                  "sfo3",
                  "sgp1",
                  "syd1",
                  "tor1"
                ],
                "size_gigabytes": 2.57,
                "slug": "litespeedtechnol-openlitespeedcla-18-04",
                "status": "available",
                "tags": [],
                "type": "snapshot"
              },
              {
                "created": "2020-09-18T06:20:30Z",
                "description": "OpenLiteSpeed Django 3.1.1 on Ubuntu 20.04",
                "distribution": "Ubuntu",
                "error_message": "",
                "id": 70294884,
                "image": "70294884",
                "min_disk_size": 25,
                "name": "OpenLiteSpeed Django 3.1.1 on Ubuntu 20.04",
                "private": false,
                "regions": [
                  "ams2",
                  "ams3",
                  "blr1",
                  "fra1",
                  "lon1",
                  "nyc1",
                  "nyc2",
                  "nyc3",
                  "sfo1",
                  "sfo2",
                  "sfo3",
                  "sgp1",
                  "syd1",
                  "tor1"
                ],
                "size_gigabytes": 2.32,
                "slug": "litespeedtechnol-openlitespeeddja-18-04",
                "status": "available",
                "tags": [],
                "type": "snapshot"
              },
              {
                "created": "2020-09-16T03:03:52Z",
                "description": "RStudio + Stan 1.2 on Ubuntu 18.04",
                "distribution": "Ubuntu",
                "error_message": "",
                "id": 70172490,
                "image": "70172490",
                "min_disk_size": 25,
                "name": "RStudio + Stan 1.2 on Ubuntu 18.04",
                "private": false,
                "regions": [
                  "ams2",
                  "ams3",
                  "blr1",
                  "fra1",
                  "lon1",
                  "nyc1",
                  "nyc2",
                  "nyc3",
                  "sfo1",
                  "sfo2",
                  "sfo3",
                  "sgp1",
                  "syd1",
                  "tor1"
                ],
                "size_gigabytes": 4.64,
                "slug": "opentradestatist-rstudiostan-18-04",
                "status": "available",
                "tags": [],
                "type": "snapshot"
              },
              {
                "created": "2020-09-08T12:36:10Z",
                "description": "Bagisto on 18.04",
                "distribution": "Ubuntu",
                "error_message": "",
                "id": 69755229,
                "image": "69755229",
                "min_disk_size": 25,
                "name": "Bagisto on 18.04",
                "private": false,
                "regions": [
                  "ams2",
                  "ams3",
                  "blr1",
                  "fra1",
                  "lon1",
                  "nyc1",
                  "nyc2",
                  "nyc3",
                  "sfo1",
                  "sfo2",
                  "sfo3",
                  "sgp1",
                  "syd1",
                  "tor1"
                ],
                "size_gigabytes": 7.26,
                "slug": "bagisto-18-04",
                "status": "available",
                "tags": [],
                "type": "snapshot"
              },
              {
                "created": "2020-08-27T11:52:06Z",
                "description": "Restyaboard 0.6.9 on Ubuntu 18.04",
                "distribution": "Ubuntu",
                "error_message": "",
                "id": 69105518,
                "image": "69105518",
                "min_disk_size": 25,
                "name": "Restyaboard 0.6.9 on Ubuntu 18.04",
                "private": false,
                "regions": [
                  "ams2",
                  "ams3",
                  "blr1",
                  "fra1",
                  "lon1",
                  "nyc1",
                  "nyc2",
                  "nyc3",
                  "sfo1",
                  "sfo2",
                  "sfo3",
                  "sgp1",
                  "syd1",
                  "tor1"
                ],
                "size_gigabytes": 1.9,
                "slug": "restya-restyaboard-18-04",
                "status": "available",
                "tags": [],
                "type": "snapshot"
              },
              {
                "created": "2020-08-25T06:24:32Z",
                "description": "Erxes 0.17.6 on Ubuntu 18.04",
                "distribution": "Ubuntu",
                "error_message": "",
                "id": 68992907,
                "image": "68992907",
                "min_disk_size": 80,
                "name": "Erxes 0.17.6 on Ubuntu 18.04",
                "private": false,
                "regions": [
                  "ams2",
                  "ams3",
                  "blr1",
                  "fra1",
                  "lon1",
                  "nyc1",
                  "nyc2",
                  "nyc3",
                  "sfo1",
                  "sfo2",
                  "sfo3",
                  "sgp1",
                  "syd1",
                  "tor1"
                ],
                "size_gigabytes": 4.82,
                "slug": "nmtec-erxes-18-04",
                "status": "available",
                "tags": [],
                "type": "snapshot"
              },
              {
                "created": "2020-08-17T18:51:36Z",
                "description": "LAMP on Ubuntu 18.04",
                "distribution": "Ubuntu",
                "error_message": "",
                "id": 68574510,
                "image": "68574510",
                "min_disk_size": 20,
                "name": "LAMP on Ubuntu 18.04",
                "private": false,
                "regions": [
                  "ams2",
                  "ams3",
                  "blr1",
                  "fra1",
                  "lon1",
                  "nyc1",
                  "nyc2",
                  "nyc3",
                  "sfo1",
                  "sfo2",
                  "sfo3",
                  "sgp1",
                  "syd1",
                  "tor1"
                ],
                "size_gigabytes": 1.85,
                "slug": "lamp-18-04",
                "status": "available",
                "tags": [],
                "type": "snapshot"
              },
              {
                "created": "2020-08-14T05:54:33Z",
                "description": "RethinkDB 2.4.1 on Ubuntu 18.04",
                "distribution": "Ubuntu",
                "error_message": "",
                "id": 68402596,
                "image": "68402596",
                "min_disk_size": 25,
                "name": "RethinkDB 2.4.1 on Ubuntu 18.04",
                "private": false,
                "regions": [
                  "ams2",
                  "ams3",
                  "blr1",
                  "fra1",
                  "lon1",
                  "nyc1",
                  "nyc2",
                  "nyc3",
                  "sfo1",
                  "sfo2",
                  "sfo3",
                  "sgp1",
                  "syd1",
                  "tor1"
                ],
                "size_gigabytes": 1.52,
                "slug": "rethinkdb-18-04",
                "status": "available",
                "tags": [],
                "type": "snapshot"
              },
              {
                "created": "2020-08-13T20:15:26Z",
                "description": "Jitsi Server 2.1-273 on Ubuntu 18.04",
                "distribution": "Ubuntu",
                "error_message": "",
                "id": 68365058,
                "image": "68365058",
                "min_disk_size": 25,
                "name": "Jitsi Server 2.1-273 on Ubuntu 18.04",
                "private": false,
                "regions": [
                  "ams2",
                  "ams3",
                  "blr1",
                  "fra1",
                  "lon1",
                  "nyc1",
                  "nyc2",
                  "nyc3",
                  "sfo1",
                  "sfo2",
                  "sfo3",
                  "sgp1",
                  "syd1",
                  "tor1"
                ],
                "size_gigabytes": 1.81,
                "slug": "opentradestatist-jitsiserver-18-04",
                "status": "available",
                "tags": [],
                "type": "snapshot"
              },
              {
                "created": "2020-08-10T14:34:08Z",
                "description": "Bugfender 2020.2.0 on Ubuntu 18.04",
                "distribution": "Ubuntu",
                "error_message": "",
                "id": 68195844,
                "image": "68195844",
                "min_disk_size": 80,
                "name": "Bugfender 2020.2.0 on Ubuntu 18.04",
                "private": false,
                "regions": [
                  "ams2",
                  "ams3",
                  "blr1",
                  "fra1",
                  "lon1",
                  "nyc1",
                  "nyc2",
                  "nyc3",
                  "sfo1",
                  "sfo2",
                  "sfo3",
                  "sgp1",
                  "syd1",
                  "tor1"
                ],
                "size_gigabytes": 4.73,
                "slug": "mobilejazz-bugfender-18-04",
                "status": "available",
                "tags": [],
                "type": "snapshot"
              },
              {
                "created": "2020-08-07T23:13:03Z",
                "description": "Solder.io 0.7.6 on Ubuntu 18.04.5",
                "distribution": "Ubuntu",
                "error_message": "",
                "id": 68056432,
                "image": "68056432",
                "min_disk_size": 25,
                "name": "Solder.io 0.7.6 on Ubuntu 18.04.5",
                "private": false,
                "regions": [
                  "ams2",
                  "ams3",
                  "blr1",
                  "fra1",
                  "lon1",
                  "nyc1",
                  "nyc2",
                  "nyc3",
                  "sfo1",
                  "sfo2",
                  "sfo3",
                  "sgp1",
                  "syd1",
                  "tor1"
                ],
                "size_gigabytes": 2.54,
                "slug": "jadiangaming-solderio-18-04-5",
                "status": "available",
                "tags": [],
                "type": "snapshot"
              },
              {
                "created": "2020-08-07T03:02:24Z",
                "description": "UXLens 0.7 on Ubuntu 18.04",
                "distribution": "Ubuntu",
                "error_message": "",
                "id": 68019043,
                "image": "68019043",
                "min_disk_size": 80,
                "name": "UXLens 0.7 on Ubuntu 18.04",
                "private": false,
                "regions": [
                  "ams2",
                  "ams3",
                  "blr1",
                  "fra1",
                  "lon1",
                  "nyc1",
                  "nyc2",
                  "nyc3",
                  "sfo1",
                  "sfo2",
                  "sfo3",
                  "sgp1",
                  "syd1",
                  "tor1"
                ],
                "size_gigabytes": 5.27,
                "slug": "uxlens-18-04",
                "status": "available",
                "tags": [],
                "type": "snapshot"
              },
              {
                "created": "2020-07-30T10:52:48Z",
                "description": "Passbolt CE 2.13.5 on Ubuntu 18.04",
                "distribution": "Ubuntu",
                "error_message": "",
                "id": 67613663,
                "image": "67613663",
                "min_disk_size": 25,
                "name": "Passbolt CE 2.13.5 on Ubuntu 18.04",
                "private": false,
                "regions": [
                  "ams2",
                  "ams3",
                  "blr1",
                  "fra1",
                  "lon1",
                  "nyc1",
                  "nyc2",
                  "nyc3",
                  "sfo1",
                  "sfo2",
                  "sfo3",
                  "sgp1",
                  "syd1",
                  "tor1"
                ],
                "size_gigabytes": 2.41,
                "slug": "passbolt-18-04",
                "status": "available",
                "tags": [],
                "type": "snapshot"
              },
              {
                "created": "2020-07-25T04:44:27Z",
                "description": "Purdm 0.3a on Ubuntu 18.04",
                "distribution": "Ubuntu",
                "error_message": "",
                "id": 67340642,
                "image": "67340642",
                "min_disk_size": 25,
                "name": "Purdm 0.3a on Ubuntu 18.04",
                "private": false,
                "regions": [
                  "ams2",
                  "ams3",
                  "blr1",
                  "fra1",
                  "lon1",
                  "nyc1",
                  "nyc2",
                  "nyc3",
                  "sfo1",
                  "sfo2",
                  "sfo3",
                  "sgp1",
                  "syd1",
                  "tor1"
                ],
                "size_gigabytes": 2.09,
                "slug": "wftutorials-purdm-18-04",
                "status": "available",
                "tags": [],
                "type": "snapshot"
              },
              {
                "created": "2020-07-24T15:05:31Z",
                "description": "Kepler Builder 1.0.10 on Ubuntu 18.04",
                "distribution": "Ubuntu",
                "error_message": "",
                "id": 67299287,
                "image": "67299287",
                "min_disk_size": 25,
                "name": "Kepler Builder 1.0.10 on Ubuntu 18.04",
                "private": false,
                "regions": [
                  "ams2",
                  "ams3",
                  "blr1",
                  "fra1",
                  "lon1",
                  "nyc1",
                  "nyc2",
                  "nyc3",
                  "sfo1",
                  "sfo2",
                  "sfo3",
                  "sgp1",
                  "syd1",
                  "tor1"
                ],
                "size_gigabytes": 1.91,
                "slug": "revox-keplerbuilder-18-04",
                "status": "available",
                "tags": [],
                "type": "snapshot"
              },
              {
                "created": "2020-07-23T20:48:13Z",
                "description": "Ant Media Server Community Edition 2.1.0 on Ubuntu 18.04",
                "distribution": "Ubuntu",
                "error_message": "",
                "id": 67254425,
                "image": "67254425",
                "min_disk_size": 25,
                "name": "Ant Media Server Community Edition 2.1.0 on Ubuntu 18.04",
                "private": false,
                "regions": [
                  "ams2",
                  "ams3",
                  "blr1",
                  "fra1",
                  "lon1",
                  "nyc1",
                  "nyc2",
                  "nyc3",
                  "sfo1",
                  "sfo2",
                  "sfo3",
                  "sgp1",
                  "syd1",
                  "tor1"
                ],
                "size_gigabytes": 2.74,
                "slug": "antmedia-16-04",
                "status": "available",
                "tags": [],
                "type": "snapshot"
              },
              {
                "created": "2020-07-23T16:23:57Z",
                "description": "Strapi 3.1.0 on Ubuntu 18.04",
                "distribution": "Ubuntu",
                "error_message": "",
                "id": 67247093,
                "image": "67247093",
                "min_disk_size": 50,
                "name": "Strapi 3.1.0 on Ubuntu 18.04",
                "private": false,
                "regions": [
                  "ams2",
                  "ams3",
                  "blr1",
                  "fra1",
                  "lon1",
                  "nyc1",
                  "nyc2",
                  "nyc3",
                  "sfo1",
                  "sfo2",
                  "sfo3",
                  "sgp1",
                  "syd1",
                  "tor1"
                ],
                "size_gigabytes": 2.14,
                "slug": "strapi-18-04",
                "status": "available",
                "tags": [],
                "type": "snapshot"
              },
              {
                "created": "2020-07-23T12:31:35Z",
                "description": "Repman 0.4.1 on Ubuntu 18.04 (LTS)",
                "distribution": "Ubuntu",
                "error_message": "",
                "id": 67242773,
                "image": "67242773",
                "min_disk_size": 25,
                "name": "Repman 0.4.1 on Ubuntu 18.04 (LTS)",
                "private": false,
                "regions": [
                  "ams2",
                  "ams3",
                  "blr1",
                  "fra1",
                  "lon1",
                  "nyc1",
                  "nyc2",
                  "nyc3",
                  "sfo1",
                  "sfo2",
                  "sfo3",
                  "sgp1",
                  "syd1",
                  "tor1"
                ],
                "size_gigabytes": 2.03,
                "slug": "buddy-repman-18-04",
                "status": "available",
                "tags": [],
                "type": "snapshot"
              },
              {
                "created": "2020-07-13T03:47:50Z",
                "description": "RunCloud-20.04 on Ubuntu 20.04",
                "distribution": "Ubuntu",
                "error_message": "",
                "id": 66692239,
                "image": "66692239",
                "min_disk_size": 25,
                "name": "RunCloud-20.04 on Ubuntu 20.04",
                "private": false,
                "regions": [
                  "ams2",
                  "ams3",
                  "blr1",
                  "fra1",
                  "lon1",
                  "nyc1",
                  "nyc2",
                  "nyc3",
                  "sfo1",
                  "sfo2",
                  "sfo3",
                  "sgp1",
                  "syd1",
                  "tor1"
                ],
                "size_gigabytes": 3.29,
                "slug": "runcloud-runcloud2004-20-04",
                "status": "available",
                "tags": [],
                "type": "snapshot"
              },
              {
                "created": "2020-07-10T05:59:42Z",
                "description": "OpenVPN Access Server 2.8.5 on Ubuntu 18.04",
                "distribution": "Ubuntu",
                "error_message": "",
                "id": 66545993,
                "image": "66545993",
                "min_disk_size": 25,
                "name": "OpenVPN Access Server 2.8.5 on Ubuntu 18.04",
                "private": false,
                "regions": [
                  "ams2",
                  "ams3",
                  "blr1",
                  "fra1",
                  "lon1",
                  "nyc1",
                  "nyc2",
                  "nyc3",
                  "sfo1",
                  "sfo2",
                  "sfo3",
                  "sgp1",
                  "syd1",
                  "tor1"
                ],
                "size_gigabytes": 1.74,
                "slug": "openvpn-18-04",
                "status": "available",
                "tags": [],
                "type": "snapshot"
              },
              {
                "created": "2020-07-08T07:14:38Z",
                "description": "RunCloud-18.04 on Ubuntu 18.04",
                "distribution": "Ubuntu",
                "error_message": "",
                "id": 66443802,
                "image": "66443802",
                "min_disk_size": 25,
                "name": "RunCloud-18.04 on Ubuntu 18.04",
                "private": false,
                "regions": [
                  "ams2",
                  "ams3",
                  "blr1",
                  "fra1",
                  "lon1",
                  "nyc1",
                  "nyc2",
                  "nyc3",
                  "sfo1",
                  "sfo2",
                  "sfo3",
                  "sgp1",
                  "syd1",
                  "tor1"
                ],
                "size_gigabytes": 3.06,
                "slug": "runcloud-18-04",
                "status": "available",
                "tags": [],
                "type": "snapshot"
              },
              {
                "created": "2020-07-06T13:43:00Z",
                "description": "Computing for COVID 3 on Ubuntu 18.04.4 LTS",
                "distribution": "Ubuntu",
                "error_message": "",
                "id": 66343115,
                "image": "66343115",
                "min_disk_size": 60,
                "name": "Computing for COVID 3 on Ubuntu 18.04.4 LTS",
                "private": false,
                "regions": [
                  "ams2",
                  "ams3",
                  "blr1",
                  "fra1",
                  "lon1",
                  "nyc1",
                  "nyc2",
                  "nyc3",
                  "sfo1",
                  "sfo2",
                  "sfo3",
                  "sgp1",
                  "syd1",
                  "tor1"
                ],
                "size_gigabytes": 1.47,
                "slug": "ten7-computingforcovi-18-04-4",
                "status": "available",
                "tags": [],
                "type": "snapshot"
              },
              {
                "created": "2020-06-11T19:57:53Z",
                "description": "OpenVPN + Pihole 1.1.1 on Ubuntu 18.04",
                "distribution": "Ubuntu",
                "error_message": "",
                "id": 65052996,
                "image": "65052996",
                "min_disk_size": 25,
                "name": "OpenVPN + Pihole 1.1.1 on Ubuntu 18.04",
                "private": false,
                "regions": [
                  "ams2",
                  "ams3",
                  "blr1",
                  "fra1",
                  "lon1",
                  "nyc1",
                  "nyc2",
                  "nyc3",
                  "sfo1",
                  "sfo2",
                  "sfo3",
                  "sgp1",
                  "syd1",
                  "tor1"
                ],
                "size_gigabytes": 1.58,
                "slug": "pihole-18-04",
                "status": "available",
                "tags": [],
                "type": "snapshot"
              },
              {
                "created": "2020-06-10T08:40:20Z",
                "description": "IOTA Hornet Node on Ubuntu 20.04",
                "distribution": "Ubuntu",
                "error_message": "",
                "id": 64991584,
                "image": "64991584",
                "min_disk_size": 25,
                "name": "IOTA Hornet Node on Ubuntu 20.04",
                "private": false,
                "regions": [
                  "ams2",
                  "ams3",
                  "blr1",
                  "fra1",
                  "lon1",
                  "nyc1",
                  "nyc2",
                  "nyc3",
                  "sfo1",
                  "sfo2",
                  "sfo3",
                  "sgp1",
                  "syd1",
                  "tor1"
                ],
                "size_gigabytes": 3.92,
                "slug": "iota-iotahornetnode-18-04",
                "status": "available",
                "tags": [],
                "type": "snapshot"
              },
              {
                "created": "2020-06-08T14:25:33Z",
                "description": "Ghost on Ubuntu 18.04",
                "distribution": "Ubuntu",
                "error_message": "",
                "id": 64892282,
                "image": "64892282",
                "min_disk_size": 25,
                "name": "Ghost on Ubuntu 18.04",
                "private": false,
                "regions": [
                  "ams2",
                  "ams3",
                  "blr1",
                  "fra1",
                  "lon1",
                  "nyc1",
                  "nyc2",
                  "nyc3",
                  "sfo1",
                  "sfo2",
                  "sfo3",
                  "sgp1",
                  "syd1",
                  "tor1"
                ],
                "size_gigabytes": 2.24,
                "slug": "ghost-18-04",
                "status": "available",
                "tags": [],
                "type": "snapshot"
              },
              {
                "created": "2020-06-03T09:37:14Z",
                "description": "Supabase Realtime 0.7.5 on Ubuntu 18.04",
                "distribution": "Ubuntu",
                "error_message": "",
                "id": 64634239,
                "image": "64634239",
                "min_disk_size": 20,
                "name": "Supabase Realtime 0.7.5 on Ubuntu 18.04",
                "private": false,
                "regions": [
                  "ams2",
                  "ams3",
                  "blr1",
                  "fra1",
                  "lon1",
                  "nyc1",
                  "nyc2",
                  "nyc3",
                  "sfo1",
                  "sfo2",
                  "sfo3",
                  "sgp1",
                  "syd1",
                  "tor1"
                ],
                "size_gigabytes": 1.68,
                "slug": "supabase-supabaserealtime-18-04",
                "status": "available",
                "tags": [],
                "type": "snapshot"
              },
              {
                "created": "2020-06-01T15:55:04Z",
                "description": "ZoomAdmin 2.0.1 on Ubuntu 18.04.03",
                "distribution": "Ubuntu",
                "error_message": "",
                "id": 64535957,
                "image": "64535957",
                "min_disk_size": 25,
                "name": "ZoomAdmin 2.0.1 on Ubuntu 18.04.03",
                "private": false,
                "regions": [
                  "ams2",
                  "ams3",
                  "blr1",
                  "fra1",
                  "lon1",
                  "nyc1",
                  "nyc2",
                  "nyc3",
                  "sfo1",
                  "sfo2",
                  "sfo3",
                  "sgp1",
                  "syd1",
                  "tor1"
                ],
                "size_gigabytes": 5.42,
                "slug": "zoomadmin-18-04",
                "status": "available",
                "tags": [],
                "type": "snapshot"
              },
              {
                "created": "2020-05-31T12:35:41Z",
                "description": "Akaunting on Ubuntu 18.04",
                "distribution": "Ubuntu",
                "error_message": "",
                "id": 64481530,
                "image": "64481530",
                "min_disk_size": 25,
                "name": "Akaunting on Ubuntu 18.04",
                "private": false,
                "regions": [
                  "ams2",
                  "ams3",
                  "blr1",
                  "fra1",
                  "lon1",
                  "nyc1",
                  "nyc2",
                  "nyc3",
                  "sfo1",
                  "sfo2",
                  "sfo3",
                  "sgp1",
                  "syd1",
                  "tor1"
                ],
                "size_gigabytes": 1.83,
                "slug": "akaunting-18-04",
                "status": "available",
                "tags": [],
                "type": "snapshot"
              },
              {
                "created": "2020-05-19T12:35:09Z",
                "description": "OpenLiteSpeed NodeJS 12.16.3 on Ubuntu 20.04",
                "distribution": "Ubuntu",
                "error_message": "",
                "id": 63871420,
                "image": "63871420",
                "min_disk_size": 25,
                "name": "OpenLiteSpeed NodeJS 12.16.3 on Ubuntu 20.04",
                "private": false,
                "regions": [
                  "ams2",
                  "ams3",
                  "blr1",
                  "fra1",
                  "lon1",
                  "nyc1",
                  "nyc2",
                  "nyc3",
                  "sfo1",
                  "sfo2",
                  "sfo3",
                  "sgp1",
                  "syd1",
                  "tor1"
                ],
                "size_gigabytes": 2.04,
                "slug": "litespeedtechnol-openlitespeednod-18-04",
                "status": "available",
                "tags": [],
                "type": "snapshot"
              },
              {
                "created": "2020-05-11T12:44:47Z",
                "description": "Botpress 12.9.1 on Ubuntu 18.04",
                "distribution": "Ubuntu",
                "error_message": "",
                "id": 63468814,
                "image": "63468814",
                "min_disk_size": 25,
                "name": "Botpress 12.9.1 on Ubuntu 18.04",
                "private": false,
                "regions": [
                  "ams2",
                  "ams3",
                  "blr1",
                  "fra1",
                  "lon1",
                  "nyc1",
                  "nyc2",
                  "nyc3",
                  "sfo1",
                  "sfo2",
                  "sfo3",
                  "sgp1",
                  "syd1",
                  "tor1"
                ],
                "size_gigabytes": 4.18,
                "slug": "botpress-18-04",
                "status": "available",
                "tags": [],
                "type": "snapshot"
              },
              {
                "created": "2020-05-08T01:48:36Z",
                "description": "Minecraft: Bedrock Edition 1.0 on Ubuntu 20.04 (LTS)",
                "distribution": "Ubuntu",
                "error_message": "",
                "id": 63297697,
                "image": "63297697",
                "min_disk_size": 25,
                "name": "Minecraft: Bedrock Edition 1.0 on Ubuntu 20.04 (LTS)",
                "private": false,
                "regions": [
                  "ams2",
                  "ams3",
                  "blr1",
                  "fra1",
                  "lon1",
                  "nyc1",
                  "nyc2",
                  "nyc3",
                  "sfo1",
                  "sfo2",
                  "sfo3",
                  "sgp1",
                  "syd1",
                  "tor1"
                ],
                "size_gigabytes": 3.4,
                "slug": "sharklabs-minecraftbedrock-20-04",
                "status": "available",
                "tags": [],
                "type": "snapshot"
              },
              {
                "created": "2020-05-07T10:13:22Z",
                "description": "Krill 0.6.0 on Ubuntu 18.04",
                "distribution": "Ubuntu",
                "error_message": "",
                "id": 63267808,
                "image": "63267808",
                "min_disk_size": 25,
                "name": "Krill 0.6.0 on Ubuntu 18.04",
                "private": false,
                "regions": [
                  "ams2",
                  "ams3",
                  "blr1",
                  "fra1",
                  "lon1",
                  "nyc1",
                  "nyc2",
                  "nyc3",
                  "sfo1",
                  "sfo2",
                  "sfo3",
                  "sgp1",
                  "syd1",
                  "tor1"
                ],
                "size_gigabytes": 3.92,
                "slug": "nlnetlabs-krill-18-04",
                "status": "available",
                "tags": [],
                "type": "snapshot"
              },
              {
                "created": "2020-05-04T20:11:57Z",
                "description": "Meltano 1.31.0 on Ubuntu 18.04",
                "distribution": "Ubuntu",
                "error_message": "",
                "id": 63127734,
                "image": "63127734",
                "min_disk_size": 25,
                "name": "Meltano 1.31.0 on Ubuntu 18.04",
                "private": false,
                "regions": [
                  "ams2",
                  "ams3",
                  "blr1",
                  "fra1",
                  "lon1",
                  "nyc1",
                  "nyc2",
                  "nyc3",
                  "sfo1",
                  "sfo2",
                  "sfo3",
                  "sgp1",
                  "syd1",
                  "tor1"
                ],
                "size_gigabytes": 2.66,
                "slug": "meltano-18-04",
                "status": "available",
                "tags": [],
                "type": "snapshot"
              },
              {
                "created": "2020-05-01T21:56:50Z",
                "description": "Hubs Cloud Personal 1.1.0 on Ubuntu 18.04",
                "distribution": "Ubuntu",
                "error_message": "",
                "id": 62983753,
                "image": "62983753",
                "min_disk_size": 25,
                "name": "Hubs Cloud Personal 1.1.0 on Ubuntu 18.04",
                "private": false,
                "regions": [
                  "ams2",
                  "ams3",
                  "blr1",
                  "fra1",
                  "lon1",
                  "nyc1",
                  "nyc2",
                  "nyc3",
                  "sfo1",
                  "sfo2",
                  "sfo3",
                  "sgp1",
                  "syd1",
                  "tor1"
                ],
                "size_gigabytes": 2.19,
                "slug": "mozilla-hubscloudpersona-18-04",
                "status": "available",
                "tags": [],
                "type": "snapshot"
              },
              {
                "created": "2020-04-30T21:34:00Z",
                "description": "Discourse 2.5.0.beta3 on Ubuntu 18.04",
                "distribution": "Ubuntu",
                "error_message": "",
                "id": 62932114,
                "image": "62932114",
                "min_disk_size": 20,
                "name": "Discourse 2.5.0.beta3 on Ubuntu 18.04",
                "private": false,
                "regions": [
                  "ams2",
                  "ams3",
                  "blr1",
                  "fra1",
                  "lon1",
                  "nyc1",
                  "nyc2",
                  "nyc3",
                  "sfo1",
                  "sfo2",
                  "sfo3",
                  "sgp1",
                  "syd1",
                  "tor1"
                ],
                "size_gigabytes": 2.53,
                "slug": "discourse-18-04",
                "status": "available",
                "tags": [],
                "type": "snapshot"
              },
              {
                "created": "2020-04-28T20:44:25Z",
                "description": "Python/Django Quickstart 1.1 on Ubuntu 18.04",
                "distribution": "Ubuntu",
                "error_message": "",
                "id": 62828899,
                "image": "62828899",
                "min_disk_size": 25,
                "name": "Python/Django Quickstart 1.1 on Ubuntu 18.04",
                "private": false,
                "regions": [
                  "ams2",
                  "ams3",
                  "blr1",
                  "fra1",
                  "lon1",
                  "nyc1",
                  "nyc2",
                  "nyc3",
                  "sfo1",
                  "sfo2",
                  "sfo3",
                  "sgp1",
                  "syd1",
                  "tor1"
                ],
                "size_gigabytes": 3.07,
                "slug": "sharklabs-pythondjangoquic-18-04",
                "status": "available",
                "tags": [],
                "type": "snapshot"
              },
              {
                "created": "2020-04-19T12:16:19Z",
                "description": "Selenoid 1.10.0 on Ubuntu 18.04",
                "distribution": "Ubuntu",
                "error_message": "",
                "id": 62370503,
                "image": "62370503",
                "min_disk_size": 25,
                "name": "Selenoid 1.10.0 on Ubuntu 18.04",
                "private": false,
                "regions": [
                  "ams2",
                  "ams3",
                  "blr1",
                  "fra1",
                  "lon1",
                  "nyc1",
                  "nyc2",
                  "nyc3",
                  "sfo1",
                  "sfo2",
                  "sfo3",
                  "sgp1",
                  "syd1",
                  "tor1"
                ],
                "size_gigabytes": 4,
                "slug": "selenoid-18-04",
                "status": "available",
                "tags": [],
                "type": "snapshot"
              },
              {
                "created": "2020-04-09T17:02:38Z",
                "description": "code-server 3.0.2 on Ubuntu 18.04",
                "distribution": "Ubuntu",
                "error_message": "",
                "id": 61882425,
                "image": "61882425",
                "min_disk_size": 25,
                "name": "code-server 3.0.2 on Ubuntu 18.04",
                "private": false,
                "regions": [
                  "ams2",
                  "ams3",
                  "blr1",
                  "fra1",
                  "lon1",
                  "nyc1",
                  "nyc2",
                  "nyc3",
                  "sfo1",
                  "sfo2",
                  "sfo3",
                  "sgp1",
                  "syd1",
                  "tor1"
                ],
                "size_gigabytes": 1.71,
                "slug": "code-server-18-04",
                "status": "available",
                "tags": [],
                "type": "snapshot"
              },
              {
                "created": "2020-04-07T17:29:42Z",
                "description": "Minecraft: Java Edition Server 1.0 on Ubuntu 18.04",
                "distribution": "Ubuntu",
                "error_message": "",
                "id": 61783800,
                "image": "61783800",
                "min_disk_size": 25,
                "name": "Minecraft: Java Edition Server 1.0 on Ubuntu 18.04",
                "private": false,
                "regions": [
                  "ams2",
                  "ams3",
                  "blr1",
                  "fra1",
                  "lon1",
                  "nyc1",
                  "nyc2",
                  "nyc3",
                  "sfo1",
                  "sfo2",
                  "sfo3",
                  "sgp1",
                  "syd1",
                  "tor1"
                ],
                "size_gigabytes": 2.07,
                "slug": "sharklabs-minecraftjavaedi-18-04",
                "status": "available",
                "tags": [],
                "type": "snapshot"
              },
              {
                "created": "2020-04-05T13:56:16Z",
                "description": "Mastodon 3.1.3 on Ubuntu 18.04",
                "distribution": "Ubuntu",
                "error_message": "",
                "id": 61682016,
                "image": "61682016",
                "min_disk_size": 25,
                "name": "Mastodon 3.1.3 on Ubuntu 18.04",
                "private": false,
                "regions": [
                  "ams2",
                  "ams3",
                  "blr1",
                  "fra1",
                  "lon1",
                  "nyc1",
                  "nyc2",
                  "nyc3",
                  "sfo1",
                  "sfo2",
                  "sfo3",
                  "sgp1",
                  "syd1",
                  "tor1"
                ],
                "size_gigabytes": 3.6,
                "slug": "mastodon-18-04",
                "status": "available",
                "tags": [],
                "type": "snapshot"
              },
              {
                "created": "2020-03-26T16:26:25Z",
                "description": "Folding@home 0.0.1 on Ubuntu 18.04",
                "distribution": "Ubuntu",
                "error_message": "",
                "id": 61190486,
                "image": "61190486",
                "min_disk_size": 25,
                "name": "Folding@home 0.0.1 on Ubuntu 18.04",
                "private": false,
                "regions": [
                  "ams2",
                  "ams3",
                  "blr1",
                  "fra1",
                  "lon1",
                  "nyc1",
                  "nyc2",
                  "nyc3",
                  "sfo1",
                  "sfo2",
                  "sfo3",
                  "sgp1",
                  "syd1",
                  "tor1"
                ],
                "size_gigabytes": 1.44,
                "slug": "sharklabs-foldinghome-18-04",
                "status": "available",
                "tags": [],
                "type": "snapshot"
              },
              {
                "created": "2020-03-19T08:04:51Z",
                "description": "Buddy on Ubuntu 18.04",
                "distribution": "Ubuntu",
                "error_message": "",
                "id": 60838833,
                "image": "60838833",
                "min_disk_size": 160,
                "name": "Buddy on Ubuntu 18.04",
                "private": false,
                "regions": [
                  "ams2",
                  "ams3",
                  "blr1",
                  "fra1",
                  "lon1",
                  "nyc1",
                  "nyc2",
                  "nyc3",
                  "sfo1",
                  "sfo2",
                  "sfo3",
                  "sgp1",
                  "syd1",
                  "tor1"
                ],
                "size_gigabytes": 2.83,
                "slug": "buddy-18-04",
                "status": "available",
                "tags": [],
                "type": "snapshot"
              },
              {
                "created": "2020-03-10T14:58:51Z",
                "description": "Ruby on Rails on 18.04 ",
                "distribution": "Ubuntu",
                "error_message": "",
                "id": 60412145,
                "image": "60412145",
                "min_disk_size": 20,
                "name": "Ruby on Rails on 18.04",
                "private": false,
                "regions": [
                  "ams2",
                  "ams3",
                  "blr1",
                  "fra1",
                  "lon1",
                  "nyc1",
                  "nyc2",
                  "nyc3",
                  "sfo1",
                  "sfo2",
                  "sfo3",
                  "sgp1",
                  "syd1",
                  "tor1"
                ],
                "size_gigabytes": 21.47,
                "slug": "rails-18-04",
                "status": "available",
                "tags": [],
                "type": "snapshot"
              },
              {
                "created": "2020-02-25T08:03:39Z",
                "description": "Snapt Nova ADC (Load Balancer, WAF) 1.0.0 on Ubuntu 18.04",
                "distribution": "Ubuntu",
                "error_message": "",
                "id": 59730488,
                "image": "59730488",
                "min_disk_size": 25,
                "name": "Snapt Nova ADC (Load Balancer, WAF) 1.0.0 on Ubuntu 18.04",
                "private": false,
                "regions": [
                  "ams2",
                  "ams3",
                  "blr1",
                  "fra1",
                  "lon1",
                  "nyc1",
                  "nyc2",
                  "nyc3",
                  "sfo1",
                  "sfo2",
                  "sfo3",
                  "sgp1",
                  "syd1",
                  "tor1"
                ],
                "size_gigabytes": 1.27,
                "slug": "snapt-snaptnova-18-04",
                "status": "available",
                "tags": [],
                "type": "snapshot"
              },
              {
                "created": "2020-02-24T11:47:23Z",
                "description": "ERPNext 12.5.0 on Ubuntu 18.04",
                "distribution": "Ubuntu",
                "error_message": "",
                "id": 59686506,
                "image": "59686506",
                "min_disk_size": 160,
                "name": "ERPNext 12.5.0 on Ubuntu 18.04",
                "private": false,
                "regions": [
                  "ams2",
                  "ams3",
                  "blr1",
                  "fra1",
                  "lon1",
                  "nyc1",
                  "nyc2",
                  "nyc3",
                  "sfo1",
                  "sfo2",
                  "sfo3",
                  "sgp1",
                  "syd1",
                  "tor1"
                ],
                "size_gigabytes": 6.86,
                "slug": "erpnext-18-04",
                "status": "available",
                "tags": [],
                "type": "snapshot"
              },
              {
                "created": "2020-02-22T06:50:56Z",
                "description": "Snapt Aria 2.0.0 on Ubuntu 18.04",
                "distribution": "Ubuntu",
                "error_message": "",
                "id": 59585886,
                "image": "59585886",
                "min_disk_size": 25,
                "name": "Snapt Aria 2.0.0 on Ubuntu 18.04",
                "private": false,
                "regions": [
                  "ams2",
                  "ams3",
                  "blr1",
                  "fra1",
                  "lon1",
                  "nyc1",
                  "nyc2",
                  "nyc3",
                  "sfo1",
                  "sfo2",
                  "sfo3",
                  "sgp1",
                  "syd1",
                  "tor1"
                ],
                "size_gigabytes": 2.07,
                "slug": "snapt-snaptaria-18-04",
                "status": "available",
                "tags": [],
                "type": "snapshot"
              },
              {
                "created": "2020-02-20T19:31:28Z",
                "description": "Node.js Quickstart 1.0 on Ubuntu 18.04",
                "distribution": "Ubuntu",
                "error_message": "",
                "id": 59505490,
                "image": "59505490",
                "min_disk_size": 25,
                "name": "Node.js Quickstart 1.0 on Ubuntu 18.04",
                "private": false,
                "regions": [
                  "ams2",
                  "ams3",
                  "blr1",
                  "fra1",
                  "lon1",
                  "nyc1",
                  "nyc2",
                  "nyc3",
                  "sfo1",
                  "sfo2",
                  "sfo3",
                  "sgp1",
                  "syd1",
                  "tor1"
                ],
                "size_gigabytes": 2.29,
                "slug": "sharklabs-nodejsquickstart-18-04",
                "status": "available",
                "tags": [],
                "type": "snapshot"
              },
              {
                "created": "2020-02-19T17:10:50Z",
                "description": "Reblaze WAF 2.12.10 on Ubuntu 18.04",
                "distribution": "Ubuntu",
                "error_message": "",
                "id": 59454915,
                "image": "59454915",
                "min_disk_size": 25,
                "name": "Reblaze WAF 2.12.10 on Ubuntu 18.04",
                "private": false,
                "regions": [
                  "ams2",
                  "ams3",
                  "blr1",
                  "fra1",
                  "lon1",
                  "nyc1",
                  "nyc2",
                  "nyc3",
                  "sfo1",
                  "sfo2",
                  "sfo3",
                  "sgp1",
                  "syd1",
                  "tor1"
                ],
                "size_gigabytes": 2.58,
                "slug": "reblaze-reblazewaf-18-04",
                "status": "available",
                "tags": [],
                "type": "snapshot"
              },
              {
                "created": "2020-02-13T23:34:28Z",
                "description": "Rocket.Chat 2.4.9 on Ubuntu 18.04",
                "distribution": "Ubuntu",
                "error_message": "",
                "id": 59182288,
                "image": "59182288",
                "min_disk_size": 25,
                "name": "Rocket.Chat 2.4.9 on Ubuntu 18.04",
                "private": false,
                "regions": [
                  "ams2",
                  "ams3",
                  "blr1",
                  "fra1",
                  "lon1",
                  "nyc1",
                  "nyc2",
                  "nyc3",
                  "sfo1",
                  "sfo2",
                  "sfo3",
                  "sgp1",
                  "syd1",
                  "tor1"
                ],
                "size_gigabytes": 8.01,
                "slug": "rocketchat-18-04",
                "status": "available",
                "tags": [],
                "type": "snapshot"
              },
              {
                "created": "2020-02-13T11:20:05Z",
                "description": "titra 0.9.8 on Ubuntu 18.04",
                "distribution": "Ubuntu",
                "error_message": "",
                "id": 59164646,
                "image": "59164646",
                "min_disk_size": 25,
                "name": "titra 0.9.8 on Ubuntu 18.04",
                "private": false,
                "regions": [
                  "ams2",
                  "ams3",
                  "blr1",
                  "fra1",
                  "lon1",
                  "nyc1",
                  "nyc2",
                  "nyc3",
                  "sfo1",
                  "sfo2",
                  "sfo3",
                  "sgp1",
                  "syd1",
                  "tor1"
                ],
                "size_gigabytes": 4.64,
                "slug": "kromit-titra-18-04",
                "status": "available",
                "tags": [],
                "type": "snapshot"
              },
              {
                "created": "2020-02-09T08:52:56Z",
                "description": "Open Unlight 1.0.0.pre1 on Ubuntu 18.04",
                "distribution": "Ubuntu",
                "error_message": "",
                "id": 58974013,
                "image": "58974013",
                "min_disk_size": 30,
                "name": "Open Unlight 1.0.0.pre1 on Ubuntu 18.04",
                "private": false,
                "regions": [
                  "ams2",
                  "ams3",
                  "blr1",
                  "fra1",
                  "lon1",
                  "nyc1",
                  "nyc2",
                  "nyc3",
                  "sfo1",
                  "sfo2",
                  "sfo3",
                  "sgp1",
                  "syd1",
                  "tor1"
                ],
                "size_gigabytes": 2.89,
                "slug": "unlight-openunlight-18-04",
                "status": "available",
                "tags": [],
                "type": "snapshot"
              },
              {
                "created": "2020-01-31T18:59:19Z",
                "description": "Nimbella Lite on Ubuntu 18.04",
                "distribution": "Ubuntu",
                "error_message": "",
                "id": 58562018,
                "image": "58562018",
                "min_disk_size": 25,
                "name": "Nimbella Lite on Ubuntu 18.04",
                "private": false,
                "regions": [
                  "ams2",
                  "ams3",
                  "blr1",
                  "fra1",
                  "lon1",
                  "nyc1",
                  "nyc2",
                  "nyc3",
                  "sfo1",
                  "sfo2",
                  "sfo3",
                  "sgp1",
                  "syd1",
                  "tor1"
                ],
                "size_gigabytes": 5.2,
                "slug": "nimbella-18-04",
                "status": "available",
                "tags": [],
                "type": "snapshot"
              },
              {
                "created": "2020-01-23T01:14:57Z",
                "description": "RStudio + H2O 1.2 on Ubuntu 18.04",
                "distribution": "Ubuntu",
                "error_message": "",
                "id": 58153814,
                "image": "58153814",
                "min_disk_size": 25,
                "name": "RStudio + H2O 1.2 on Ubuntu 18.04",
                "private": false,
                "regions": [
                  "ams2",
                  "ams3",
                  "blr1",
                  "fra1",
                  "lon1",
                  "nyc1",
                  "nyc2",
                  "nyc3",
                  "sfo1",
                  "sfo2",
                  "sfo3",
                  "sgp1",
                  "syd1",
                  "tor1"
                ],
                "size_gigabytes": 3.73,
                "slug": "opentradestatist-rstudioh2o-18-04",
                "status": "available",
                "tags": [],
                "type": "snapshot"
              },
              {
                "created": "2020-01-20T12:34:38Z",
                "description": "WorkflowServer 2.5 on Ubuntu 18.04",
                "distribution": "Ubuntu",
                "error_message": "",
                "id": 58037406,
                "image": "58037406",
                "min_disk_size": 25,
                "name": "WorkflowServer 2.5 on Ubuntu 18.04",
                "private": false,
                "regions": [
                  "ams2",
                  "ams3",
                  "blr1",
                  "fra1",
                  "lon1",
                  "nyc1",
                  "nyc2",
                  "nyc3",
                  "sfo1",
                  "sfo2",
                  "sfo3",
                  "sgp1",
                  "syd1",
                  "tor1"
                ],
                "size_gigabytes": 2.19,
                "slug": "optimajet-workflowserver-18-04",
                "status": "available",
                "tags": [],
                "type": "snapshot"
              },
              {
                "created": "2020-01-13T16:30:27Z",
                "description": "Meltano 1.15.0 on Ubuntu 18.04",
                "distribution": "Ubuntu",
                "error_message": "",
                "id": 57715909,
                "image": "57715909",
                "min_disk_size": 25,
                "name": "Meltano 1.15.0 on Ubuntu 18.04",
                "private": false,
                "regions": [
                  "ams2",
                  "ams3",
                  "blr1",
                  "fra1",
                  "lon1",
                  "nyc1",
                  "nyc2",
                  "nyc3",
                  "sfo1",
                  "sfo2",
                  "sfo3",
                  "sgp1",
                  "syd1",
                  "tor1"
                ],
                "size_gigabytes": 2.15,
                "slug": "gitlab-meltano-18-04",
                "status": "available",
                "tags": [],
                "type": "snapshot"
              },
              {
                "created": "2020-01-11T08:48:55Z",
                "description": "Hasura GraphQL on Ubuntu 18.04",
                "distribution": "Ubuntu",
                "error_message": "",
                "id": 57616599,
                "image": "57616599",
                "min_disk_size": 25,
                "name": "Hasura GraphQL on Ubuntu 18.04",
                "private": false,
                "regions": [
                  "ams2",
                  "ams3",
                  "blr1",
                  "fra1",
                  "lon1",
                  "nyc1",
                  "nyc2",
                  "nyc3",
                  "sfo1",
                  "sfo2",
                  "sfo3",
                  "sgp1",
                  "syd1",
                  "tor1"
                ],
                "size_gigabytes": 2.89,
                "slug": "hasura-18-04",
                "status": "available",
                "tags": [],
                "type": "snapshot"
              },
              {
                "created": "2019-12-29T21:34:10Z",
                "description": "RStudio 1.2 on Ubuntu 18.04",
                "distribution": "Ubuntu",
                "error_message": "",
                "id": 57033970,
                "image": "57033970",
                "min_disk_size": 25,
                "name": "RStudio 1.2 on Ubuntu 18.04",
                "private": false,
                "regions": [
                  "ams2",
                  "ams3",
                  "blr1",
                  "fra1",
                  "lon1",
                  "nyc1",
                  "nyc2",
                  "nyc3",
                  "sfo1",
                  "sfo2",
                  "sfo3",
                  "sgp1",
                  "syd1",
                  "tor1"
                ],
                "size_gigabytes": 13.3,
                "slug": "simplystatistics-rstudio-18-04",
                "status": "available",
                "tags": [],
                "type": "snapshot"
              },
              {
                "created": "2019-12-18T18:36:23Z",
                "description": "Workarea 3.5.x on Ubuntu 18.04",
                "distribution": "Ubuntu",
                "error_message": "",
                "id": 56522552,
                "image": "56522552",
                "min_disk_size": 25,
                "name": "Workarea 3.5.x on Ubuntu 18.04",
                "private": false,
                "regions": [
                  "ams2",
                  "ams3",
                  "blr1",
                  "fra1",
                  "lon1",
                  "nyc1",
                  "nyc2",
                  "nyc3",
                  "sfo1",
                  "sfo2",
                  "sfo3",
                  "sgp1",
                  "syd1",
                  "tor1"
                ],
                "size_gigabytes": 3.03,
                "slug": "workarea-18-04",
                "status": "available",
                "tags": [],
                "type": "snapshot"
              },
              {
                "created": "2019-12-18T08:33:19Z",
                "description": "Restyaboard 0.6.8 on Ubuntu 16.04",
                "distribution": "Ubuntu",
                "error_message": "",
                "id": 56512564,
                "image": "56512564",
                "min_disk_size": 25,
                "name": "Restyaboard 0.6.8 on Ubuntu 16.04",
                "private": false,
                "regions": [
                  "ams2",
                  "ams3",
                  "blr1",
                  "fra1",
                  "lon1",
                  "nyc1",
                  "nyc2",
                  "nyc3",
                  "sfo1",
                  "sfo2",
                  "sfo3",
                  "sgp1",
                  "syd1",
                  "tor1"
                ],
                "size_gigabytes": 2.03,
                "slug": "restyaboard-16-04",
                "status": "available",
                "tags": [],
                "type": "snapshot"
              },
              {
                "created": "2019-12-13T17:08:55Z",
                "description": "RStudio + PkgDev 1.2 on Ubuntu 18.04",
                "distribution": "Ubuntu",
                "error_message": "",
                "id": 56291082,
                "image": "56291082",
                "min_disk_size": 25,
                "name": "RStudio + PkgDev 1.2 on Ubuntu 18.04",
                "private": false,
                "regions": [
                  "ams2",
                  "ams3",
                  "blr1",
                  "fra1",
                  "lon1",
                  "nyc1",
                  "nyc2",
                  "nyc3",
                  "sfo1",
                  "sfo2",
                  "sfo3",
                  "sgp1",
                  "syd1",
                  "tor1"
                ],
                "size_gigabytes": 3.07,
                "slug": "opentradestatist-rstudiopkgdev-18-04",
                "status": "available",
                "tags": [],
                "type": "snapshot"
              },
              {
                "created": "2019-12-05T16:57:16Z",
                "description": "OpenLiteSpeed WordPress 5.3 on Ubuntu 18.04",
                "distribution": "Ubuntu",
                "error_message": "",
                "id": 55916878,
                "image": "55916878",
                "min_disk_size": 25,
                "name": "OpenLiteSpeed WordPress 5.3 on Ubuntu 18.04",
                "private": false,
                "regions": [
                  "ams2",
                  "ams3",
                  "blr1",
                  "fra1",
                  "lon1",
                  "nyc1",
                  "nyc2",
                  "nyc3",
                  "sfo1",
                  "sfo2",
                  "sfo3",
                  "sgp1",
                  "syd1",
                  "tor1"
                ],
                "size_gigabytes": 2.24,
                "slug": "openlitespeed-wp-18-04",
                "status": "available",
                "tags": [],
                "type": "snapshot"
              },
              {
                "created": "2019-11-21T13:09:45Z",
                "description": "RethinkDB (Fantasia) 2.3.7 on Ubuntu 18.04",
                "distribution": "Ubuntu",
                "error_message": "",
                "id": 55272004,
                "image": "55272004",
                "min_disk_size": 25,
                "name": "RethinkDB (Fantasia) 2.3.7 on Ubuntu 18.04",
                "private": false,
                "regions": [
                  "ams2",
                  "ams3",
                  "blr1",
                  "fra1",
                  "lon1",
                  "nyc1",
                  "nyc2",
                  "nyc3",
                  "sfo1",
                  "sfo2",
                  "sfo3",
                  "sgp1",
                  "syd1",
                  "tor1"
                ],
                "size_gigabytes": 1.46,
                "slug": "rethinkdb-rethinkdbfantasi-18-04",
                "status": "available",
                "tags": [],
                "type": "snapshot"
              },
              {
                "created": "2019-11-14T19:39:14Z",
                "description": "Mattermost 5.16.3 on Ubuntu 18.04",
                "distribution": "Ubuntu",
                "error_message": "",
                "id": 54959642,
                "image": "54959642",
                "min_disk_size": 20,
                "name": "Mattermost 5.16.3 on Ubuntu 18.04",
                "private": false,
                "regions": [
                  "ams2",
                  "ams3",
                  "blr1",
                  "fra1",
                  "lon1",
                  "nyc1",
                  "nyc2",
                  "nyc3",
                  "sfo1",
                  "sfo2",
                  "sfo3",
                  "sgp1",
                  "syd1",
                  "tor1"
                ],
                "size_gigabytes": 2.05,
                "slug": "mattermost-18-04",
                "status": "available",
                "tags": [],
                "type": "snapshot"
              },
              {
                "created": "2019-10-28T14:06:49Z",
                "description": "Redash 8.0.0 on Ubuntu 18.04",
                "distribution": "Ubuntu",
                "error_message": "",
                "id": 54187810,
                "image": "54187810",
                "min_disk_size": 30,
                "name": "Redash 8.0.0 on Ubuntu 18.04",
                "private": false,
                "regions": [
                  "ams2",
                  "ams3",
                  "blr1",
                  "fra1",
                  "lon1",
                  "nyc1",
                  "nyc2",
                  "nyc3",
                  "sfo1",
                  "sfo2",
                  "sfo3",
                  "sgp1",
                  "syd1",
                  "tor1"
                ],
                "size_gigabytes": 3.35,
                "slug": "redash-18-04",
                "status": "available",
                "tags": [],
                "type": "snapshot"
              },
              {
                "created": "2019-10-01T12:17:03Z",
                "description": "Varbase 8.7.11 on Ubuntu 18.04",
                "distribution": "Ubuntu",
                "error_message": "",
                "id": 52981719,
                "image": "52981719",
                "min_disk_size": 50,
                "name": "Varbase 8.7.11 on Ubuntu 18.04",
                "private": false,
                "regions": [
                  "ams2",
                  "ams3",
                  "blr1",
                  "fra1",
                  "lon1",
                  "nyc1",
                  "nyc2",
                  "nyc3",
                  "sfo1",
                  "sfo2",
                  "sfo3",
                  "sgp1",
                  "syd1",
                  "tor1"
                ],
                "size_gigabytes": 2.71,
                "slug": "vardot-varbase-18-04",
                "status": "available",
                "tags": [],
                "type": "snapshot"
              },
              {
                "created": "2019-09-23T22:16:45Z",
                "description": "Chamilo 1.11.10 on Ubuntu 18.04",
                "distribution": "Ubuntu",
                "error_message": "",
                "id": 52639497,
                "image": "52639497",
                "min_disk_size": 25,
                "name": "Chamilo 1.11.10 on Ubuntu 18.04",
                "private": false,
                "regions": [
                  "ams2",
                  "ams3",
                  "blr1",
                  "fra1",
                  "lon1",
                  "nyc1",
                  "nyc2",
                  "nyc3",
                  "sfo1",
                  "sfo2",
                  "sfo3",
                  "sgp1",
                  "syd1",
                  "tor1"
                ],
                "size_gigabytes": 4.52,
                "slug": "chamilo-18-04",
                "status": "available",
                "tags": [],
                "type": "snapshot"
              },
              {
                "created": "2019-09-16T13:51:03Z",
                "description": "",
                "distribution": "Ubuntu",
                "error_message": "",
                "id": 52318955,
                "image": "52318955",
                "min_disk_size": 25,
                "name": "Fathom on 18.04",
                "private": false,
                "regions": [
                  "ams2",
                  "ams3",
                  "blr1",
                  "fra1",
                  "lon1",
                  "nyc1",
                  "nyc2",
                  "nyc3",
                  "sfo1",
                  "sfo2",
                  "sfo3",
                  "sgp1",
                  "syd1",
                  "tor1"
                ],
                "size_gigabytes": 1.24,
                "slug": "fathom-18-04",
                "status": "available",
                "tags": [],
                "type": "snapshot"
              },
              {
                "created": "2019-08-28T01:12:32Z",
                "description": "QCObjects 2.1.157 on Ubuntu 18.04",
                "distribution": "Ubuntu",
                "error_message": "",
                "id": 51476094,
                "image": "51476094",
                "min_disk_size": 25,
                "name": "QCObjects 2.1.157 on Ubuntu 18.04",
                "private": false,
                "regions": [
                  "ams2",
                  "ams3",
                  "blr1",
                  "fra1",
                  "lon1",
                  "nyc1",
                  "nyc2",
                  "nyc3",
                  "sfo1",
                  "sfo2",
                  "sfo3",
                  "sgp1",
                  "syd1",
                  "tor1"
                ],
                "size_gigabytes": 2.58,
                "slug": "quickcorp-qcobjects-18-04",
                "status": "available",
                "tags": [],
                "type": "snapshot"
              },
              {
                "created": "2019-08-21T15:54:05Z",
                "description": "",
                "distribution": "Ubuntu",
                "error_message": "",
                "id": 51199767,
                "image": "51199767",
                "min_disk_size": 20,
                "name": "bcoin on 18.04",
                "private": false,
                "regions": [
                  "ams2",
                  "ams3",
                  "blr1",
                  "fra1",
                  "lon1",
                  "nyc1",
                  "nyc2",
                  "nyc3",
                  "sfo1",
                  "sfo2",
                  "sfo3",
                  "sgp1",
                  "syd1",
                  "tor1"
                ],
                "size_gigabytes": 6.51,
                "slug": "bcoin-18-04",
                "status": "available",
                "tags": [],
                "type": "snapshot"
              },
              {
                "created": "2019-08-19T16:59:05Z",
                "description": "LEMP on 18.04 20190819",
                "distribution": "Ubuntu",
                "error_message": "",
                "id": 51114830,
                "image": "51114830",
                "min_disk_size": 20,
                "name": "LEMP on 18.04",
                "private": false,
                "regions": [
                  "ams2",
                  "ams3",
                  "blr1",
                  "fra1",
                  "lon1",
                  "nyc1",
                  "nyc2",
                  "nyc3",
                  "sfo1",
                  "sfo2",
                  "sfo3",
                  "sgp1",
                  "syd1",
                  "tor1"
                ],
                "size_gigabytes": 0.47,
                "slug": "lemp-18-04",
                "status": "available",
                "tags": [],
                "type": "snapshot"
              },
              {
                "created": "2019-08-15T15:49:07Z",
                "description": "CyberScore 5.0.1 on Ubuntu 18.04.3",
                "distribution": "Ubuntu",
                "error_message": "",
                "id": 50944501,
                "image": "50944501",
                "min_disk_size": 25,
                "name": "CyberScore 5.0.1 on Ubuntu 18.04.3",
                "private": false,
                "regions": [
                  "ams2",
                  "ams3",
                  "blr1",
                  "fra1",
                  "lon1",
                  "nyc1",
                  "nyc2",
                  "nyc3",
                  "sfo1",
                  "sfo2",
                  "sfo3",
                  "sgp1",
                  "syd1",
                  "tor1"
                ],
                "size_gigabytes": 1.1,
                "slug": "cyberscore-18-04",
                "status": "available",
                "tags": [],
                "type": "snapshot"
              },
              {
                "created": "2019-08-13T17:01:38Z",
                "description": "",
                "distribution": "Ubuntu",
                "error_message": "",
                "id": 50860670,
                "image": "50860670",
                "min_disk_size": 25,
                "name": "Zeromon Zabbix 4 on Ubuntu 18.04",
                "private": false,
                "regions": [
                  "ams2",
                  "ams3",
                  "blr1",
                  "fra1",
                  "lon1",
                  "nyc1",
                  "nyc2",
                  "nyc3",
                  "sfo1",
                  "sfo2",
                  "sfo3",
                  "sgp1",
                  "syd1",
                  "tor1"
                ],
                "size_gigabytes": 20.55,
                "slug": "zeromon-zabbix-18-04",
                "status": "available",
                "tags": [],
                "type": "snapshot"
              },
              {
                "created": "2019-08-11T01:46:40Z",
                "description": "Invoice Ninja 1.0.0 on Ubuntu 18.0.4",
                "distribution": "Ubuntu",
                "error_message": "",
                "id": 50751897,
                "image": "50751897",
                "min_disk_size": 25,
                "name": "Invoice Ninja 1.0.0 on Ubuntu 18.0.4",
                "private": false,
                "regions": [
                  "ams2",
                  "ams3",
                  "blr1",
                  "fra1",
                  "lon1",
                  "nyc1",
                  "nyc2",
                  "nyc3",
                  "sfo1",
                  "sfo2",
                  "sfo3",
                  "sgp1",
                  "syd1",
                  "tor1"
                ],
                "size_gigabytes": 1.59,
                "slug": "invoiceninja-18-04",
                "status": "available",
                "tags": [],
                "type": "snapshot"
              },
              {
                "created": "2019-07-30T14:42:36Z",
                "description": "",
                "distribution": "Ubuntu",
                "error_message": "",
                "id": 50270443,
                "image": "50270443",
                "min_disk_size": 20,
                "name": "Izenda 3.3.1 on Ubuntu 18.04",
                "private": false,
                "regions": [
                  "ams2",
                  "ams3",
                  "blr1",
                  "fra1",
                  "lon1",
                  "nyc1",
                  "nyc2",
                  "nyc3",
                  "sfo1",
                  "sfo2",
                  "sfo3",
                  "sgp1",
                  "syd1",
                  "tor1"
                ],
                "size_gigabytes": 3.13,
                "slug": "izenda-18-04",
                "status": "available",
                "tags": [],
                "type": "snapshot"
              },
              {
                "created": "2019-07-23T18:13:11Z",
                "description": "OpenLiteSpeed Django 2.2.3 on Ubuntu 18.04",
                "distribution": "Ubuntu",
                "error_message": "",
                "id": 49991862,
                "image": "49991862",
                "min_disk_size": 25,
                "name": "OpenLiteSpeed Django 2.2.3 on Ubuntu 18.04",
                "private": false,
                "regions": [
                  "ams2",
                  "ams3",
                  "blr1",
                  "fra1",
                  "lon1",
                  "nyc1",
                  "nyc2",
                  "nyc3",
                  "sfo1",
                  "sfo2",
                  "sfo3",
                  "sgp1",
                  "syd1",
                  "tor1"
                ],
                "size_gigabytes": 2.05,
                "slug": "openlitespeed-django-18-04",
                "status": "available",
                "tags": [],
                "type": "snapshot"
              },
              {
                "created": "2019-07-23T18:12:10Z",
                "description": "OpenLiteSpeed NodeJS 10.15.3 on Ubuntu 18.04",
                "distribution": "Ubuntu",
                "error_message": "",
                "id": 49991856,
                "image": "49991856",
                "min_disk_size": 25,
                "name": "OpenLiteSpeed NodeJS 10.15.3 on Ubuntu 18.04",
                "private": false,
                "regions": [
                  "ams2",
                  "ams3",
                  "blr1",
                  "fra1",
                  "lon1",
                  "nyc1",
                  "nyc2",
                  "nyc3",
                  "sfo1",
                  "sfo2",
                  "sfo3",
                  "sgp1",
                  "syd1",
                  "tor1"
                ],
                "size_gigabytes": 1.76,
                "slug": "openlitespeed-node-18-04",
                "status": "available",
                "tags": [],
                "type": "snapshot"
              },
              {
                "created": "2019-07-12T01:34:19Z",
                "description": "Skaffolder 3.0 on Ubuntu 18.04",
                "distribution": "Ubuntu",
                "error_message": "",
                "id": 49506692,
                "image": "49506692",
                "min_disk_size": 25,
                "name": "Skaffolder 3.0 on Ubuntu 18.04",
                "private": false,
                "regions": [
                  "ams2",
                  "ams3",
                  "blr1",
                  "fra1",
                  "lon1",
                  "nyc1",
                  "nyc2",
                  "nyc3",
                  "sfo1",
                  "sfo2",
                  "sfo3",
                  "sgp1",
                  "syd1",
                  "tor1"
                ],
                "size_gigabytes": 4.67,
                "slug": "skaffolder-18-04",
                "status": "available",
                "tags": [],
                "type": "snapshot"
              },
              {
                "created": "2019-07-11T22:14:22Z",
                "description": "Influx TICK on 18.04",
                "distribution": "Ubuntu",
                "error_message": "",
                "id": 49497176,
                "image": "49497176",
                "min_disk_size": 25,
                "name": "Influx TICK on 18.04",
                "private": false,
                "regions": [
                  "ams2",
                  "ams3",
                  "blr1",
                  "fra1",
                  "lon1",
                  "nyc1",
                  "nyc2",
                  "nyc3",
                  "sfo1",
                  "sfo2",
                  "sfo3",
                  "sgp1",
                  "syd1",
                  "tor1"
                ],
                "size_gigabytes": 1.77,
                "slug": "influxdb-18-04",
                "status": "available",
                "tags": [],
                "type": "snapshot"
              },
              {
                "created": "2019-07-11T00:05:42Z",
                "description": "PacVim on Ubuntu 18.04",
                "distribution": "Ubuntu",
                "error_message": "",
                "id": 49460377,
                "image": "49460377",
                "min_disk_size": 25,
                "name": "PacVim on Ubuntu 18.04",
                "private": false,
                "regions": [
                  "ams2",
                  "ams3",
                  "blr1",
                  "fra1",
                  "lon1",
                  "nyc1",
                  "nyc2",
                  "nyc3",
                  "sfo1",
                  "sfo2",
                  "sfo3",
                  "sgp1",
                  "syd1",
                  "tor1"
                ],
                "size_gigabytes": 1.38,
                "slug": "sharklabs-pacvim-18-04",
                "status": "available",
                "tags": [],
                "type": "snapshot"
              },
              {
                "created": "2019-07-10T15:59:02Z",
                "description": "",
                "distribution": "Ubuntu",
                "error_message": "",
                "id": 49446420,
                "image": "49446420",
                "min_disk_size": 20,
                "name": "ThingsBoard PE on Ubuntu 18.04",
                "private": false,
                "regions": [
                  "ams2",
                  "ams3",
                  "blr1",
                  "fra1",
                  "lon1",
                  "nyc1",
                  "nyc2",
                  "nyc3",
                  "sfo1",
                  "sfo2",
                  "sfo3",
                  "sgp1",
                  "syd1",
                  "tor1"
                ],
                "size_gigabytes": 2.4,
                "slug": "thingsboardpe-18-04",
                "status": "available",
                "tags": [],
                "type": "snapshot"
              },
              {
                "created": "2019-07-10T15:22:27Z",
                "description": "ThingsBoard CE on Ubuntu 18.04",
                "distribution": "Ubuntu",
                "error_message": "",
                "id": 49445799,
                "image": "49445799",
                "min_disk_size": 20,
                "name": "ThingsBoard CE on Ubuntu 18.04",
                "private": false,
                "regions": [
                  "ams2",
                  "ams3",
                  "blr1",
                  "fra1",
                  "lon1",
                  "nyc1",
                  "nyc2",
                  "nyc3",
                  "sfo1",
                  "sfo2",
                  "sfo3",
                  "sgp1",
                  "syd1",
                  "tor1"
                ],
                "size_gigabytes": 1.81,
                "slug": "thingsboard-18-04",
                "status": "available",
                "tags": [],
                "type": "snapshot"
              },
              {
                "created": "2019-06-26T13:29:51Z",
                "description": "",
                "distribution": "Ubuntu",
                "error_message": "",
                "id": 48862530,
                "image": "48862530",
                "min_disk_size": 25,
                "name": "CloudBees Jenkins on 18.04",
                "private": false,
                "regions": [
                  "ams2",
                  "ams3",
                  "blr1",
                  "fra1",
                  "lon1",
                  "nyc1",
                  "nyc2",
                  "nyc3",
                  "sfo1",
                  "sfo2",
                  "sfo3",
                  "sgp1",
                  "syd1",
                  "tor1"
                ],
                "size_gigabytes": 1.5,
                "slug": "jenkins-18-04",
                "status": "available",
                "tags": [],
                "type": "snapshot"
              },
              {
                "created": "2019-06-25T19:35:39Z",
                "description": "PhpMyAdmin on 18.04 20190625",
                "distribution": "Ubuntu",
                "error_message": "",
                "id": 48826557,
                "image": "48826557",
                "min_disk_size": 20,
                "name": "PhpMyAdmin on 18.04",
                "private": false,
                "regions": [
                  "ams2",
                  "ams3",
                  "blr1",
                  "fra1",
                  "lon1",
                  "nyc1",
                  "nyc2",
                  "nyc3",
                  "sfo1",
                  "sfo2",
                  "sfo3",
                  "sgp1",
                  "syd1",
                  "tor1"
                ],
                "size_gigabytes": 0.51,
                "slug": "phpmyadmin-18-04",
                "status": "available",
                "tags": [],
                "type": "snapshot"
              },
              {
                "created": "2019-06-25T18:47:45Z",
                "description": "MySQL on 18.04 20190625",
                "distribution": "Ubuntu",
                "error_message": "",
                "id": 48825518,
                "image": "48825518",
                "min_disk_size": 20,
                "name": "MySQL on 18.04",
                "private": false,
                "regions": [
                  "ams2",
                  "ams3",
                  "blr1",
                  "fra1",
                  "lon1",
                  "nyc1",
                  "nyc2",
                  "nyc3",
                  "sfo1",
                  "sfo2",
                  "sfo3",
                  "sgp1",
                  "syd1",
                  "tor1"
                ],
                "size_gigabytes": 0.51,
                "slug": "mysql-18-04",
                "status": "available",
                "tags": [],
                "type": "snapshot"
              },
              {
                "created": "2019-06-25T15:32:42Z",
                "description": "Dokku 0.17.9 on 18.04 20190625",
                "distribution": "Ubuntu",
                "error_message": "",
                "id": 48823330,
                "image": "48823330",
                "min_disk_size": 20,
                "name": "Dokku 0.17.9 on 18.04",
                "private": false,
                "regions": [
                  "ams2",
                  "ams3",
                  "blr1",
                  "fra1",
                  "lon1",
                  "nyc1",
                  "nyc2",
                  "nyc3",
                  "sfo1",
                  "sfo2",
                  "sfo3",
                  "sgp1",
                  "syd1",
                  "tor1"
                ],
                "size_gigabytes": 0.84,
                "slug": "dokku-18-04",
                "status": "available",
                "tags": [],
                "type": "snapshot"
              },
              {
                "created": "2019-06-17T04:02:39Z",
                "description": "OpenCart 3.0.3 on Ubuntu 18.04",
                "distribution": "Ubuntu",
                "error_message": "",
                "id": 48487343,
                "image": "48487343",
                "min_disk_size": 25,
                "name": "OpenCart 3.0.3 on Ubuntu 18.04",
                "private": false,
                "regions": [
                  "ams2",
                  "ams3",
                  "blr1",
                  "fra1",
                  "lon1",
                  "nyc1",
                  "nyc2",
                  "nyc3",
                  "sfo1",
                  "sfo2",
                  "sfo3",
                  "sgp1",
                  "syd1",
                  "tor1"
                ],
                "size_gigabytes": 1.87,
                "slug": "opencart-18-04",
                "status": "available",
                "tags": [],
                "type": "snapshot"
              },
              {
                "created": "2019-06-04T07:04:57Z",
                "description": "SolidInvoice 2.0.3 on Ubuntu 18.04",
                "distribution": "Ubuntu",
                "error_message": "",
                "id": 47979870,
                "image": "47979870",
                "min_disk_size": 25,
                "name": "SolidInvoice 2.0.3 on Ubuntu 18.04",
                "private": false,
                "regions": [
                  "ams2",
                  "ams3",
                  "blr1",
                  "fra1",
                  "lon1",
                  "nyc1",
                  "nyc2",
                  "nyc3",
                  "sfo1",
                  "sfo2",
                  "sfo3",
                  "sgp1",
                  "syd1",
                  "tor1"
                ],
                "size_gigabytes": 2.25,
                "slug": "solidinvoice-18-04",
                "status": "available",
                "tags": [],
                "type": "snapshot"
              },
              {
                "created": "2019-05-28T12:46:55Z",
                "description": "Shopware on Ubuntu 18.04",
                "distribution": "Ubuntu",
                "error_message": "",
                "id": 47696842,
                "image": "47696842",
                "min_disk_size": 25,
                "name": "Shopware on Ubuntu 18.04",
                "private": false,
                "regions": [
                  "ams2",
                  "ams3",
                  "blr1",
                  "fra1",
                  "lon1",
                  "nyc1",
                  "nyc2",
                  "nyc3",
                  "sfo1",
                  "sfo2",
                  "sfo3",
                  "sgp1",
                  "syd1",
                  "tor1"
                ],
                "size_gigabytes": 2.22,
                "slug": "shopware-18-04",
                "status": "available",
                "tags": [],
                "type": "snapshot"
              },
              {
                "created": "2019-05-22T07:05:51Z",
                "description": "Onjection Jenkins 2.164.3 on Ubuntu 16.04",
                "distribution": "Ubuntu",
                "error_message": "",
                "id": 47457247,
                "image": "47457247",
                "min_disk_size": 25,
                "name": "Onjection Jenkins 2.164.3 on Ubuntu 16.04",
                "private": false,
                "regions": [
                  "ams2",
                  "ams3",
                  "blr1",
                  "fra1",
                  "lon1",
                  "nyc1",
                  "nyc2",
                  "nyc3",
                  "sfo1",
                  "sfo2",
                  "sfo3",
                  "sgp1",
                  "syd1",
                  "tor1"
                ],
                "size_gigabytes": 3.12,
                "slug": "onjection-jenkins-16-04",
                "status": "available",
                "tags": [],
                "type": "snapshot"
              },
              {
                "created": "2019-05-16T12:44:10Z",
                "description": "Acra 0.85.0 on Ubuntu 18.04",
                "distribution": "Ubuntu",
                "error_message": "",
                "id": 47220441,
                "image": "47220441",
                "min_disk_size": 25,
                "name": "Acra 0.85.0 on Ubuntu 18.04",
                "private": false,
                "regions": [
                  "ams2",
                  "ams3",
                  "blr1",
                  "fra1",
                  "lon1",
                  "nyc1",
                  "nyc2",
                  "nyc3",
                  "sfo1",
                  "sfo2",
                  "sfo3",
                  "sgp1",
                  "syd1",
                  "tor1"
                ],
                "size_gigabytes": 1.49,
                "slug": "acra-18-04",
                "status": "available",
                "tags": [],
                "type": "snapshot"
              },
              {
                "created": "2019-05-16T09:35:42Z",
                "description": "Prometheus 2.9.2 on Ubuntu 18.04",
                "distribution": "Ubuntu",
                "error_message": "",
                "id": 47219194,
                "image": "47219194",
                "min_disk_size": 20,
                "name": "Prometheus 2.9.2 on Ubuntu 18.04",
                "private": false,
                "regions": [
                  "ams2",
                  "ams3",
                  "blr1",
                  "fra1",
                  "lon1",
                  "nyc1",
                  "nyc2",
                  "nyc3",
                  "sfo1",
                  "sfo2",
                  "sfo3",
                  "sgp1",
                  "syd1",
                  "tor1"
                ],
                "size_gigabytes": 1.33,
                "slug": "prometheus-18-04",
                "status": "available",
                "tags": [],
                "type": "snapshot"
              },
              {
                "created": "2019-05-15T22:31:26Z",
                "description": "FastNetMon 2.0 on Ubuntu 18.04",
                "distribution": "Ubuntu",
                "error_message": "",
                "id": 47193962,
                "image": "47193962",
                "min_disk_size": 25,
                "name": "FastNetMon 2.0 on Ubuntu 18.04",
                "private": false,
                "regions": [
                  "ams2",
                  "ams3",
                  "blr1",
                  "fra1",
                  "lon1",
                  "nyc1",
                  "nyc2",
                  "nyc3",
                  "sfo1",
                  "sfo2",
                  "sfo3",
                  "sgp1",
                  "syd1",
                  "tor1"
                ],
                "size_gigabytes": 3.71,
                "slug": "fastnetmon-18-04",
                "status": "available",
                "tags": [],
                "type": "snapshot"
              },
              {
                "created": "2019-05-15T21:19:41Z",
                "description": "Onion Routed Cloud 14 on 18.04",
                "distribution": "Ubuntu",
                "error_message": "",
                "id": 47190557,
                "image": "47190557",
                "min_disk_size": 25,
                "name": "Onion Routed Cloud 14 on 18.04",
                "private": false,
                "regions": [
                  "ams2",
                  "ams3",
                  "blr1",
                  "fra1",
                  "lon1",
                  "nyc1",
                  "nyc2",
                  "nyc3",
                  "sfo1",
                  "sfo2",
                  "sfo3",
                  "sgp1",
                  "syd1",
                  "tor1"
                ],
                "size_gigabytes": 1.46,
                "slug": "deadcanaries-onionroutedcloud-18-04",
                "status": "available",
                "tags": [],
                "type": "snapshot"
              },
              {
                "created": "2019-05-15T21:09:18Z",
                "description": "OpenFaaS on Ubuntu 18.04",
                "distribution": "Ubuntu",
                "error_message": "",
                "id": 47190076,
                "image": "47190076",
                "min_disk_size": 25,
                "name": "OpenFaaS on Ubuntu 18.04",
                "private": false,
                "regions": [
                  "ams2",
                  "ams3",
                  "blr1",
                  "fra1",
                  "lon1",
                  "nyc1",
                  "nyc2",
                  "nyc3",
                  "sfo1",
                  "sfo2",
                  "sfo3",
                  "sgp1",
                  "syd1",
                  "tor1"
                ],
                "size_gigabytes": 2.21,
                "slug": "openfaas-18-04",
                "status": "available",
                "tags": [],
                "type": "snapshot"
              },
              {
                "created": "2019-05-15T20:05:43Z",
                "description": "Helpy 2.4 on 18.04",
                "distribution": "Ubuntu",
                "error_message": "",
                "id": 47187262,
                "image": "47187262",
                "min_disk_size": 25,
                "name": "Helpy 2.4 on 18.04",
                "private": false,
                "regions": [
                  "ams2",
                  "ams3",
                  "blr1",
                  "fra1",
                  "lon1",
                  "nyc1",
                  "nyc2",
                  "nyc3",
                  "sfo1",
                  "sfo2",
                  "sfo3",
                  "sgp1",
                  "syd1",
                  "tor1"
                ],
                "size_gigabytes": 3.44,
                "slug": "helpy-18-04",
                "status": "available",
                "tags": [],
                "type": "snapshot"
              },
              {
                "created": "2019-05-15T05:38:56Z",
                "description": "Spotipo 3.4.13 on 18.04",
                "distribution": "Ubuntu",
                "error_message": "",
                "id": 47172991,
                "image": "47172991",
                "min_disk_size": 25,
                "name": "Spotipo 3.4.13 on 18.04",
                "private": false,
                "regions": [
                  "ams2",
                  "ams3",
                  "blr1",
                  "fra1",
                  "lon1",
                  "nyc1",
                  "nyc2",
                  "nyc3",
                  "sfo1",
                  "sfo2",
                  "sfo3",
                  "sgp1",
                  "syd1",
                  "tor1"
                ],
                "size_gigabytes": 2.52,
                "slug": "nibblecomm-spotipo-18-04",
                "status": "available",
                "tags": [],
                "type": "snapshot"
              },
              {
                "created": "2019-04-11T02:03:55Z",
                "description": "",
                "distribution": "Ubuntu",
                "error_message": "",
                "id": 45800611,
                "image": "45800611",
                "min_disk_size": 25,
                "name": "DeadLetter Facial Recognition on 18.04",
                "private": false,
                "regions": [
                  "ams2",
                  "ams3",
                  "blr1",
                  "fra1",
                  "lon1",
                  "nyc1",
                  "nyc2",
                  "nyc3",
                  "sfo1",
                  "sfo2",
                  "sfo3",
                  "sgp1",
                  "syd1",
                  "tor1"
                ],
                "size_gigabytes": 1.45,
                "slug": "deadletter-18-04",
                "status": "available",
                "tags": [],
                "type": "snapshot"
              },
              {
                "created": "2018-10-03T13:13:30Z",
                "description": "DSuhinin-App-1 1.0 on 18.04",
                "distribution": "Ubuntu",
                "error_message": "",
                "id": 38821435,
                "image": "38821435",
                "min_disk_size": 20,
                "name": "DSuhinin-App-1 1.0 on 18.04",
                "private": false,
                "regions": [
                  "ams2",
                  "ams3",
                  "blr1",
                  "fra1",
                  "lon1",
                  "nyc1",
                  "nyc2",
                  "nyc3",
                  "sfo1",
                  "sfo2",
                  "sfo3",
                  "sgp1",
                  "syd1",
                  "tor1"
                ],
                "size_gigabytes": 0.54,
                "slug": "dsuhininapp1-18-04",
                "status": "deleted",
                "tags": [],
                "type": "snapshot"
              }
            ],
            "sort": [
              {
                "direction": "desc",
                "key": "created"
              }
            ]
          },
          "sensitive_attributes": []
        }
      ]
    },
    {
      "mode": "data",
      "type": "template_file",
      "name": "userdata",
      "provider": "provider[\"registry.terraform.io/hashicorp/template\"]",
      "instances": [
        {
          "schema_version": 0,
          "attributes": {
            "filename": null,
            "id": "a1fbbf58e009a4ae55a3de4dd40d5eedc8c4d92fb6a30812549aa39baea6a206",
            "rendered": "#!/usr/bin/env bash\r\nset -x\r\nexec \u003e \u003e(tee /var/log/user-data.log|logger -t user-data -s 2\u003e/dev/console) 2\u003e\u00261\r\nexport PATH=\"$PATH:/usr/bin\"\r\n# Mount Volume\r\nDEVICE_FS=`blkid -o value -s TYPE /dev/disk/by-id/scsi-0DO_Volume_paralelos-docker-volume`\r\nif [ \"`echo -n $DEVICE_FS`\" == \"\" ] ; then\r\n        mkfs.ext4 /dev/disk/by-id/scsi-0DO_Volume_paralelos-docker-volume\r\nfi\r\nmkdir -p /var/lib/docker\r\necho '/dev/disk/by-id/scsi-0DO_Volume_paralelos-docker-volume /var/lib/docker ext4 defaults 0 0' \u003e\u003e /etc/fstab\r\nmount /var/lib/docker\r\n# Git and curl\r\nsudo apt install -y git\r\n#Docker\r\nsudo apt install -y apt-transport-https ca-certificates curl software-properties-common\r\ncurl -fsSL https://download.docker.com/linux/ubuntu/gpg | sudo apt-key add -\r\nsudo add-apt-repository -y \"deb [arch=amd64] https://download.docker.com/linux/ubuntu focal stable\"\r\nsudo apt install -y docker-ce\r\nqq\r\n\r\n# Docker User manage\r\nsudo groupadd -g 1000 fran\r\nsudo useradd -d /home/fran -s /bin/bash -u 1000 -g 1000 fran\r\nsudo mkdir /home/fran\r\nsudo chown -R fran:fran /home/fran\r\nsudo usermod -aG docker fran\r\n\r\nsudo curl -L \"https://github.com/docker/compose/releases/download/1.28.6/docker-compose-$(uname -s)-$(uname -m)\" -o /usr/local/bin/docker-compose\r\nsudo chmod +x /usr/local/bin/docker-compose\r\nsudo ln -s /usr/local/bin/docker-compose /usr/bin/docker-compose\r\n\r\n# Reboot\r\n#sudo reboot\r\n",
            "template": "#!/usr/bin/env bash\r\nset -x\r\nexec \u003e \u003e(tee /var/log/user-data.log|logger -t user-data -s 2\u003e/dev/console) 2\u003e\u00261\r\nexport PATH=\"$PATH:/usr/bin\"\r\n# Mount Volume\r\nDEVICE_FS=`blkid -o value -s TYPE ${device_path}`\r\nif [ \"`echo -n $DEVICE_FS`\" == \"\" ] ; then\r\n        mkfs.ext4 ${device_path}\r\nfi\r\nmkdir -p ${mount_path}\r\necho '${device_path} ${mount_path} ext4 defaults 0 0' \u003e\u003e /etc/fstab\r\nmount ${mount_path}\r\n# Git and curl\r\nsudo apt install -y git\r\n#Docker\r\nsudo apt install -y apt-transport-https ca-certificates curl software-properties-common\r\ncurl -fsSL https://download.docker.com/linux/ubuntu/gpg | sudo apt-key add -\r\nsudo add-apt-repository -y \"deb [arch=amd64] https://download.docker.com/linux/ubuntu focal stable\"\r\nsudo apt install -y docker-ce\r\nqq\r\n\r\n# Docker User manage\r\nsudo groupadd -g 1000 ${DOCKER_USER}\r\nsudo useradd -d /home/${DOCKER_USER} -s /bin/bash -u 1000 -g 1000 ${DOCKER_USER}\r\nsudo mkdir /home/${DOCKER_USER}\r\nsudo chown -R ${DOCKER_USER}:${DOCKER_USER} /home/${DOCKER_USER}\r\nsudo usermod -aG docker ${DOCKER_USER}\r\n\r\nsudo curl -L \"https://github.com/docker/compose/releases/download/1.28.6/docker-compose-$(uname -s)-$(uname -m)\" -o /usr/local/bin/docker-compose\r\nsudo chmod +x /usr/local/bin/docker-compose\r\nsudo ln -s /usr/local/bin/docker-compose /usr/bin/docker-compose\r\n\r\n# Reboot\r\n#sudo reboot\r\n",
            "vars": {
              "DOCKER_USER": "fran",
              "device_path": "/dev/disk/by-id/scsi-0DO_Volume_paralelos-docker-volume",
              "mount_path": "/var/lib/docker"
            }
          },
          "sensitive_attributes": []
        }
      ]
    },
    {
      "mode": "managed",
      "type": "digitalocean_droplet",
      "name": "docker",
      "provider": "provider[\"registry.terraform.io/digitalocean/digitalocean\"]",
      "instances": [
        {
          "schema_version": 1,
          "attributes": {
            "backups": true,
            "created_at": "2022-10-16T23:11:24Z",
            "disk": 160,
            "droplet_agent": null,
            "graceful_shutdown": false,
            "id": "321340263",
            "image": "ubuntu-20-04-x64",
            "ipv4_address": "142.93.99.20",
            "ipv4_address_private": "10.114.0.2",
            "ipv6": false,
            "ipv6_address": "",
            "locked": false,
            "memory": 8192,
            "monitoring": false,
            "name": "paralelos-docker",
            "price_hourly": 0.07143,
            "price_monthly": 48,
            "private_networking": true,
            "region": "fra1",
            "resize_disk": true,
            "size": "s-4vcpu-8gb",
            "ssh_keys": [
              "a8:51:51:c9:86:bc:e7:69:6d:b2:af:96:d3:7c:f8:9b"
            ],
            "status": "active",
            "tags": null,
            "timeouts": null,
            "urn": "do:droplet:321340263",
            "user_data": "09b1a12797738ac6f7476b7a5d77ff2fd89f00a6",
            "vcpus": 4,
            "volume_ids": [],
            "vpc_uuid": "0df110f2-0e03-4545-afda-7a0d5b262c43"
          },
          "sensitive_attributes": [],
          "private": "eyJlMmJmYjczMC1lY2FhLTExZTYtOGY4OC0zNDM2M2JjN2M0YzAiOnsiY3JlYXRlIjozNjAwMDAwMDAwMDAwLCJkZWxldGUiOjYwMDAwMDAwMDAwLCJ1cGRhdGUiOjM2MDAwMDAwMDAwMDB9LCJzY2hlbWFfdmVyc2lvbiI6IjEifQ==",
          "dependencies": [
            "data.template_file.userdata",
            "digitalocean_ssh_key.docker-ssh",
            "digitalocean_volume.docker"
          ]
        }
      ]
    },
    {
      "mode": "managed",
      "type": "digitalocean_ssh_key",
      "name": "docker-ssh",
      "provider": "provider[\"registry.terraform.io/digitalocean/digitalocean\"]",
      "instances": [
        {
          "schema_version": 0,
          "attributes": {
            "fingerprint": "a8:51:51:c9:86:bc:e7:69:6d:b2:af:96:d3:7c:f8:9b",
            "id": "36488580",
            "name": "paralelos-key",
            "public_key": "ssh-ed25519 AAAAC3NzaC1lZDI1NTE5AAAAIA+sBAOaIPjPY98W4mqOhX3+0tFEL+XZU3Bc67XCvD5v genere24@gmail.com\n"
          },
          "sensitive_attributes": [],
          "private": "bnVsbA=="
        }
      ]
    },
    {
      "mode": "managed",
      "type": "digitalocean_volume",
      "name": "docker",
      "provider": "provider[\"registry.terraform.io/digitalocean/digitalocean\"]",
      "instances": [
        {
          "schema_version": 0,
          "attributes": {
            "description": "paralelos docker volume description",
            "droplet_ids": [],
            "filesystem_label": null,
            "filesystem_type": "ext4",
            "id": "d94e6530-4da7-11ed-ac0f-0a58ac14d15a",
            "initial_filesystem_label": null,
            "initial_filesystem_type": "ext4",
            "name": "paralelos-docker-volume",
            "region": "fra1",
            "size": 80,
            "snapshot_id": null,
            "tags": null,
            "urn": "do:volume:d94e6530-4da7-11ed-ac0f-0a58ac14d15a"
          },
          "sensitive_attributes": [],
          "private": "bnVsbA=="
        }
      ]
    },
    {
      "mode": "managed",
      "type": "digitalocean_volume_attachment",
      "name": "docker",
      "provider": "provider[\"registry.terraform.io/digitalocean/digitalocean\"]",
      "instances": [
        {
          "schema_version": 0,
          "attributes": {
            "droplet_id": 321340263,
            "id": "321340263-d94e6530-4da7-11ed-ac0f-0a58ac14d15a-20221016231214753400000001",
            "volume_id": "d94e6530-4da7-11ed-ac0f-0a58ac14d15a"
          },
          "sensitive_attributes": [],
          "private": "bnVsbA==",
          "dependencies": [
            "data.template_file.userdata",
            "digitalocean_droplet.docker",
            "digitalocean_ssh_key.docker-ssh",
            "digitalocean_volume.docker"
          ]
        }
      ]
    }
  ],
  "check_results": []
}
